// !$*UTF8*$!
{
	archiveVersion = 1;
	classes = {
	};
	objectVersion = 50;
	objects = {

/* Begin PBXBuildFile section */
		11511A742531AD1000B83FAC /* AppDelegate.m in Sources */ = {isa = PBXBuildFile; fileRef = 11511A732531AD1000B83FAC /* AppDelegate.m */; };
		11511A772531AD1000B83FAC /* ViewController.m in Sources */ = {isa = PBXBuildFile; fileRef = 11511A762531AD1000B83FAC /* ViewController.m */; };
		11511A7A2531AD1000B83FAC /* Main.storyboard in Resources */ = {isa = PBXBuildFile; fileRef = 11511A782531AD1000B83FAC /* Main.storyboard */; };
		11511A7C2531AD1100B83FAC /* Assets.xcassets in Resources */ = {isa = PBXBuildFile; fileRef = 11511A7B2531AD1100B83FAC /* Assets.xcassets */; };
		11511A7F2531AD1100B83FAC /* LaunchScreen.storyboard in Resources */ = {isa = PBXBuildFile; fileRef = 11511A7D2531AD1100B83FAC /* LaunchScreen.storyboard */; };
		11511A822531AD1100B83FAC /* main.m in Sources */ = {isa = PBXBuildFile; fileRef = 11511A812531AD1100B83FAC /* main.m */; };
		11511A8C2531AD1100B83FAC /* IDbgPodsTests.m in Sources */ = {isa = PBXBuildFile; fileRef = 11511A8B2531AD1100B83FAC /* IDbgPodsTests.m */; };
		11511A972531AD1100B83FAC /* IDbgPodsUITests.m in Sources */ = {isa = PBXBuildFile; fileRef = 11511A962531AD1100B83FAC /* IDbgPodsUITests.m */; };
		11511AAB2531AEA300B83FAC /* Podfile in Resources */ = {isa = PBXBuildFile; fileRef = 11511AAA2531AEA300B83FAC /* Podfile */; };
		B83C17B13BE22F4BDD5AF491 /* libPods-IDbgPods.a in Frameworks */ = {isa = PBXBuildFile; fileRef = B647281D822FBF2340231430 /* libPods-IDbgPods.a */; };
/* End PBXBuildFile section */

/* Begin PBXContainerItemProxy section */
		11511A882531AD1100B83FAC /* PBXContainerItemProxy */ = {
			isa = PBXContainerItemProxy;
			containerPortal = 11511A672531AD1000B83FAC /* Project object */;
			proxyType = 1;
			remoteGlobalIDString = 11511A6E2531AD1000B83FAC;
			remoteInfo = IDbgPods;
		};
		11511A932531AD1100B83FAC /* PBXContainerItemProxy */ = {
			isa = PBXContainerItemProxy;
			containerPortal = 11511A672531AD1000B83FAC /* Project object */;
			proxyType = 1;
			remoteGlobalIDString = 11511A6E2531AD1000B83FAC;
			remoteInfo = IDbgPods;
		};
/* End PBXContainerItemProxy section */

/* Begin PBXFileReference section */
		11511A6F2531AD1000B83FAC /* IDbgPods.app */ = {isa = PBXFileReference; explicitFileType = wrapper.application; includeInIndex = 0; path = IDbgPods.app; sourceTree = BUILT_PRODUCTS_DIR; };
		11511A722531AD1000B83FAC /* AppDelegate.h */ = {isa = PBXFileReference; lastKnownFileType = sourcecode.c.h; path = AppDelegate.h; sourceTree = "<group>"; };
		11511A732531AD1000B83FAC /* AppDelegate.m */ = {isa = PBXFileReference; lastKnownFileType = sourcecode.c.objc; path = AppDelegate.m; sourceTree = "<group>"; };
		11511A752531AD1000B83FAC /* ViewController.h */ = {isa = PBXFileReference; lastKnownFileType = sourcecode.c.h; path = ViewController.h; sourceTree = "<group>"; };
		11511A762531AD1000B83FAC /* ViewController.m */ = {isa = PBXFileReference; lastKnownFileType = sourcecode.c.objc; path = ViewController.m; sourceTree = "<group>"; };
		11511A792531AD1000B83FAC /* Base */ = {isa = PBXFileReference; lastKnownFileType = file.storyboard; name = Base; path = Base.lproj/Main.storyboard; sourceTree = "<group>"; };
		11511A7B2531AD1100B83FAC /* Assets.xcassets */ = {isa = PBXFileReference; lastKnownFileType = folder.assetcatalog; path = Assets.xcassets; sourceTree = "<group>"; };
		11511A7E2531AD1100B83FAC /* Base */ = {isa = PBXFileReference; lastKnownFileType = file.storyboard; name = Base; path = Base.lproj/LaunchScreen.storyboard; sourceTree = "<group>"; };
		11511A802531AD1100B83FAC /* Info.plist */ = {isa = PBXFileReference; lastKnownFileType = text.plist.xml; path = Info.plist; sourceTree = "<group>"; };
		11511A812531AD1100B83FAC /* main.m */ = {isa = PBXFileReference; lastKnownFileType = sourcecode.c.objc; path = main.m; sourceTree = "<group>"; };
		11511A872531AD1100B83FAC /* IDbgPodsTests.xctest */ = {isa = PBXFileReference; explicitFileType = wrapper.cfbundle; includeInIndex = 0; path = IDbgPodsTests.xctest; sourceTree = BUILT_PRODUCTS_DIR; };
		11511A8B2531AD1100B83FAC /* IDbgPodsTests.m */ = {isa = PBXFileReference; lastKnownFileType = sourcecode.c.objc; path = IDbgPodsTests.m; sourceTree = "<group>"; };
		11511A8D2531AD1100B83FAC /* Info.plist */ = {isa = PBXFileReference; lastKnownFileType = text.plist.xml; path = Info.plist; sourceTree = "<group>"; };
		11511A922531AD1100B83FAC /* IDbgPodsUITests.xctest */ = {isa = PBXFileReference; explicitFileType = wrapper.cfbundle; includeInIndex = 0; path = IDbgPodsUITests.xctest; sourceTree = BUILT_PRODUCTS_DIR; };
		11511A962531AD1100B83FAC /* IDbgPodsUITests.m */ = {isa = PBXFileReference; lastKnownFileType = sourcecode.c.objc; path = IDbgPodsUITests.m; sourceTree = "<group>"; };
		11511A982531AD1100B83FAC /* Info.plist */ = {isa = PBXFileReference; lastKnownFileType = text.plist.xml; path = Info.plist; sourceTree = "<group>"; };
		11511AAA2531AEA300B83FAC /* Podfile */ = {isa = PBXFileReference; fileEncoding = 4; lastKnownFileType = text; path = Podfile; sourceTree = "<group>"; xcLanguageSpecificationIdentifier = xcode.lang.ruby; };
		80F854A1FD350C91906A78F3 /* Pods-IDbgPods.release.xcconfig */ = {isa = PBXFileReference; includeInIndex = 1; lastKnownFileType = text.xcconfig; name = "Pods-IDbgPods.release.xcconfig"; path = "Target Support Files/Pods-IDbgPods/Pods-IDbgPods.release.xcconfig"; sourceTree = "<group>"; };
		B647281D822FBF2340231430 /* libPods-IDbgPods.a */ = {isa = PBXFileReference; explicitFileType = archive.ar; includeInIndex = 0; path = "libPods-IDbgPods.a"; sourceTree = BUILT_PRODUCTS_DIR; };
		CD9D975836608D23D5E97002 /* Pods-IDbgPods.debug.xcconfig */ = {isa = PBXFileReference; includeInIndex = 1; lastKnownFileType = text.xcconfig; name = "Pods-IDbgPods.debug.xcconfig"; path = "Target Support Files/Pods-IDbgPods/Pods-IDbgPods.debug.xcconfig"; sourceTree = "<group>"; };
/* End PBXFileReference section */

/* Begin PBXFrameworksBuildPhase section */
		11511A6C2531AD1000B83FAC /* Frameworks */ = {
			isa = PBXFrameworksBuildPhase;
			buildActionMask = 2147483647;
			files = (
				B83C17B13BE22F4BDD5AF491 /* libPods-IDbgPods.a in Frameworks */,
			);
			runOnlyForDeploymentPostprocessing = 0;
		};
		11511A842531AD1100B83FAC /* Frameworks */ = {
			isa = PBXFrameworksBuildPhase;
			buildActionMask = 2147483647;
			files = (
			);
			runOnlyForDeploymentPostprocessing = 0;
		};
		11511A8F2531AD1100B83FAC /* Frameworks */ = {
			isa = PBXFrameworksBuildPhase;
			buildActionMask = 2147483647;
			files = (
			);
			runOnlyForDeploymentPostprocessing = 0;
		};
/* End PBXFrameworksBuildPhase section */

/* Begin PBXGroup section */
		11511A662531AD1000B83FAC = {
			isa = PBXGroup;
			children = (
				11511AAA2531AEA300B83FAC /* Podfile */,
				11511A712531AD1000B83FAC /* IDbgPods */,
				11511A8A2531AD1100B83FAC /* IDbgPodsTests */,
				11511A952531AD1100B83FAC /* IDbgPodsUITests */,
				11511A702531AD1000B83FAC /* Products */,
				46C554D5E0595240251C1717 /* Pods */,
				3D2B18C2282BE6DAB0547B00 /* Frameworks */,
			);
			sourceTree = "<group>";
		};
		11511A702531AD1000B83FAC /* Products */ = {
			isa = PBXGroup;
			children = (
				11511A6F2531AD1000B83FAC /* IDbgPods.app */,
				11511A872531AD1100B83FAC /* IDbgPodsTests.xctest */,
				11511A922531AD1100B83FAC /* IDbgPodsUITests.xctest */,
			);
			name = Products;
			sourceTree = "<group>";
		};
		11511A712531AD1000B83FAC /* IDbgPods */ = {
			isa = PBXGroup;
			children = (
				11511A722531AD1000B83FAC /* AppDelegate.h */,
				11511A732531AD1000B83FAC /* AppDelegate.m */,
				11511A752531AD1000B83FAC /* ViewController.h */,
				11511A762531AD1000B83FAC /* ViewController.m */,
				11511A782531AD1000B83FAC /* Main.storyboard */,
				11511A7B2531AD1100B83FAC /* Assets.xcassets */,
				11511A7D2531AD1100B83FAC /* LaunchScreen.storyboard */,
				11511A802531AD1100B83FAC /* Info.plist */,
				11511A812531AD1100B83FAC /* main.m */,
			);
			path = IDbgPods;
			sourceTree = "<group>";
		};
		11511A8A2531AD1100B83FAC /* IDbgPodsTests */ = {
			isa = PBXGroup;
			children = (
				11511A8B2531AD1100B83FAC /* IDbgPodsTests.m */,
				11511A8D2531AD1100B83FAC /* Info.plist */,
			);
			path = IDbgPodsTests;
			sourceTree = "<group>";
		};
		11511A952531AD1100B83FAC /* IDbgPodsUITests */ = {
			isa = PBXGroup;
			children = (
				11511A962531AD1100B83FAC /* IDbgPodsUITests.m */,
				11511A982531AD1100B83FAC /* Info.plist */,
			);
			path = IDbgPodsUITests;
			sourceTree = "<group>";
		};
		3D2B18C2282BE6DAB0547B00 /* Frameworks */ = {
			isa = PBXGroup;
			children = (
				B647281D822FBF2340231430 /* libPods-IDbgPods.a */,
			);
			name = Frameworks;
			sourceTree = "<group>";
		};
		46C554D5E0595240251C1717 /* Pods */ = {
			isa = PBXGroup;
			children = (
				CD9D975836608D23D5E97002 /* Pods-IDbgPods.debug.xcconfig */,
				80F854A1FD350C91906A78F3 /* Pods-IDbgPods.release.xcconfig */,
			);
			path = Pods;
			sourceTree = "<group>";
		};
/* End PBXGroup section */

/* Begin PBXNativeTarget section */
		11511A6E2531AD1000B83FAC /* IDbgPods */ = {
			isa = PBXNativeTarget;
			buildConfigurationList = 11511A9B2531AD1100B83FAC /* Build configuration list for PBXNativeTarget "IDbgPods" */;
			buildPhases = (
				7CDBE94A20B95480B4A8E383 /* [CP] Check Pods Manifest.lock */,
				11511A6B2531AD1000B83FAC /* Sources */,
				11511A6C2531AD1000B83FAC /* Frameworks */,
				11511A6D2531AD1000B83FAC /* Resources */,
			);
			buildRules = (
			);
			dependencies = (
			);
			name = IDbgPods;
			productName = IDbgPods;
			productReference = 11511A6F2531AD1000B83FAC /* IDbgPods.app */;
			productType = "com.apple.product-type.application";
		};
		11511A862531AD1100B83FAC /* IDbgPodsTests */ = {
			isa = PBXNativeTarget;
			buildConfigurationList = 11511A9E2531AD1100B83FAC /* Build configuration list for PBXNativeTarget "IDbgPodsTests" */;
			buildPhases = (
				11511A832531AD1100B83FAC /* Sources */,
				11511A842531AD1100B83FAC /* Frameworks */,
				11511A852531AD1100B83FAC /* Resources */,
			);
			buildRules = (
			);
			dependencies = (
				11511A892531AD1100B83FAC /* PBXTargetDependency */,
			);
			name = IDbgPodsTests;
			productName = IDbgPodsTests;
			productReference = 11511A872531AD1100B83FAC /* IDbgPodsTests.xctest */;
			productType = "com.apple.product-type.bundle.unit-test";
		};
		11511A912531AD1100B83FAC /* IDbgPodsUITests */ = {
			isa = PBXNativeTarget;
			buildConfigurationList = 11511AA12531AD1100B83FAC /* Build configuration list for PBXNativeTarget "IDbgPodsUITests" */;
			buildPhases = (
				11511A8E2531AD1100B83FAC /* Sources */,
				11511A8F2531AD1100B83FAC /* Frameworks */,
				11511A902531AD1100B83FAC /* Resources */,
			);
			buildRules = (
			);
			dependencies = (
				11511A942531AD1100B83FAC /* PBXTargetDependency */,
			);
			name = IDbgPodsUITests;
			productName = IDbgPodsUITests;
			productReference = 11511A922531AD1100B83FAC /* IDbgPodsUITests.xctest */;
			productType = "com.apple.product-type.bundle.ui-testing";
		};
/* End PBXNativeTarget section */

/* Begin PBXProject section */
		11511A672531AD1000B83FAC /* Project object */ = {
			isa = PBXProject;
			attributes = {
				LastUpgradeCheck = 1010;
				ORGANIZATIONNAME = mjzheng;
				TargetAttributes = {
					11511A6E2531AD1000B83FAC = {
						CreatedOnToolsVersion = 10.1;
					};
					11511A862531AD1100B83FAC = {
						CreatedOnToolsVersion = 10.1;
						TestTargetID = 11511A6E2531AD1000B83FAC;
					};
					11511A912531AD1100B83FAC = {
						CreatedOnToolsVersion = 10.1;
						TestTargetID = 11511A6E2531AD1000B83FAC;
					};
				};
			};
			buildConfigurationList = 11511A6A2531AD1000B83FAC /* Build configuration list for PBXProject "IDbgPods" */;
			compatibilityVersion = "Xcode 9.3";
			developmentRegion = en;
			hasScannedForEncodings = 0;
			knownRegions = (
				en,
				Base,
			);
			mainGroup = 11511A662531AD1000B83FAC;
			productRefGroup = 11511A702531AD1000B83FAC /* Products */;
			projectDirPath = "";
			projectRoot = "";
			targets = (
				11511A6E2531AD1000B83FAC /* IDbgPods */,
				11511A862531AD1100B83FAC /* IDbgPodsTests */,
				11511A912531AD1100B83FAC /* IDbgPodsUITests */,
			);
		};
/* End PBXProject section */

/* Begin PBXResourcesBuildPhase section */
		11511A6D2531AD1000B83FAC /* Resources */ = {
			isa = PBXResourcesBuildPhase;
			buildActionMask = 2147483647;
			files = (
				11511A7F2531AD1100B83FAC /* LaunchScreen.storyboard in Resources */,
				11511A7C2531AD1100B83FAC /* Assets.xcassets in Resources */,
				11511AAB2531AEA300B83FAC /* Podfile in Resources */,
				11511A7A2531AD1000B83FAC /* Main.storyboard in Resources */,
			);
			runOnlyForDeploymentPostprocessing = 0;
		};
		11511A852531AD1100B83FAC /* Resources */ = {
			isa = PBXResourcesBuildPhase;
			buildActionMask = 2147483647;
			files = (
			);
			runOnlyForDeploymentPostprocessing = 0;
		};
		11511A902531AD1100B83FAC /* Resources */ = {
			isa = PBXResourcesBuildPhase;
			buildActionMask = 2147483647;
			files = (
			);
			runOnlyForDeploymentPostprocessing = 0;
		};
/* End PBXResourcesBuildPhase section */

/* Begin PBXShellScriptBuildPhase section */
		7CDBE94A20B95480B4A8E383 /* [CP] Check Pods Manifest.lock */ = {
			isa = PBXShellScriptBuildPhase;
			buildActionMask = 2147483647;
			files = (
			);
			inputFileListPaths = (
			);
			inputPaths = (
				"${PODS_PODFILE_DIR_PATH}/Podfile.lock",
				"${PODS_ROOT}/Manifest.lock",
			);
			name = "[CP] Check Pods Manifest.lock";
			outputFileListPaths = (
			);
			outputPaths = (
				"$(DERIVED_FILE_DIR)/Pods-IDbgPods-checkManifestLockResult.txt",
			);
			runOnlyForDeploymentPostprocessing = 0;
			shellPath = /bin/sh;
			shellScript = "diff \"${PODS_PODFILE_DIR_PATH}/Podfile.lock\" \"${PODS_ROOT}/Manifest.lock\" > /dev/null\nif [ $? != 0 ] ; then\n    # print error to STDERR\n    echo \"error: The sandbox is not in sync with the Podfile.lock. Run 'pod install' or update your CocoaPods installation.\" >&2\n    exit 1\nfi\n# This output is used by Xcode 'outputs' to avoid re-running this script phase.\necho \"SUCCESS\" > \"${SCRIPT_OUTPUT_FILE_0}\"\n";
			showEnvVarsInLog = 0;
		};
/* End PBXShellScriptBuildPhase section */

/* Begin PBXSourcesBuildPhase section */
		11511A6B2531AD1000B83FAC /* Sources */ = {
			isa = PBXSourcesBuildPhase;
			buildActionMask = 2147483647;
			files = (
				11511A772531AD1000B83FAC /* ViewController.m in Sources */,
				11511A822531AD1100B83FAC /* main.m in Sources */,
				11511A742531AD1000B83FAC /* AppDelegate.m in Sources */,
			);
			runOnlyForDeploymentPostprocessing = 0;
		};
		11511A832531AD1100B83FAC /* Sources */ = {
			isa = PBXSourcesBuildPhase;
			buildActionMask = 2147483647;
			files = (
				11511A8C2531AD1100B83FAC /* IDbgPodsTests.m in Sources */,
			);
			runOnlyForDeploymentPostprocessing = 0;
		};
		11511A8E2531AD1100B83FAC /* Sources */ = {
			isa = PBXSourcesBuildPhase;
			buildActionMask = 2147483647;
			files = (
				11511A972531AD1100B83FAC /* IDbgPodsUITests.m in Sources */,
			);
			runOnlyForDeploymentPostprocessing = 0;
		};
/* End PBXSourcesBuildPhase section */

/* Begin PBXTargetDependency section */
		11511A892531AD1100B83FAC /* PBXTargetDependency */ = {
			isa = PBXTargetDependency;
			target = 11511A6E2531AD1000B83FAC /* IDbgPods */;
			targetProxy = 11511A882531AD1100B83FAC /* PBXContainerItemProxy */;
		};
		11511A942531AD1100B83FAC /* PBXTargetDependency */ = {
			isa = PBXTargetDependency;
			target = 11511A6E2531AD1000B83FAC /* IDbgPods */;
			targetProxy = 11511A932531AD1100B83FAC /* PBXContainerItemProxy */;
		};
/* End PBXTargetDependency section */

/* Begin PBXVariantGroup section */
		11511A782531AD1000B83FAC /* Main.storyboard */ = {
			isa = PBXVariantGroup;
			children = (
				11511A792531AD1000B83FAC /* Base */,
			);
			name = Main.storyboard;
			sourceTree = "<group>";
		};
		11511A7D2531AD1100B83FAC /* LaunchScreen.storyboard */ = {
			isa = PBXVariantGroup;
			children = (
				11511A7E2531AD1100B83FAC /* Base */,
			);
			name = LaunchScreen.storyboard;
			sourceTree = "<group>";
		};
/* End PBXVariantGroup section */

/* Begin XCBuildConfiguration section */
		11511A992531AD1100B83FAC /* Debug */ = {
			isa = XCBuildConfiguration;
			buildSettings = {
				ALWAYS_SEARCH_USER_PATHS = NO;
				CLANG_ANALYZER_NONNULL = YES;
				CLANG_ANALYZER_NUMBER_OBJECT_CONVERSION = YES_AGGRESSIVE;
				CLANG_CXX_LANGUAGE_STANDARD = "gnu++14";
				CLANG_CXX_LIBRARY = "libc++";
				CLANG_ENABLE_MODULES = YES;
				CLANG_ENABLE_OBJC_ARC = YES;
				CLANG_ENABLE_OBJC_WEAK = YES;
				CLANG_WARN_BLOCK_CAPTURE_AUTORELEASING = YES;
				CLANG_WARN_BOOL_CONVERSION = YES;
				CLANG_WARN_COMMA = YES;
				CLANG_WARN_CONSTANT_CONVERSION = YES;
				CLANG_WARN_DEPRECATED_OBJC_IMPLEMENTATIONS = YES;
				CLANG_WARN_DIRECT_OBJC_ISA_USAGE = YES_ERROR;
				CLANG_WARN_DOCUMENTATION_COMMENTS = YES;
				CLANG_WARN_EMPTY_BODY = YES;
				CLANG_WARN_ENUM_CONVERSION = YES;
				CLANG_WARN_INFINITE_RECURSION = YES;
				CLANG_WARN_INT_CONVERSION = YES;
				CLANG_WARN_NON_LITERAL_NULL_CONVERSION = YES;
				CLANG_WARN_OBJC_IMPLICIT_RETAIN_SELF = YES;
				CLANG_WARN_OBJC_LITERAL_CONVERSION = YES;
				CLANG_WARN_OBJC_ROOT_CLASS = YES_ERROR;
				CLANG_WARN_RANGE_LOOP_ANALYSIS = YES;
				CLANG_WARN_STRICT_PROTOTYPES = YES;
				CLANG_WARN_SUSPICIOUS_MOVE = YES;
				CLANG_WARN_UNGUARDED_AVAILABILITY = YES_AGGRESSIVE;
				CLANG_WARN_UNREACHABLE_CODE = YES;
				CLANG_WARN__DUPLICATE_METHOD_MATCH = YES;
				CODE_SIGN_IDENTITY = "iPhone Developer";
				COPY_PHASE_STRIP = NO;
				DEBUG_INFORMATION_FORMAT = dwarf;
				ENABLE_STRICT_OBJC_MSGSEND = YES;
				ENABLE_TESTABILITY = YES;
				GCC_C_LANGUAGE_STANDARD = gnu11;
				GCC_DYNAMIC_NO_PIC = NO;
				GCC_NO_COMMON_BLOCKS = YES;
				GCC_OPTIMIZATION_LEVEL = 0;
				GCC_PREPROCESSOR_DEFINITIONS = (
					"DEBUG=1",
					"$(inherited)",
				);
				GCC_WARN_64_TO_32_BIT_CONVERSION = YES;
				GCC_WARN_ABOUT_RETURN_TYPE = YES_ERROR;
				GCC_WARN_UNDECLARED_SELECTOR = YES;
				GCC_WARN_UNINITIALIZED_AUTOS = YES_AGGRESSIVE;
				GCC_WARN_UNUSED_FUNCTION = YES;
				GCC_WARN_UNUSED_VARIABLE = YES;
				IPHONEOS_DEPLOYMENT_TARGET = 12.1;
				MTL_ENABLE_DEBUG_INFO = INCLUDE_SOURCE;
				MTL_FAST_MATH = YES;
				ONLY_ACTIVE_ARCH = YES;
				SDKROOT = iphoneos;
			};
			name = Debug;
		};
		11511A9A2531AD1100B83FAC /* Release */ = {
			isa = XCBuildConfiguration;
			buildSettings = {
				ALWAYS_SEARCH_USER_PATHS = NO;
				CLANG_ANALYZER_NONNULL = YES;
				CLANG_ANALYZER_NUMBER_OBJECT_CONVERSION = YES_AGGRESSIVE;
				CLANG_CXX_LANGUAGE_STANDARD = "gnu++14";
				CLANG_CXX_LIBRARY = "libc++";
				CLANG_ENABLE_MODULES = YES;
				CLANG_ENABLE_OBJC_ARC = YES;
				CLANG_ENABLE_OBJC_WEAK = YES;
				CLANG_WARN_BLOCK_CAPTURE_AUTORELEASING = YES;
				CLANG_WARN_BOOL_CONVERSION = YES;
				CLANG_WARN_COMMA = YES;
				CLANG_WARN_CONSTANT_CONVERSION = YES;
				CLANG_WARN_DEPRECATED_OBJC_IMPLEMENTATIONS = YES;
				CLANG_WARN_DIRECT_OBJC_ISA_USAGE = YES_ERROR;
				CLANG_WARN_DOCUMENTATION_COMMENTS = YES;
				CLANG_WARN_EMPTY_BODY = YES;
				CLANG_WARN_ENUM_CONVERSION = YES;
				CLANG_WARN_INFINITE_RECURSION = YES;
				CLANG_WARN_INT_CONVERSION = YES;
				CLANG_WARN_NON_LITERAL_NULL_CONVERSION = YES;
				CLANG_WARN_OBJC_IMPLICIT_RETAIN_SELF = YES;
				CLANG_WARN_OBJC_LITERAL_CONVERSION = YES;
				CLANG_WARN_OBJC_ROOT_CLASS = YES_ERROR;
				CLANG_WARN_RANGE_LOOP_ANALYSIS = YES;
				CLANG_WARN_STRICT_PROTOTYPES = YES;
				CLANG_WARN_SUSPICIOUS_MOVE = YES;
				CLANG_WARN_UNGUARDED_AVAILABILITY = YES_AGGRESSIVE;
				CLANG_WARN_UNREACHABLE_CODE = YES;
				CLANG_WARN__DUPLICATE_METHOD_MATCH = YES;
				CODE_SIGN_IDENTITY = "iPhone Developer";
				COPY_PHASE_STRIP = NO;
				DEBUG_INFORMATION_FORMAT = "dwarf-with-dsym";
				ENABLE_NS_ASSERTIONS = NO;
				ENABLE_STRICT_OBJC_MSGSEND = YES;
				GCC_C_LANGUAGE_STANDARD = gnu11;
				GCC_NO_COMMON_BLOCKS = YES;
				GCC_WARN_64_TO_32_BIT_CONVERSION = YES;
				GCC_WARN_ABOUT_RETURN_TYPE = YES_ERROR;
				GCC_WARN_UNDECLARED_SELECTOR = YES;
				GCC_WARN_UNINITIALIZED_AUTOS = YES_AGGRESSIVE;
				GCC_WARN_UNUSED_FUNCTION = YES;
				GCC_WARN_UNUSED_VARIABLE = YES;
				IPHONEOS_DEPLOYMENT_TARGET = 12.1;
				MTL_ENABLE_DEBUG_INFO = NO;
				MTL_FAST_MATH = YES;
				SDKROOT = iphoneos;
				VALIDATE_PRODUCT = YES;
			};
			name = Release;
		};
		11511A9C2531AD1100B83FAC /* Debug */ = {
			isa = XCBuildConfiguration;
			baseConfigurationReference = CD9D975836608D23D5E97002 /* Pods-IDbgPods.debug.xcconfig */;
			buildSettings = {
				ASSETCATALOG_COMPILER_APPICON_NAME = AppIcon;
				CODE_SIGN_STYLE = Automatic;
				DEVELOPMENT_TEAM = 3C948DA9P6;
				HEADER_SEARCH_PATHS = (
					"$(inherited)",
					"\"${PODS_ROOT}/Headers/Public\"",
					"\"${PODS_ROOT}/Headers/Public/AFNetworking\"",
					"\"${PODS_ROOT}/IDbg/IDbg.framework/Headers",
				);
				INFOPLIST_FILE = IDbgPods/Info.plist;
				IPHONEOS_DEPLOYMENT_TARGET = 10.0;
				LD_RUNPATH_SEARCH_PATHS = (
					"$(inherited)",
					"@executable_path/Frameworks",
				);
				PRODUCT_BUNDLE_IDENTIFIER = com.mj.IDbgPods;
				PRODUCT_NAME = "$(TARGET_NAME)";
				TARGETED_DEVICE_FAMILY = "1,2";
			};
			name = Debug;
		};
		11511A9D2531AD1100B83FAC /* Release */ = {
			isa = XCBuildConfiguration;
			baseConfigurationReference = 80F854A1FD350C91906A78F3 /* Pods-IDbgPods.release.xcconfig */;
			buildSettings = {
				ASSETCATALOG_COMPILER_APPICON_NAME = AppIcon;
				CODE_SIGN_STYLE = Automatic;
				DEVELOPMENT_TEAM = 3C948DA9P6;
				HEADER_SEARCH_PATHS = (
					"$(inherited)",
					"\"${PODS_ROOT}/Headers/Public\"",
					"\"${PODS_ROOT}/Headers/Public/AFNetworking\"",
					"\"${PODS_ROOT}/IDbg/IDbg.framework/Headers",
				);
				INFOPLIST_FILE = IDbgPods/Info.plist;
				IPHONEOS_DEPLOYMENT_TARGET = 10.0;
				LD_RUNPATH_SEARCH_PATHS = (
					"$(inherited)",
					"@executable_path/Frameworks",
				);
				PRODUCT_BUNDLE_IDENTIFIER = com.mj.IDbgPods;
				PRODUCT_NAME = "$(TARGET_NAME)";
				TARGETED_DEVICE_FAMILY = "1,2";
			};
			name = Release;
		};
		11511A9F2531AD1100B83FAC /* Debug */ = {
			isa = XCBuildConfiguration;
			buildSettings = {
				BUNDLE_LOADER = "$(TEST_HOST)";
				CODE_SIGN_STYLE = Automatic;
				DEVELOPMENT_TEAM = 3C948DA9P6;
				INFOPLIST_FILE = IDbgPodsTests/Info.plist;
				LD_RUNPATH_SEARCH_PATHS = (
					"$(inherited)",
					"@executable_path/Frameworks",
					"@loader_path/Frameworks",
				);
				PRODUCT_BUNDLE_IDENTIFIER = com.mj.IDbgPodsTests;
				PRODUCT_NAME = "$(TARGET_NAME)";
				TARGETED_DEVICE_FAMILY = "1,2";
				TEST_HOST = "$(BUILT_PRODUCTS_DIR)/IDbgPods.app/IDbgPods";
			};
			name = Debug;
		};
		11511AA02531AD1100B83FAC /* Release */ = {
			isa = XCBuildConfiguration;
			buildSettings = {
				BUNDLE_LOADER = "$(TEST_HOST)";
				CODE_SIGN_STYLE = Automatic;
				DEVELOPMENT_TEAM = 3C948DA9P6;
				INFOPLIST_FILE = IDbgPodsTests/Info.plist;
				LD_RUNPATH_SEARCH_PATHS = (
					"$(inherited)",
					"@executable_path/Frameworks",
					"@loader_path/Frameworks",
				);
				PRODUCT_BUNDLE_IDENTIFIER = com.mj.IDbgPodsTests;
				PRODUCT_NAME = "$(TARGET_NAME)";
				TARGETED_DEVICE_FAMILY = "1,2";
				TEST_HOST = "$(BUILT_PRODUCTS_DIR)/IDbgPods.app/IDbgPods";
			};
			name = Release;
		};
		11511AA22531AD1100B83FAC /* Debug */ = {
			isa = XCBuildConfiguration;
			buildSettings = {
				CODE_SIGN_STYLE = Automatic;
				DEVELOPMENT_TEAM = 3C948DA9P6;
				INFOPLIST_FILE = IDbgPodsUITests/Info.plist;
				LD_RUNPATH_SEARCH_PATHS = (
					"$(inherited)",
					"@executable_path/Frameworks",
					"@loader_path/Frameworks",
				);
				PRODUCT_BUNDLE_IDENTIFIER = com.mj.IDbgPodsUITests;
				PRODUCT_NAME = "$(TARGET_NAME)";
				TARGETED_DEVICE_FAMILY = "1,2";
				TEST_TARGET_NAME = IDbgPods;
			};
			name = Debug;
		};
		11511AA32531AD1100B83FAC /* Release */ = {
			isa = XCBuildConfiguration;
			buildSettings = {
				CODE_SIGN_STYLE = Automatic;
				DEVELOPMENT_TEAM = 3C948DA9P6;
				INFOPLIST_FILE = IDbgPodsUITests/Info.plist;
				LD_RUNPATH_SEARCH_PATHS = (
					"$(inherited)",
					"@executable_path/Frameworks",
					"@loader_path/Frameworks",
				);
				PRODUCT_BUNDLE_IDENTIFIER = com.mj.IDbgPodsUITests;
				PRODUCT_NAME = "$(TARGET_NAME)";
				TARGETED_DEVICE_FAMILY = "1,2";
				TEST_TARGET_NAME = IDbgPods;
			};
			name = Release;
		};
/* End XCBuildConfiguration section */

/* Begin XCConfigurationList section */
		11511A6A2531AD1000B83FAC /* Build configuration list for PBXProject "IDbgPods" */ = {
			isa = XCConfigurationList;
			buildConfigurations = (
				11511A992531AD1100B83FAC /* Debug */,
				11511A9A2531AD1100B83FAC /* Release */,
			);
			defaultConfigurationIsVisible = 0;
			defaultConfigurationName = Release;
		};
		11511A9B2531AD1100B83FAC /* Build configuration list for PBXNativeTarget "IDbgPods" */ = {
			isa = XCConfigurationList;
			buildConfigurations = (
				11511A9C2531AD1100B83FAC /* Debug */,
				11511A9D2531AD1100B83FAC /* Release */,
			);
			defaultConfigurationIsVisible = 0;
			defaultConfigurationName = Release;
		};
		11511A9E2531AD1100B83FAC /* Build configuration list for PBXNativeTarget "IDbgPodsTests" */ = {
			isa = XCConfigurationList;
			buildConfigurations = (
				11511A9F2531AD1100B83FAC /* Debug */,
				11511AA02531AD1100B83FAC /* Release */,
			);
			defaultConfigurationIsVisible = 0;
			defaultConfigurationName = Release;
		};
		11511AA12531AD1100B83FAC /* Build configuration list for PBXNativeTarget "IDbgPodsUITests" */ = {
			isa = XCConfigurationList;
			buildConfigurations = (
				11511AA22531AD1100B83FAC /* Debug */,
				11511AA32531AD1100B83FAC /* Release */,
			);
			defaultConfigurationIsVisible = 0;
			defaultConfigurationName = Release;
		};
/* End XCConfigurationList section */
	};
	rootObject = 11511A672531AD1000B83FAC /* Project object */;
}
