// !$*UTF8*$!
{
	archiveVersion = 1;
	classes = {
	};
	objectVersion = 46;
	objects = {

/* Begin PBXAggregateTarget section */
		24B34D9019004C2F854AABD9 /* ALL_BUILD */ = {
			isa = PBXAggregateTarget;
			buildConfigurationList = A4E30E297BC04D4DBD23B530 /* Build configuration list for PBXAggregateTarget "ALL_BUILD" */;
			buildPhases = (
				35404CCCAE5C42E9841C589E /* CMake Rules */,
			);
			dependencies = (
				D2BA0FF217C149678B2182BB /* PBXTargetDependency */,
				D634C0F37BFD41A482FEE465 /* PBXTargetDependency */,
			);
			name = ALL_BUILD;
			productName = ALL_BUILD;
		};
		EB11B50665E64DBCA0108940 /* IDbg-auto */ = {
			isa = PBXAggregateTarget;
			buildConfigurationList = 62B6B34A944E40E1ABA6F676 /* Build configuration list for PBXAggregateTarget "IDbg-auto" */;
			buildPhases = (
				80C5104F3B294EAF96E1FFA3 /* CMake PostBuild Rules */,
			);
			dependencies = (
				DA69A2A8EE7148309CFFFD3E /* PBXTargetDependency */,
			);
			name = "IDbg-auto";
			productName = "IDbg-auto";
		};
		F8E960C61804426ABC33739F /* ZERO_CHECK */ = {
			isa = PBXAggregateTarget;
			buildConfigurationList = 4F1FF8495AED44B4846D5308 /* Build configuration list for PBXAggregateTarget "ZERO_CHECK" */;
			buildPhases = (
				44DF3375E4A1424DBACC4F52 /* CMake Rules */,
			);
			dependencies = (
			);
			name = ZERO_CHECK;
			productName = ZERO_CHECK;
		};
/* End PBXAggregateTarget section */

/* Begin PBXBuildFile section */
		13E5471F88684A9A8BD21C90 /* /Users/mjzheng/Documents/mj_git/oc-sample/IDbg/IDbg/thread_model.cc */ = {isa = PBXBuildFile; fileRef = 0F3D643DCD4D41C283E2E1A3 /* /Users/mjzheng/Documents/mj_git/oc-sample/IDbg/IDbg/thread_model.cc */; };
		2C0E602F2BD9441EBA4FA093 /* /Users/mjzheng/Documents/mj_git/oc-sample/IDbg/IDbg/thread_cpu_info.h */ = {isa = PBXBuildFile; fileRef = D5543D3ACD344A4C8B372054 /* /Users/mjzheng/Documents/mj_git/oc-sample/IDbg/IDbg/thread_cpu_info.h */; settings = {ATTRIBUTES = (Public); }; };
		3A1AD88B66B44C079F93B189 /* /Users/mjzheng/Documents/mj_git/oc-sample/IDbg/IDbg/CMakeLists.txt */ = {isa = PBXBuildFile; fileRef = 30F5202301C74DE6B47AF156 /* /Users/mjzheng/Documents/mj_git/oc-sample/IDbg/IDbg/CMakeLists.txt */; };
		46C21164FD3F43878D8E9286 /* /Users/mjzheng/Documents/mj_git/oc-sample/IDbg/IDbg/thread_model.h */ = {isa = PBXBuildFile; fileRef = 4D999234960E4269A63A9AB8 /* /Users/mjzheng/Documents/mj_git/oc-sample/IDbg/IDbg/thread_model.h */; settings = {ATTRIBUTES = (Public); }; };
		7DB8C3BD3DA64B83BD0EAAB0 /* /Users/mjzheng/Documents/mj_git/oc-sample/IDbg/IDbg/ks_dynamic_linker.c */ = {isa = PBXBuildFile; fileRef = 4557205563B04B9BA18DE37E /* /Users/mjzheng/Documents/mj_git/oc-sample/IDbg/IDbg/ks_dynamic_linker.c */; };
		7FA1CA890060457295454E9B /* /Users/mjzheng/Documents/mj_git/oc-sample/IDbg/IDbg/mini_dump_file.cc */ = {isa = PBXBuildFile; fileRef = 31DFA5232C2943949347CE00 /* /Users/mjzheng/Documents/mj_git/oc-sample/IDbg/IDbg/mini_dump_file.cc */; };
		98D15DB2B9E542D383B0DA76 /* /Users/mjzheng/Documents/mj_git/oc-sample/IDbg/IDbg/sys_util.mm */ = {isa = PBXBuildFile; fileRef = 2623BFDD579B4BA8B8B9DE20 /* /Users/mjzheng/Documents/mj_git/oc-sample/IDbg/IDbg/sys_util.mm */; };
		B4D4530BF7C04063A9BCB89D /* /Users/mjzheng/Documents/mj_git/oc-sample/IDbg/project/ios/IDbg/CMakeFiles/IDbg.dir/Info.plist */ = {isa = PBXBuildFile; fileRef = F084BD5B1771494BBA30FEF7 /* /Users/mjzheng/Documents/mj_git/oc-sample/IDbg/project/ios/IDbg/CMakeFiles/IDbg.dir/Info.plist */; };
		B82BA0B0AA124C0C8DAD2B7E /* /Users/mjzheng/Documents/mj_git/oc-sample/IDbg/IDbg/thread_cpu_info.cc */ = {isa = PBXBuildFile; fileRef = 83DEFABF44934D21ADDAA4A5 /* /Users/mjzheng/Documents/mj_git/oc-sample/IDbg/IDbg/thread_cpu_info.cc */; };
		C5B7379383854F32B61D18AF /* /Users/mjzheng/Documents/mj_git/oc-sample/IDbg/IDbg/mini_dump_file.h */ = {isa = PBXBuildFile; fileRef = 83D81BFA2C234C5183760914 /* /Users/mjzheng/Documents/mj_git/oc-sample/IDbg/IDbg/mini_dump_file.h */; settings = {ATTRIBUTES = (Public); }; };
		EAB68500C4544C61A59FFF51 /* /Users/mjzheng/Documents/mj_git/oc-sample/IDbg/IDbg/sys_util.cc */ = {isa = PBXBuildFile; fileRef = 253A6B4D44FA495BAA531A5D /* /Users/mjzheng/Documents/mj_git/oc-sample/IDbg/IDbg/sys_util.cc */; };
/* End PBXBuildFile section */

/* Begin PBXBuildStyle section */
		2C2A7914EDEB4EBB9844063D /* RelWithDebInfo */ = {
			isa = PBXBuildStyle;
			buildSettings = {
				COPY_PHASE_STRIP = NO;
			};
			name = RelWithDebInfo;
		};
		651BA3AE6E374720BE6F7ED6 /* MinSizeRel */ = {
			isa = PBXBuildStyle;
			buildSettings = {
				COPY_PHASE_STRIP = NO;
			};
			name = MinSizeRel;
		};
		6EA8718D89574E4D87F5761E /* Release */ = {
			isa = PBXBuildStyle;
			buildSettings = {
				COPY_PHASE_STRIP = NO;
			};
			name = Release;
		};
		C1D686711F5C4C289F922039 /* Debug */ = {
			isa = PBXBuildStyle;
			buildSettings = {
				COPY_PHASE_STRIP = NO;
			};
			name = Debug;
		};
/* End PBXBuildStyle section */

/* Begin PBXContainerItemProxy section */
		14BB54D0A984429C94D00B92 /* PBXContainerItemProxy */ = {
			isa = PBXContainerItemProxy;
			containerPortal = C50B1671B0F34F02AF0CCA9B /* Project object */;
			proxyType = 1;
			remoteGlobalIDString = 7B5B49C8CC5641FFA55A63E9;
			remoteInfo = IDbg;
		};
		3B77738A28AE4626BFC4192A /* PBXContainerItemProxy */ = {
			isa = PBXContainerItemProxy;
			containerPortal = C50B1671B0F34F02AF0CCA9B /* Project object */;
			proxyType = 1;
			remoteGlobalIDString = F8E960C61804426ABC33739F;
			remoteInfo = ZERO_CHECK;
		};
		8C1141D032124596A557112F /* PBXContainerItemProxy */ = {
			isa = PBXContainerItemProxy;
			containerPortal = C50B1671B0F34F02AF0CCA9B /* Project object */;
			proxyType = 1;
			remoteGlobalIDString = F8E960C61804426ABC33739F;
			remoteInfo = ZERO_CHECK;
		};
		9780FB21647443ABAC5AF43C /* PBXContainerItemProxy */ = {
			isa = PBXContainerItemProxy;
			containerPortal = C50B1671B0F34F02AF0CCA9B /* Project object */;
			proxyType = 1;
			remoteGlobalIDString = F8E960C61804426ABC33739F;
			remoteInfo = ZERO_CHECK;
		};
/* End PBXContainerItemProxy section */

/* Begin PBXFileReference section */
		056CF852CA9940059F2BD481 /* IDbg */ = {isa = PBXFileReference; explicitFileType = wrapper.framework; path = IDbg.framework/IDbg; sourceTree = BUILT_PRODUCTS_DIR; };
		0F3D643DCD4D41C283E2E1A3 /* /Users/mjzheng/Documents/mj_git/oc-sample/IDbg/IDbg/thread_model.cc */ = {isa = PBXFileReference; explicitFileType = sourcecode.cpp.cpp; fileEncoding = 4; name = thread_model.cc; path = thread_model.cc; sourceTree = SOURCE_ROOT; };
		24A78FAE6C5C43DEA5A57A0E /* /Users/mjzheng/Documents/mj_git/oc-sample/IDbg/IDbg/CMakeLists.txt */ = {isa = PBXFileReference; explicitFileType = sourcecode.text; fileEncoding = 4; name = CMakeLists.txt; path = CMakeLists.txt; sourceTree = SOURCE_ROOT; };
		253A6B4D44FA495BAA531A5D /* /Users/mjzheng/Documents/mj_git/oc-sample/IDbg/IDbg/sys_util.cc */ = {isa = PBXFileReference; explicitFileType = sourcecode.cpp.cpp; fileEncoding = 4; name = sys_util.cc; path = sys_util.cc; sourceTree = SOURCE_ROOT; };
		2623BFDD579B4BA8B8B9DE20 /* /Users/mjzheng/Documents/mj_git/oc-sample/IDbg/IDbg/sys_util.mm */ = {isa = PBXFileReference; explicitFileType = sourcecode.cpp.objcpp; fileEncoding = 4; name = sys_util.mm; path = sys_util.mm; sourceTree = SOURCE_ROOT; };
		30F5202301C74DE6B47AF156 /* /Users/mjzheng/Documents/mj_git/oc-sample/IDbg/IDbg/CMakeLists.txt */ = {isa = PBXFileReference; explicitFileType = sourcecode.text; fileEncoding = 4; name = CMakeLists.txt; path = CMakeLists.txt; sourceTree = SOURCE_ROOT; };
		31DFA5232C2943949347CE00 /* /Users/mjzheng/Documents/mj_git/oc-sample/IDbg/IDbg/mini_dump_file.cc */ = {isa = PBXFileReference; explicitFileType = sourcecode.cpp.cpp; fileEncoding = 4; name = mini_dump_file.cc; path = mini_dump_file.cc; sourceTree = SOURCE_ROOT; };
		4557205563B04B9BA18DE37E /* /Users/mjzheng/Documents/mj_git/oc-sample/IDbg/IDbg/ks_dynamic_linker.c */ = {isa = PBXFileReference; explicitFileType = sourcecode.c.c; fileEncoding = 4; name = ks_dynamic_linker.c; path = ks_dynamic_linker.c; sourceTree = SOURCE_ROOT; };
		4D999234960E4269A63A9AB8 /* /Users/mjzheng/Documents/mj_git/oc-sample/IDbg/IDbg/thread_model.h */ = {isa = PBXFileReference; explicitFileType = sourcecode.c.h; fileEncoding = 4; name = thread_model.h; path = thread_model.h; sourceTree = SOURCE_ROOT; };
		539121D190B14D0398FAFDFA /* /Users/mjzheng/Documents/mj_git/oc-sample/IDbg/IDbg/CMakeLists.txt */ = {isa = PBXFileReference; explicitFileType = sourcecode.text; fileEncoding = 4; name = CMakeLists.txt; path = CMakeLists.txt; sourceTree = SOURCE_ROOT; };
		83D81BFA2C234C5183760914 /* /Users/mjzheng/Documents/mj_git/oc-sample/IDbg/IDbg/mini_dump_file.h */ = {isa = PBXFileReference; explicitFileType = sourcecode.c.h; fileEncoding = 4; name = mini_dump_file.h; path = mini_dump_file.h; sourceTree = SOURCE_ROOT; };
		83DEFABF44934D21ADDAA4A5 /* /Users/mjzheng/Documents/mj_git/oc-sample/IDbg/IDbg/thread_cpu_info.cc */ = {isa = PBXFileReference; explicitFileType = sourcecode.cpp.cpp; fileEncoding = 4; name = thread_cpu_info.cc; path = thread_cpu_info.cc; sourceTree = SOURCE_ROOT; };
		D5543D3ACD344A4C8B372054 /* /Users/mjzheng/Documents/mj_git/oc-sample/IDbg/IDbg/thread_cpu_info.h */ = {isa = PBXFileReference; explicitFileType = sourcecode.c.h; fileEncoding = 4; name = thread_cpu_info.h; path = thread_cpu_info.h; sourceTree = SOURCE_ROOT; };
		F084BD5B1771494BBA30FEF7 /* /Users/mjzheng/Documents/mj_git/oc-sample/IDbg/project/ios/IDbg/CMakeFiles/IDbg.dir/Info.plist */ = {isa = PBXFileReference; explicitFileType = sourcecode.text.plist; fileEncoding = 4; name = Info.plist; path = ../project/ios/IDbg/CMakeFiles/IDbg.dir/Info.plist; sourceTree = SOURCE_ROOT; };
/* End PBXFileReference section */

/* Begin PBXGroup section */
		04DBB7E5CAA8467A9DA1344D /* CMake Rules */ = {
			isa = PBXGroup;
			children = (
			);
			name = "CMake Rules";
			sourceTree = "<group>";
		};
		5D315EF51D9044FCAE48560D /* Products */ = {
			isa = PBXGroup;
			children = (
				056CF852CA9940059F2BD481 /* IDbg */,
			);
			name = Products;
			sourceTree = "<group>";
		};
		65699AEDB9F442BBB54355DD = {
			isa = PBXGroup;
			children = (
				7A26E1A72E3444AEBE9FB3F9 /* IDbg-auto */,
				C749D76A9D45413390BA2176 /* IDbg */,
				AA78BE37821D47DAB0C419EC /* ALL_BUILD */,
				5D315EF51D9044FCAE48560D /* Products */,
			);
			sourceTree = "<group>";
		};
		7A26E1A72E3444AEBE9FB3F9 /* IDbg-auto */ = {
			isa = PBXGroup;
			children = (
				24A78FAE6C5C43DEA5A57A0E /* /Users/mjzheng/Documents/mj_git/oc-sample/IDbg/IDbg/CMakeLists.txt */,
			);
			name = "IDbg-auto";
			sourceTree = "<group>";
		};
		8E45A7BD5ADC41C9849319FD /* Header Files */ = {
			isa = PBXGroup;
			children = (
				83D81BFA2C234C5183760914 /* /Users/mjzheng/Documents/mj_git/oc-sample/IDbg/IDbg/mini_dump_file.h */,
				D5543D3ACD344A4C8B372054 /* /Users/mjzheng/Documents/mj_git/oc-sample/IDbg/IDbg/thread_cpu_info.h */,
				4D999234960E4269A63A9AB8 /* /Users/mjzheng/Documents/mj_git/oc-sample/IDbg/IDbg/thread_model.h */,
			);
			name = "Header Files";
			sourceTree = "<group>";
		};
		8F66A8737E434E389E1E36C4 /* Resources */ = {
			isa = PBXGroup;
			children = (
				F084BD5B1771494BBA30FEF7 /* /Users/mjzheng/Documents/mj_git/oc-sample/IDbg/project/ios/IDbg/CMakeFiles/IDbg.dir/Info.plist */,
			);
			name = Resources;
			sourceTree = "<group>";
		};
		AA78BE37821D47DAB0C419EC /* ALL_BUILD */ = {
			isa = PBXGroup;
			children = (
				04DBB7E5CAA8467A9DA1344D /* CMake Rules */,
				539121D190B14D0398FAFDFA /* /Users/mjzheng/Documents/mj_git/oc-sample/IDbg/IDbg/CMakeLists.txt */,
			);
			name = ALL_BUILD;
			sourceTree = "<group>";
		};
		C749D76A9D45413390BA2176 /* IDbg */ = {
			isa = PBXGroup;
			children = (
				E38C604A6033426B9D08F08A /* Source Files */,
				8E45A7BD5ADC41C9849319FD /* Header Files */,
				8F66A8737E434E389E1E36C4 /* Resources */,
				30F5202301C74DE6B47AF156 /* /Users/mjzheng/Documents/mj_git/oc-sample/IDbg/IDbg/CMakeLists.txt */,
			);
			name = IDbg;
			sourceTree = "<group>";
		};
		E38C604A6033426B9D08F08A /* Source Files */ = {
			isa = PBXGroup;
			children = (
				4557205563B04B9BA18DE37E /* /Users/mjzheng/Documents/mj_git/oc-sample/IDbg/IDbg/ks_dynamic_linker.c */,
				31DFA5232C2943949347CE00 /* /Users/mjzheng/Documents/mj_git/oc-sample/IDbg/IDbg/mini_dump_file.cc */,
				253A6B4D44FA495BAA531A5D /* /Users/mjzheng/Documents/mj_git/oc-sample/IDbg/IDbg/sys_util.cc */,
				2623BFDD579B4BA8B8B9DE20 /* /Users/mjzheng/Documents/mj_git/oc-sample/IDbg/IDbg/sys_util.mm */,
				83DEFABF44934D21ADDAA4A5 /* /Users/mjzheng/Documents/mj_git/oc-sample/IDbg/IDbg/thread_cpu_info.cc */,
				0F3D643DCD4D41C283E2E1A3 /* /Users/mjzheng/Documents/mj_git/oc-sample/IDbg/IDbg/thread_model.cc */,
			);
			name = "Source Files";
			sourceTree = "<group>";
		};
/* End PBXGroup section */

/* Begin PBXHeadersBuildPhase section */
		994A543F6C0744059C1E74F9 /* Headers */ = {
			isa = PBXHeadersBuildPhase;
			buildActionMask = 2147483647;
			files = (
				C5B7379383854F32B61D18AF /* /Users/mjzheng/Documents/mj_git/oc-sample/IDbg/IDbg/mini_dump_file.h */,
				2C0E602F2BD9441EBA4FA093 /* /Users/mjzheng/Documents/mj_git/oc-sample/IDbg/IDbg/thread_cpu_info.h */,
				46C21164FD3F43878D8E9286 /* /Users/mjzheng/Documents/mj_git/oc-sample/IDbg/IDbg/thread_model.h */,
			);
			runOnlyForDeploymentPostprocessing = 0;
		};
/* End PBXHeadersBuildPhase section */

/* Begin PBXNativeTarget section */
		7B5B49C8CC5641FFA55A63E9 /* IDbg */ = {
			isa = PBXNativeTarget;
			buildConfigurationList = 6838B769A566484DBD5A5A73 /* Build configuration list for PBXNativeTarget "IDbg" */;
			buildPhases = (
				994A543F6C0744059C1E74F9 /* Headers */,
				CB87D99C4DEE4CC2ADDF8CE0 /* Sources */,
			);
			buildRules = (
			);
			dependencies = (
				874A02AC2DF04549BD305B67 /* PBXTargetDependency */,
			);
			name = IDbg;
			productName = IDbg;
			productReference = 056CF852CA9940059F2BD481 /* IDbg */;
			productType = "com.apple.product-type.framework";
		};
/* End PBXNativeTarget section */

/* Begin PBXProject section */
		C50B1671B0F34F02AF0CCA9B /* Project object */ = {
			isa = PBXProject;
			attributes = {
				BuildIndependentTargetsInParallel = YES;
				LastUpgradeCheck = 1240;
			};
			buildConfigurationList = B4D3DDDDFB3C47118937ECD0 /* Build configuration list for PBXProject "IDbg" */;
			buildSettings = {
			};
			buildStyles = (
				C1D686711F5C4C289F922039 /* Debug */,
				6EA8718D89574E4D87F5761E /* Release */,
				651BA3AE6E374720BE6F7ED6 /* MinSizeRel */,
				2C2A7914EDEB4EBB9844063D /* RelWithDebInfo */,
			);
			compatibilityVersion = "Xcode 3.2";
			hasScannedForEncodings = 0;
			mainGroup = 65699AEDB9F442BBB54355DD;
			projectDirPath = ../../../IDbg;
			projectRoot = "";
			targets = (
				24B34D9019004C2F854AABD9 /* ALL_BUILD */,
				7B5B49C8CC5641FFA55A63E9 /* IDbg */,
				EB11B50665E64DBCA0108940 /* IDbg-auto */,
				F8E960C61804426ABC33739F /* ZERO_CHECK */,
			);
		};
/* End PBXProject section */

/* Begin PBXShellScriptBuildPhase section */
		35404CCCAE5C42E9841C589E /* CMake Rules */ = {
			isa = PBXShellScriptBuildPhase;
			buildActionMask = 2147483647;
			files = (
			);
			name = "CMake Rules";
			runOnlyForDeploymentPostprocessing = 0;
			shellPath = /bin/sh;
			shellScript = "make -C /Users/mjzheng/Documents/mj_git/oc-sample/IDbg/project/ios/IDbg -f /Users/mjzheng/Documents/mj_git/oc-sample/IDbg/project/ios/IDbg/CMakeScripts/ALL_BUILD_cmakeRulesBuildPhase.make$CONFIGURATION OBJDIR=$(basename \"$OBJECT_FILE_DIR_normal\") all";
			showEnvVarsInLog = 0;
		};
		399257B2E420459696A42DCD = {
			isa = PBXShellScriptBuildPhase;
			buildActionMask = 2147483647;
			files = (
			);
			inputPaths = (
			);
			outputPaths = (
			);
			runOnlyForDeploymentPostprocessing = 0;
			shellPath = /bin/sh;
			shellScript = "# shell script goes here
exit 0";
			showEnvVarsInLog = 0;
		};
		44DF3375E4A1424DBACC4F52 /* CMake Rules */ = {
			isa = PBXShellScriptBuildPhase;
			buildActionMask = 2147483647;
			files = (
			);
			name = "CMake Rules";
			runOnlyForDeploymentPostprocessing = 0;
			shellPath = /bin/sh;
			shellScript = "make -C /Users/mjzheng/Documents/mj_git/oc-sample/IDbg/project/ios/IDbg -f /Users/mjzheng/Documents/mj_git/oc-sample/IDbg/project/ios/IDbg/CMakeScripts/ZERO_CHECK_cmakeRulesBuildPhase.make$CONFIGURATION OBJDIR=$(basename \"$OBJECT_FILE_DIR_normal\") all";
			showEnvVarsInLog = 0;
		};
		673EB71EC2704AFCACA2B613 = {
			isa = PBXShellScriptBuildPhase;
			buildActionMask = 2147483647;
			files = (
			);
			inputPaths = (
			);
			outputPaths = (
			);
			runOnlyForDeploymentPostprocessing = 0;
			shellPath = /bin/sh;
			shellScript = "# shell script goes here
exit 0";
			showEnvVarsInLog = 0;
		};
		80C5104F3B294EAF96E1FFA3 /* CMake PostBuild Rules */ = {
			isa = PBXShellScriptBuildPhase;
			buildActionMask = 2147483647;
			files = (
			);
			name = "CMake PostBuild Rules";
			runOnlyForDeploymentPostprocessing = 0;
			shellPath = /bin/sh;
			shellScript = "make -C /Users/mjzheng/Documents/mj_git/oc-sample/IDbg/project/ios/IDbg -f /Users/mjzheng/Documents/mj_git/oc-sample/IDbg/project/ios/IDbg/CMakeScripts/IDbg-auto_postBuildPhase.make$CONFIGURATION OBJDIR=$(basename \"$OBJECT_FILE_DIR_normal\") all";
			showEnvVarsInLog = 0;
		};
		DE0BB3BDE9E04605A984194C = {
			isa = PBXShellScriptBuildPhase;
			buildActionMask = 2147483647;
			files = (
			);
			inputPaths = (
			);
			outputPaths = (
			);
			runOnlyForDeploymentPostprocessing = 0;
			shellPath = /bin/sh;
			shellScript = "# shell script goes here
exit 0";
			showEnvVarsInLog = 0;
		};
/* End PBXShellScriptBuildPhase section */

/* Begin PBXSourcesBuildPhase section */
		CB87D99C4DEE4CC2ADDF8CE0 /* Sources */ = {
			isa = PBXSourcesBuildPhase;
			buildActionMask = 2147483647;
			files = (
				7DB8C3BD3DA64B83BD0EAAB0 /* /Users/mjzheng/Documents/mj_git/oc-sample/IDbg/IDbg/ks_dynamic_linker.c */,
				7FA1CA890060457295454E9B /* /Users/mjzheng/Documents/mj_git/oc-sample/IDbg/IDbg/mini_dump_file.cc */,
				EAB68500C4544C61A59FFF51 /* /Users/mjzheng/Documents/mj_git/oc-sample/IDbg/IDbg/sys_util.cc */,
				98D15DB2B9E542D383B0DA76 /* /Users/mjzheng/Documents/mj_git/oc-sample/IDbg/IDbg/sys_util.mm */,
				B82BA0B0AA124C0C8DAD2B7E /* /Users/mjzheng/Documents/mj_git/oc-sample/IDbg/IDbg/thread_cpu_info.cc */,
				13E5471F88684A9A8BD21C90 /* /Users/mjzheng/Documents/mj_git/oc-sample/IDbg/IDbg/thread_model.cc */,
			);
			runOnlyForDeploymentPostprocessing = 0;
		};
/* End PBXSourcesBuildPhase section */

/* Begin PBXTargetDependency section */
		874A02AC2DF04549BD305B67 /* PBXTargetDependency */ = {
			isa = PBXTargetDependency;
			target = F8E960C61804426ABC33739F /* ZERO_CHECK */;
			targetProxy = 9780FB21647443ABAC5AF43C /* PBXContainerItemProxy */;
		};
		D2BA0FF217C149678B2182BB /* PBXTargetDependency */ = {
			isa = PBXTargetDependency;
			target = 7B5B49C8CC5641FFA55A63E9 /* IDbg */;
			targetProxy = 14BB54D0A984429C94D00B92 /* PBXContainerItemProxy */;
		};
		D634C0F37BFD41A482FEE465 /* PBXTargetDependency */ = {
			isa = PBXTargetDependency;
			target = F8E960C61804426ABC33739F /* ZERO_CHECK */;
			targetProxy = 3B77738A28AE4626BFC4192A /* PBXContainerItemProxy */;
		};
		DA69A2A8EE7148309CFFFD3E /* PBXTargetDependency */ = {
			isa = PBXTargetDependency;
			target = F8E960C61804426ABC33739F /* ZERO_CHECK */;
			targetProxy = 8C1141D032124596A557112F /* PBXContainerItemProxy */;
		};
/* End PBXTargetDependency section */

/* Begin XCBuildConfiguration section */
		061DF2C2A27E4778BDC1867C /* Debug */ = {
			isa = XCBuildConfiguration;
			buildSettings = {
				ARCHS = "arm64 armv7 armv7s i386 x86_64";
				BITCODE_GENERATION_MODE = bitcode;
				CLANG_ENABLE_OBJC_ARC = YES;
				CODE_SIGNING_REQUIRED = NO;
				ENABLE_BITCODE = YES;
				GCC_SYMBOLS_PRIVATE_EXTERN = YES;
				IPHONEOS_DEPLOYMENT_TARGET = 9.0;
				ONLY_ACTIVE_ARCH = NO;
				SDKROOT = /Applications/Xcode.app/Contents/Developer/Platforms/iPhoneOS.platform/Developer/SDKs/iPhoneOS14.4.sdk;
				SYMROOT = "/Users/mjzheng/Documents/mj_git/oc-sample/IDbg/project/ios/IDbg/build";
			};
			name = Debug;
		};
		1585417344F24815BC3CD755 /* MinSizeRel */ = {
			isa = XCBuildConfiguration;
			buildSettings = {
				COMBINE_HIDPI_IMAGES = YES;
				GCC_GENERATE_DEBUGGING_SYMBOLS = YES;
				GCC_INLINES_ARE_PRIVATE_EXTERN = NO;
				GCC_OPTIMIZATION_LEVEL = 0;
				GCC_PREPROCESSOR_DEFINITIONS = ("'CMAKE_INTDIR=\"$(CONFIGURATION)$(EFFECTIVE_PLATFORM_NAME)\"'");
				GCC_SYMBOLS_PRIVATE_EXTERN = NO;
				INSTALL_PATH = "";
				OTHER_LDFLAGS = " ";
				OTHER_REZFLAGS = "";
				PRODUCT_NAME = "IDbg-auto";
				SECTORDER_FLAGS = "";
				SYMROOT = "/Users/mjzheng/Documents/mj_git/oc-sample/IDbg/project/ios/IDbg";
				USE_HEADERMAP = NO;
				WARNING_CFLAGS = ("$(inherited)");
			};
			name = MinSizeRel;
		};
		2EAAFC3992D44DF296224A00 /* MinSizeRel */ = {
			isa = XCBuildConfiguration;
			buildSettings = {
				ARCHS = "arm64 armv7 armv7s i386 x86_64";
				CODE_SIGN_IDENTITY = "iPhone Developer";
				COMBINE_HIDPI_IMAGES = YES;
				DEVELOPMENT_TEAM = ACE4T95FK7;
				DYLIB_COMPATIBILITY_VERSION = "";
				DYLIB_CURRENT_VERSION = "";
				"EXCLUDED_ARCHS[sdk=iphonesimulator*]" = arm64;
				EXECUTABLE_PREFIX = "";
				EXECUTABLE_SUFFIX = "";
				FRAMEWORK_VERSION = A;
				GCC_GENERATE_DEBUGGING_SYMBOLS = YES;
				GCC_INLINES_ARE_PRIVATE_EXTERN = NO;
				GCC_OPTIMIZATION_LEVEL = s;
				GCC_PREPROCESSOR_DEFINITIONS = ("'CMAKE_INTDIR=\"$(CONFIGURATION)$(EFFECTIVE_PLATFORM_NAME)\"'",IDbg_EXPORTS,IS_BUILDING_SHARED);
				GCC_SYMBOLS_PRIVATE_EXTERN = NO;
				HEADER_SEARCH_PATHS = ("/Users/mjzheng/Documents/mj_git/oc-sample/IDbg/IDbg");
				INFOPLIST_FILE = "/Users/mjzheng/Documents/mj_git/oc-sample/IDbg/project/ios/IDbg/CMakeFiles/IDbg.dir/Info.plist";
				INSTALL_PATH = "@rpath";
				LIBRARY_SEARCH_PATHS = "";
				LIBRARY_STYLE = DYNAMIC;
				ONLY_ACTIVE_ARCH = NO;
				OTHER_CFLAGS = "    -DNDEBUG -fPIC ";
				OTHER_CPLUSPLUSFLAGS = "    -DNDEBUG -fPIC '-std=gnu++11' ";
				OTHER_LDFLAGS = "-rpath @executable_path/Frameworks -rpath @loader_path/Frameworks  ";
				OTHER_REZFLAGS = "";
				PRODUCT_NAME = IDbg;
				SECTORDER_FLAGS = "";
				SKIP_INSTALL = YES;
				SYMROOT = "/Users/mjzheng/Documents/mj_git/oc-sample/IDbg/project/ios/IDbg";
				USE_HEADERMAP = NO;
				WARNING_CFLAGS = ("$(inherited)");
			};
			name = MinSizeRel;
		};
		3112842B64E6451897CB7F81 /* RelWithDebInfo */ = {
			isa = XCBuildConfiguration;
			buildSettings = {
				COMBINE_HIDPI_IMAGES = YES;
				GCC_GENERATE_DEBUGGING_SYMBOLS = YES;
				GCC_INLINES_ARE_PRIVATE_EXTERN = NO;
				GCC_OPTIMIZATION_LEVEL = 0;
				GCC_PREPROCESSOR_DEFINITIONS = ("'CMAKE_INTDIR=\"$(CONFIGURATION)$(EFFECTIVE_PLATFORM_NAME)\"'");
				GCC_SYMBOLS_PRIVATE_EXTERN = NO;
				INSTALL_PATH = "";
				OTHER_LDFLAGS = " ";
				OTHER_REZFLAGS = "";
				PRODUCT_NAME = ALL_BUILD;
				SECTORDER_FLAGS = "";
				SYMROOT = "/Users/mjzheng/Documents/mj_git/oc-sample/IDbg/project/ios/IDbg";
				USE_HEADERMAP = NO;
				WARNING_CFLAGS = ("$(inherited)");
			};
			name = RelWithDebInfo;
		};
		6D7710E1D76349D6AB3631B3 /* Release */ = {
			isa = XCBuildConfiguration;
			buildSettings = {
				COMBINE_HIDPI_IMAGES = YES;
				GCC_GENERATE_DEBUGGING_SYMBOLS = YES;
				GCC_INLINES_ARE_PRIVATE_EXTERN = NO;
				GCC_OPTIMIZATION_LEVEL = 0;
				GCC_PREPROCESSOR_DEFINITIONS = ("'CMAKE_INTDIR=\"$(CONFIGURATION)$(EFFECTIVE_PLATFORM_NAME)\"'");
				GCC_SYMBOLS_PRIVATE_EXTERN = NO;
				INSTALL_PATH = "";
				OTHER_LDFLAGS = " ";
				OTHER_REZFLAGS = "";
				PRODUCT_NAME = ALL_BUILD;
				SECTORDER_FLAGS = "";
				SYMROOT = "/Users/mjzheng/Documents/mj_git/oc-sample/IDbg/project/ios/IDbg";
				USE_HEADERMAP = NO;
				WARNING_CFLAGS = ("$(inherited)");
			};
			name = Release;
		};
		81A0F2A9A6C04A82819220E1 /* Debug */ = {
			isa = XCBuildConfiguration;
			buildSettings = {
				ARCHS = "arm64 armv7 armv7s i386 x86_64";
				CODE_SIGN_IDENTITY = "iPhone Developer";
				COMBINE_HIDPI_IMAGES = YES;
				DEVELOPMENT_TEAM = ACE4T95FK7;
				DYLIB_COMPATIBILITY_VERSION = "";
				DYLIB_CURRENT_VERSION = "";
				"EXCLUDED_ARCHS[sdk=iphonesimulator*]" = arm64;
				EXECUTABLE_PREFIX = "";
				EXECUTABLE_SUFFIX = "";
				FRAMEWORK_VERSION = A;
				GCC_GENERATE_DEBUGGING_SYMBOLS = YES;
				GCC_INLINES_ARE_PRIVATE_EXTERN = NO;
				GCC_OPTIMIZATION_LEVEL = 0;
				GCC_PREPROCESSOR_DEFINITIONS = ("'CMAKE_INTDIR=\"$(CONFIGURATION)$(EFFECTIVE_PLATFORM_NAME)\"'",IDbg_EXPORTS,IS_BUILDING_SHARED);
				GCC_SYMBOLS_PRIVATE_EXTERN = NO;
				HEADER_SEARCH_PATHS = ("/Users/mjzheng/Documents/mj_git/oc-sample/IDbg/IDbg");
				INFOPLIST_FILE = "/Users/mjzheng/Documents/mj_git/oc-sample/IDbg/project/ios/IDbg/CMakeFiles/IDbg.dir/Info.plist";
				INSTALL_PATH = "@rpath";
				LIBRARY_SEARCH_PATHS = "";
				LIBRARY_STYLE = DYNAMIC;
				ONLY_ACTIVE_ARCH = YES;
				OTHER_CFLAGS = "   -fPIC ";
				OTHER_CPLUSPLUSFLAGS = "   -fPIC '-std=gnu++11' ";
				OTHER_LDFLAGS = "-rpath @executable_path/Frameworks -rpath @loader_path/Frameworks  ";
				OTHER_REZFLAGS = "";
				PRODUCT_NAME = IDbg;
				SECTORDER_FLAGS = "";
				SKIP_INSTALL = YES;
				SYMROOT = "/Users/mjzheng/Documents/mj_git/oc-sample/IDbg/project/ios/IDbg";
				USE_HEADERMAP = NO;
				WARNING_CFLAGS = ("$(inherited)");
			};
			name = Debug;
		};
		82BCA7BB20294F5DAD3CC8E2 /* MinSizeRel */ = {
			isa = XCBuildConfiguration;
			buildSettings = {
				COMBINE_HIDPI_IMAGES = YES;
				GCC_GENERATE_DEBUGGING_SYMBOLS = YES;
				GCC_INLINES_ARE_PRIVATE_EXTERN = NO;
				GCC_OPTIMIZATION_LEVEL = 0;
				GCC_PREPROCESSOR_DEFINITIONS = ("'CMAKE_INTDIR=\"$(CONFIGURATION)$(EFFECTIVE_PLATFORM_NAME)\"'");
				GCC_SYMBOLS_PRIVATE_EXTERN = NO;
				INSTALL_PATH = "";
				OTHER_LDFLAGS = " ";
				OTHER_REZFLAGS = "";
				PRODUCT_NAME = ALL_BUILD;
				SECTORDER_FLAGS = "";
				SYMROOT = "/Users/mjzheng/Documents/mj_git/oc-sample/IDbg/project/ios/IDbg";
				USE_HEADERMAP = NO;
				WARNING_CFLAGS = ("$(inherited)");
			};
			name = MinSizeRel;
		};
		8E1759CA2F994442B795A969 /* Release */ = {
			isa = XCBuildConfiguration;
			buildSettings = {
				ARCHS = "arm64 armv7 armv7s i386 x86_64";
				BITCODE_GENERATION_MODE = bitcode;
				CLANG_ENABLE_OBJC_ARC = YES;
				CODE_SIGNING_REQUIRED = NO;
				ENABLE_BITCODE = YES;
				GCC_SYMBOLS_PRIVATE_EXTERN = YES;
				IPHONEOS_DEPLOYMENT_TARGET = 9.0;
				ONLY_ACTIVE_ARCH = NO;
				SDKROOT = /Applications/Xcode.app/Contents/Developer/Platforms/iPhoneOS.platform/Developer/SDKs/iPhoneOS14.4.sdk;
				SYMROOT = "/Users/mjzheng/Documents/mj_git/oc-sample/IDbg/project/ios/IDbg/build";
			};
			name = Release;
		};
		8FE83A08CE634ED6A003FD3A /* Debug */ = {
			isa = XCBuildConfiguration;
			buildSettings = {
				COMBINE_HIDPI_IMAGES = YES;
				GCC_GENERATE_DEBUGGING_SYMBOLS = YES;
				GCC_INLINES_ARE_PRIVATE_EXTERN = NO;
				GCC_OPTIMIZATION_LEVEL = 0;
				GCC_PREPROCESSOR_DEFINITIONS = ("'CMAKE_INTDIR=\"$(CONFIGURATION)$(EFFECTIVE_PLATFORM_NAME)\"'");
				GCC_SYMBOLS_PRIVATE_EXTERN = NO;
				INSTALL_PATH = "";
				OTHER_LDFLAGS = " ";
				OTHER_REZFLAGS = "";
				PRODUCT_NAME = ALL_BUILD;
				SECTORDER_FLAGS = "";
				SYMROOT = "/Users/mjzheng/Documents/mj_git/oc-sample/IDbg/project/ios/IDbg";
				USE_HEADERMAP = NO;
				WARNING_CFLAGS = ("$(inherited)");
			};
			name = Debug;
		};
		A2B2E47383E2442885C805FD /* Release */ = {
			isa = XCBuildConfiguration;
			buildSettings = {
				ARCHS = "arm64 armv7 armv7s i386 x86_64";
				CODE_SIGN_IDENTITY = "iPhone Developer";
				COMBINE_HIDPI_IMAGES = YES;
				DEVELOPMENT_TEAM = ACE4T95FK7;
				DYLIB_COMPATIBILITY_VERSION = "";
				DYLIB_CURRENT_VERSION = "";
				"EXCLUDED_ARCHS[sdk=iphonesimulator*]" = arm64;
				EXECUTABLE_PREFIX = "";
				EXECUTABLE_SUFFIX = "";
				FRAMEWORK_VERSION = A;
				GCC_GENERATE_DEBUGGING_SYMBOLS = YES;
				GCC_INLINES_ARE_PRIVATE_EXTERN = NO;
				GCC_OPTIMIZATION_LEVEL = 3;
				GCC_PREPROCESSOR_DEFINITIONS = ("'CMAKE_INTDIR=\"$(CONFIGURATION)$(EFFECTIVE_PLATFORM_NAME)\"'",IDbg_EXPORTS,IS_BUILDING_SHARED);
				GCC_SYMBOLS_PRIVATE_EXTERN = NO;
				HEADER_SEARCH_PATHS = ("/Users/mjzheng/Documents/mj_git/oc-sample/IDbg/IDbg");
				INFOPLIST_FILE = "/Users/mjzheng/Documents/mj_git/oc-sample/IDbg/project/ios/IDbg/CMakeFiles/IDbg.dir/Info.plist";
				INSTALL_PATH = "@rpath";
				LIBRARY_SEARCH_PATHS = "";
				LIBRARY_STYLE = DYNAMIC;
				ONLY_ACTIVE_ARCH = NO;
				OTHER_CFLAGS = "    -DNDEBUG -fPIC ";
				OTHER_CPLUSPLUSFLAGS = "    -DNDEBUG -fPIC '-std=gnu++11' ";
				OTHER_LDFLAGS = "-rpath @executable_path/Frameworks -rpath @loader_path/Frameworks  ";
				OTHER_REZFLAGS = "";
				PRODUCT_NAME = IDbg;
				SECTORDER_FLAGS = "";
				SKIP_INSTALL = YES;
				SYMROOT = "/Users/mjzheng/Documents/mj_git/oc-sample/IDbg/project/ios/IDbg";
				USE_HEADERMAP = NO;
				WARNING_CFLAGS = ("$(inherited)");
			};
			name = Release;
		};
		A8A15361505D40DFB2DC14F9 /* RelWithDebInfo */ = {
			isa = XCBuildConfiguration;
			buildSettings = {
				ARCHS = "arm64 armv7 armv7s i386 x86_64";
				BITCODE_GENERATION_MODE = bitcode;
				CLANG_ENABLE_OBJC_ARC = YES;
				CODE_SIGNING_REQUIRED = NO;
				ENABLE_BITCODE = YES;
				GCC_SYMBOLS_PRIVATE_EXTERN = YES;
				IPHONEOS_DEPLOYMENT_TARGET = 9.0;
				ONLY_ACTIVE_ARCH = NO;
				SDKROOT = /Applications/Xcode.app/Contents/Developer/Platforms/iPhoneOS.platform/Developer/SDKs/iPhoneOS14.4.sdk;
				SYMROOT = "/Users/mjzheng/Documents/mj_git/oc-sample/IDbg/project/ios/IDbg/build";
			};
			name = RelWithDebInfo;
		};
		B849CBB9285E4995919F18C3 /* Debug */ = {
			isa = XCBuildConfiguration;
			buildSettings = {
				COMBINE_HIDPI_IMAGES = YES;
				GCC_GENERATE_DEBUGGING_SYMBOLS = YES;
				GCC_INLINES_ARE_PRIVATE_EXTERN = NO;
				GCC_OPTIMIZATION_LEVEL = 0;
				GCC_PREPROCESSOR_DEFINITIONS = ("'CMAKE_INTDIR=\"$(CONFIGURATION)$(EFFECTIVE_PLATFORM_NAME)\"'");
				GCC_SYMBOLS_PRIVATE_EXTERN = NO;
				INSTALL_PATH = "";
				OTHER_LDFLAGS = " ";
				OTHER_REZFLAGS = "";
				PRODUCT_NAME = ZERO_CHECK;
				SECTORDER_FLAGS = "";
				SYMROOT = "/Users/mjzheng/Documents/mj_git/oc-sample/IDbg/project/ios/IDbg";
				USE_HEADERMAP = NO;
				WARNING_CFLAGS = ("$(inherited)");
			};
			name = Debug;
		};
		BCCFF019CA51499D9C4A3BE3 /* MinSizeRel */ = {
			isa = XCBuildConfiguration;
			buildSettings = {
				COMBINE_HIDPI_IMAGES = YES;
				GCC_GENERATE_DEBUGGING_SYMBOLS = YES;
				GCC_INLINES_ARE_PRIVATE_EXTERN = NO;
				GCC_OPTIMIZATION_LEVEL = 0;
				GCC_PREPROCESSOR_DEFINITIONS = ("'CMAKE_INTDIR=\"$(CONFIGURATION)$(EFFECTIVE_PLATFORM_NAME)\"'");
				GCC_SYMBOLS_PRIVATE_EXTERN = NO;
				INSTALL_PATH = "";
				OTHER_LDFLAGS = " ";
				OTHER_REZFLAGS = "";
				PRODUCT_NAME = ZERO_CHECK;
				SECTORDER_FLAGS = "";
				SYMROOT = "/Users/mjzheng/Documents/mj_git/oc-sample/IDbg/project/ios/IDbg";
				USE_HEADERMAP = NO;
				WARNING_CFLAGS = ("$(inherited)");
			};
			name = MinSizeRel;
		};
		D040D49B421D4EF99DEF4807 /* Release */ = {
			isa = XCBuildConfiguration;
			buildSettings = {
				COMBINE_HIDPI_IMAGES = YES;
				GCC_GENERATE_DEBUGGING_SYMBOLS = YES;
				GCC_INLINES_ARE_PRIVATE_EXTERN = NO;
				GCC_OPTIMIZATION_LEVEL = 0;
				GCC_PREPROCESSOR_DEFINITIONS = ("'CMAKE_INTDIR=\"$(CONFIGURATION)$(EFFECTIVE_PLATFORM_NAME)\"'");
				GCC_SYMBOLS_PRIVATE_EXTERN = NO;
				INSTALL_PATH = "";
				OTHER_LDFLAGS = " ";
				OTHER_REZFLAGS = "";
				PRODUCT_NAME = ZERO_CHECK;
				SECTORDER_FLAGS = "";
				SYMROOT = "/Users/mjzheng/Documents/mj_git/oc-sample/IDbg/project/ios/IDbg";
				USE_HEADERMAP = NO;
				WARNING_CFLAGS = ("$(inherited)");
			};
			name = Release;
		};
		D2ABB05E393141CE82AED995 /* MinSizeRel */ = {
			isa = XCBuildConfiguration;
			buildSettings = {
				ARCHS = "arm64 armv7 armv7s i386 x86_64";
				BITCODE_GENERATION_MODE = bitcode;
				CLANG_ENABLE_OBJC_ARC = YES;
				CODE_SIGNING_REQUIRED = NO;
				ENABLE_BITCODE = YES;
				GCC_SYMBOLS_PRIVATE_EXTERN = YES;
				IPHONEOS_DEPLOYMENT_TARGET = 9.0;
				ONLY_ACTIVE_ARCH = NO;
				SDKROOT = /Applications/Xcode.app/Contents/Developer/Platforms/iPhoneOS.platform/Developer/SDKs/iPhoneOS14.4.sdk;
				SYMROOT = "/Users/mjzheng/Documents/mj_git/oc-sample/IDbg/project/ios/IDbg/build";
			};
			name = MinSizeRel;
		};
		DF4F45BC251A4CC18D0C9629 /* Release */ = {
			isa = XCBuildConfiguration;
			buildSettings = {
				COMBINE_HIDPI_IMAGES = YES;
				GCC_GENERATE_DEBUGGING_SYMBOLS = YES;
				GCC_INLINES_ARE_PRIVATE_EXTERN = NO;
				GCC_OPTIMIZATION_LEVEL = 0;
				GCC_PREPROCESSOR_DEFINITIONS = ("'CMAKE_INTDIR=\"$(CONFIGURATION)$(EFFECTIVE_PLATFORM_NAME)\"'");
				GCC_SYMBOLS_PRIVATE_EXTERN = NO;
				INSTALL_PATH = "";
				OTHER_LDFLAGS = " ";
				OTHER_REZFLAGS = "";
				PRODUCT_NAME = "IDbg-auto";
				SECTORDER_FLAGS = "";
				SYMROOT = "/Users/mjzheng/Documents/mj_git/oc-sample/IDbg/project/ios/IDbg";
				USE_HEADERMAP = NO;
				WARNING_CFLAGS = ("$(inherited)");
			};
			name = Release;
		};
		E28B2CBC6BCE429CA89162DA /* Debug */ = {
			isa = XCBuildConfiguration;
			buildSettings = {
				COMBINE_HIDPI_IMAGES = YES;
				GCC_GENERATE_DEBUGGING_SYMBOLS = YES;
				GCC_INLINES_ARE_PRIVATE_EXTERN = NO;
				GCC_OPTIMIZATION_LEVEL = 0;
				GCC_PREPROCESSOR_DEFINITIONS = ("'CMAKE_INTDIR=\"$(CONFIGURATION)$(EFFECTIVE_PLATFORM_NAME)\"'");
				GCC_SYMBOLS_PRIVATE_EXTERN = NO;
				INSTALL_PATH = "";
				OTHER_LDFLAGS = " ";
				OTHER_REZFLAGS = "";
				PRODUCT_NAME = "IDbg-auto";
				SECTORDER_FLAGS = "";
				SYMROOT = "/Users/mjzheng/Documents/mj_git/oc-sample/IDbg/project/ios/IDbg";
				USE_HEADERMAP = NO;
				WARNING_CFLAGS = ("$(inherited)");
			};
			name = Debug;
		};
		EBA7A6B260474EBCBA28195C /* RelWithDebInfo */ = {
			isa = XCBuildConfiguration;
			buildSettings = {
				ARCHS = "arm64 armv7 armv7s i386 x86_64";
				CODE_SIGN_IDENTITY = "iPhone Developer";
				COMBINE_HIDPI_IMAGES = YES;
				DEVELOPMENT_TEAM = ACE4T95FK7;
				DYLIB_COMPATIBILITY_VERSION = "";
				DYLIB_CURRENT_VERSION = "";
				"EXCLUDED_ARCHS[sdk=iphonesimulator*]" = arm64;
				EXECUTABLE_PREFIX = "";
				EXECUTABLE_SUFFIX = "";
				FRAMEWORK_VERSION = A;
				GCC_GENERATE_DEBUGGING_SYMBOLS = YES;
				GCC_INLINES_ARE_PRIVATE_EXTERN = NO;
				GCC_OPTIMIZATION_LEVEL = 2;
				GCC_PREPROCESSOR_DEFINITIONS = ("'CMAKE_INTDIR=\"$(CONFIGURATION)$(EFFECTIVE_PLATFORM_NAME)\"'",IDbg_EXPORTS,IS_BUILDING_SHARED);
				GCC_SYMBOLS_PRIVATE_EXTERN = NO;
				HEADER_SEARCH_PATHS = ("/Users/mjzheng/Documents/mj_git/oc-sample/IDbg/IDbg");
				INFOPLIST_FILE = "/Users/mjzheng/Documents/mj_git/oc-sample/IDbg/project/ios/IDbg/CMakeFiles/IDbg.dir/Info.plist";
				INSTALL_PATH = "@rpath";
				LIBRARY_SEARCH_PATHS = "";
				LIBRARY_STYLE = DYNAMIC;
				ONLY_ACTIVE_ARCH = NO;
				OTHER_CFLAGS = "       -DNDEBUG -fPIC ";
				OTHER_CPLUSPLUSFLAGS = "       -DNDEBUG -fPIC '-std=gnu++11' ";
				OTHER_LDFLAGS = "-rpath @executable_path/Frameworks -rpath @loader_path/Frameworks  ";
				OTHER_REZFLAGS = "";
				PRODUCT_NAME = IDbg;
				SECTORDER_FLAGS = "";
				SKIP_INSTALL = YES;
				SYMROOT = "/Users/mjzheng/Documents/mj_git/oc-sample/IDbg/project/ios/IDbg";
				USE_HEADERMAP = NO;
				WARNING_CFLAGS = ("$(inherited)");
			};
			name = RelWithDebInfo;
		};
		ED5B0F70A9954DCD86EDFBDE /* RelWithDebInfo */ = {
			isa = XCBuildConfiguration;
			buildSettings = {
				COMBINE_HIDPI_IMAGES = YES;
				GCC_GENERATE_DEBUGGING_SYMBOLS = YES;
				GCC_INLINES_ARE_PRIVATE_EXTERN = NO;
				GCC_OPTIMIZATION_LEVEL = 0;
				GCC_PREPROCESSOR_DEFINITIONS = ("'CMAKE_INTDIR=\"$(CONFIGURATION)$(EFFECTIVE_PLATFORM_NAME)\"'");
				GCC_SYMBOLS_PRIVATE_EXTERN = NO;
				INSTALL_PATH = "";
				OTHER_LDFLAGS = " ";
				OTHER_REZFLAGS = "";
				PRODUCT_NAME = "IDbg-auto";
				SECTORDER_FLAGS = "";
				SYMROOT = "/Users/mjzheng/Documents/mj_git/oc-sample/IDbg/project/ios/IDbg";
				USE_HEADERMAP = NO;
				WARNING_CFLAGS = ("$(inherited)");
			};
			name = RelWithDebInfo;
		};
		FDCC90355AC04EC784206F5E /* RelWithDebInfo */ = {
			isa = XCBuildConfiguration;
			buildSettings = {
				COMBINE_HIDPI_IMAGES = YES;
				GCC_GENERATE_DEBUGGING_SYMBOLS = YES;
				GCC_INLINES_ARE_PRIVATE_EXTERN = NO;
				GCC_OPTIMIZATION_LEVEL = 0;
				GCC_PREPROCESSOR_DEFINITIONS = ("'CMAKE_INTDIR=\"$(CONFIGURATION)$(EFFECTIVE_PLATFORM_NAME)\"'");
				GCC_SYMBOLS_PRIVATE_EXTERN = NO;
				INSTALL_PATH = "";
				OTHER_LDFLAGS = " ";
				OTHER_REZFLAGS = "";
				PRODUCT_NAME = ZERO_CHECK;
				SECTORDER_FLAGS = "";
				SYMROOT = "/Users/mjzheng/Documents/mj_git/oc-sample/IDbg/project/ios/IDbg";
				USE_HEADERMAP = NO;
				WARNING_CFLAGS = ("$(inherited)");
			};
			name = RelWithDebInfo;
		};
/* End XCBuildConfiguration section */

/* Begin XCConfigurationList section */
		4F1FF8495AED44B4846D5308 /* Build configuration list for PBXAggregateTarget "ZERO_CHECK" */ = {
			isa = XCConfigurationList;
			buildConfigurations = (
				B849CBB9285E4995919F18C3 /* Debug */,
				D040D49B421D4EF99DEF4807 /* Release */,
				BCCFF019CA51499D9C4A3BE3 /* MinSizeRel */,
				FDCC90355AC04EC784206F5E /* RelWithDebInfo */,
			);
			defaultConfigurationIsVisible = 0;
			defaultConfigurationName = Debug;
		};
		62B6B34A944E40E1ABA6F676 /* Build configuration list for PBXAggregateTarget "IDbg-auto" */ = {
			isa = XCConfigurationList;
			buildConfigurations = (
				E28B2CBC6BCE429CA89162DA /* Debug */,
				DF4F45BC251A4CC18D0C9629 /* Release */,
				1585417344F24815BC3CD755 /* MinSizeRel */,
				ED5B0F70A9954DCD86EDFBDE /* RelWithDebInfo */,
			);
			defaultConfigurationIsVisible = 0;
			defaultConfigurationName = Debug;
		};
		6838B769A566484DBD5A5A73 /* Build configuration list for PBXNativeTarget "IDbg" */ = {
			isa = XCConfigurationList;
			buildConfigurations = (
				81A0F2A9A6C04A82819220E1 /* Debug */,
				A2B2E47383E2442885C805FD /* Release */,
				2EAAFC3992D44DF296224A00 /* MinSizeRel */,
				EBA7A6B260474EBCBA28195C /* RelWithDebInfo */,
			);
			defaultConfigurationIsVisible = 0;
			defaultConfigurationName = Debug;
		};
		A4E30E297BC04D4DBD23B530 /* Build configuration list for PBXAggregateTarget "ALL_BUILD" */ = {
			isa = XCConfigurationList;
			buildConfigurations = (
				8FE83A08CE634ED6A003FD3A /* Debug */,
				6D7710E1D76349D6AB3631B3 /* Release */,
				82BCA7BB20294F5DAD3CC8E2 /* MinSizeRel */,
				3112842B64E6451897CB7F81 /* RelWithDebInfo */,
			);
			defaultConfigurationIsVisible = 0;
			defaultConfigurationName = Debug;
		};
		B4D3DDDDFB3C47118937ECD0 /* Build configuration list for PBXProject "IDbg" */ = {
			isa = XCConfigurationList;
			buildConfigurations = (
				061DF2C2A27E4778BDC1867C /* Debug */,
				8E1759CA2F994442B795A969 /* Release */,
				D2ABB05E393141CE82AED995 /* MinSizeRel */,
				A8A15361505D40DFB2DC14F9 /* RelWithDebInfo */,
			);
			defaultConfigurationIsVisible = 0;
			defaultConfigurationName = Debug;
		};
/* End XCConfigurationList section */
	};
	rootObject = C50B1671B0F34F02AF0CCA9B /* Project object */;
}
