// !$*UTF8*$!
{
	archiveVersion = 1;
	classes = {
	};
	objectVersion = 50;
	objects = {

/* Begin PBXBuildFile section */
		115056422636DE59000E39FE /* AppDelegate.m in Sources */ = {isa = PBXBuildFile; fileRef = 115056412636DE59000E39FE /* AppDelegate.m */; };
		115056452636DE59000E39FE /* SceneDelegate.m in Sources */ = {isa = PBXBuildFile; fileRef = 115056442636DE59000E39FE /* SceneDelegate.m */; };
		115056482636DE59000E39FE /* ViewController.m in Sources */ = {isa = PBXBuildFile; fileRef = 115056472636DE59000E39FE /* ViewController.m */; };
		1150564B2636DE59000E39FE /* Main.storyboard in Resources */ = {isa = PBXBuildFile; fileRef = 115056492636DE59000E39FE /* Main.storyboard */; };
		1150564D2636DE5B000E39FE /* Assets.xcassets in Resources */ = {isa = PBXBuildFile; fileRef = 1150564C2636DE5B000E39FE /* Assets.xcassets */; };
		115056502636DE5B000E39FE /* LaunchScreen.storyboard in Resources */ = {isa = PBXBuildFile; fileRef = 1150564E2636DE5B000E39FE /* LaunchScreen.storyboard */; };
		115056532636DE5B000E39FE /* main.m in Sources */ = {isa = PBXBuildFile; fileRef = 115056522636DE5B000E39FE /* main.m */; };
		1150565D2636DE5C000E39FE /* idbg_demoTests.m in Sources */ = {isa = PBXBuildFile; fileRef = 1150565C2636DE5C000E39FE /* idbg_demoTests.m */; };
		115056682636DE5C000E39FE /* idbg_demoUITests.m in Sources */ = {isa = PBXBuildFile; fileRef = 115056672636DE5C000E39FE /* idbg_demoUITests.m */; };
		1150567A2636DEE1000E39FE /* Heartbeat.mm in Sources */ = {isa = PBXBuildFile; fileRef = 115056782636DEE1000E39FE /* Heartbeat.mm */; };
		115056802636DF32000E39FE /* IDbg.framework in Frameworks */ = {isa = PBXBuildFile; fileRef = 1150567F2636DF32000E39FE /* IDbg.framework */; };
/* End PBXBuildFile section */

/* Begin PBXContainerItemProxy section */
		115056592636DE5C000E39FE /* PBXContainerItemProxy */ = {
			isa = PBXContainerItemProxy;
			containerPortal = 115056352636DE59000E39FE /* Project object */;
			proxyType = 1;
			remoteGlobalIDString = 1150563C2636DE59000E39FE;
			remoteInfo = idbg_demo;
		};
		115056642636DE5C000E39FE /* PBXContainerItemProxy */ = {
			isa = PBXContainerItemProxy;
			containerPortal = 115056352636DE59000E39FE /* Project object */;
			proxyType = 1;
			remoteGlobalIDString = 1150563C2636DE59000E39FE;
			remoteInfo = idbg_demo;
		};
/* End PBXContainerItemProxy section */

/* Begin PBXFileReference section */
		1150563D2636DE59000E39FE /* idbg_demo.app */ = {isa = PBXFileReference; explicitFileType = wrapper.application; includeInIndex = 0; path = idbg_demo.app; sourceTree = BUILT_PRODUCTS_DIR; };
		115056402636DE59000E39FE /* AppDelegate.h */ = {isa = PBXFileReference; lastKnownFileType = sourcecode.c.h; path = AppDelegate.h; sourceTree = "<group>"; };
		115056412636DE59000E39FE /* AppDelegate.m */ = {isa = PBXFileReference; lastKnownFileType = sourcecode.c.objc; path = AppDelegate.m; sourceTree = "<group>"; };
		115056432636DE59000E39FE /* SceneDelegate.h */ = {isa = PBXFileReference; lastKnownFileType = sourcecode.c.h; path = SceneDelegate.h; sourceTree = "<group>"; };
		115056442636DE59000E39FE /* SceneDelegate.m */ = {isa = PBXFileReference; lastKnownFileType = sourcecode.c.objc; path = SceneDelegate.m; sourceTree = "<group>"; };
		115056462636DE59000E39FE /* ViewController.h */ = {isa = PBXFileReference; lastKnownFileType = sourcecode.c.h; path = ViewController.h; sourceTree = "<group>"; };
		115056472636DE59000E39FE /* ViewController.m */ = {isa = PBXFileReference; lastKnownFileType = sourcecode.c.objc; path = ViewController.m; sourceTree = "<group>"; };
		1150564A2636DE59000E39FE /* Base */ = {isa = PBXFileReference; lastKnownFileType = file.storyboard; name = Base; path = Base.lproj/Main.storyboard; sourceTree = "<group>"; };
		1150564C2636DE5B000E39FE /* Assets.xcassets */ = {isa = PBXFileReference; lastKnownFileType = folder.assetcatalog; path = Assets.xcassets; sourceTree = "<group>"; };
		1150564F2636DE5B000E39FE /* Base */ = {isa = PBXFileReference; lastKnownFileType = file.storyboard; name = Base; path = Base.lproj/LaunchScreen.storyboard; sourceTree = "<group>"; };
		115056512636DE5B000E39FE /* Info.plist */ = {isa = PBXFileReference; lastKnownFileType = text.plist.xml; path = Info.plist; sourceTree = "<group>"; };
		115056522636DE5B000E39FE /* main.m */ = {isa = PBXFileReference; lastKnownFileType = sourcecode.c.objc; path = main.m; sourceTree = "<group>"; };
		115056582636DE5C000E39FE /* idbg_demoTests.xctest */ = {isa = PBXFileReference; explicitFileType = wrapper.cfbundle; includeInIndex = 0; path = idbg_demoTests.xctest; sourceTree = BUILT_PRODUCTS_DIR; };
		1150565C2636DE5C000E39FE /* idbg_demoTests.m */ = {isa = PBXFileReference; lastKnownFileType = sourcecode.c.objc; path = idbg_demoTests.m; sourceTree = "<group>"; };
		1150565E2636DE5C000E39FE /* Info.plist */ = {isa = PBXFileReference; lastKnownFileType = text.plist.xml; path = Info.plist; sourceTree = "<group>"; };
		115056632636DE5C000E39FE /* idbg_demoUITests.xctest */ = {isa = PBXFileReference; explicitFileType = wrapper.cfbundle; includeInIndex = 0; path = idbg_demoUITests.xctest; sourceTree = BUILT_PRODUCTS_DIR; };
		115056672636DE5C000E39FE /* idbg_demoUITests.m */ = {isa = PBXFileReference; lastKnownFileType = sourcecode.c.objc; path = idbg_demoUITests.m; sourceTree = "<group>"; };
		115056692636DE5C000E39FE /* Info.plist */ = {isa = PBXFileReference; lastKnownFileType = text.plist.xml; path = Info.plist; sourceTree = "<group>"; };
		115056782636DEE1000E39FE /* Heartbeat.mm */ = {isa = PBXFileReference; fileEncoding = 4; lastKnownFileType = sourcecode.cpp.objcpp; path = Heartbeat.mm; sourceTree = "<group>"; };
		115056792636DEE1000E39FE /* Heartbeat.h */ = {isa = PBXFileReference; fileEncoding = 4; lastKnownFileType = sourcecode.c.h; path = Heartbeat.h; sourceTree = "<group>"; };
		1150567F2636DF32000E39FE /* IDbg.framework */ = {isa = PBXFileReference; lastKnownFileType = wrapper.framework; name = IDbg.framework; path = third_party/IDbg/IDbg.framework; sourceTree = "<group>"; };
/* End PBXFileReference section */

/* Begin PBXFrameworksBuildPhase section */
		1150563A2636DE59000E39FE /* Frameworks */ = {
			isa = PBXFrameworksBuildPhase;
			buildActionMask = 2147483647;
			files = (
				115056802636DF32000E39FE /* IDbg.framework in Frameworks */,
			);
			runOnlyForDeploymentPostprocessing = 0;
		};
		115056552636DE5C000E39FE /* Frameworks */ = {
			isa = PBXFrameworksBuildPhase;
			buildActionMask = 2147483647;
			files = (
			);
			runOnlyForDeploymentPostprocessing = 0;
		};
		115056602636DE5C000E39FE /* Frameworks */ = {
			isa = PBXFrameworksBuildPhase;
			buildActionMask = 2147483647;
			files = (
			);
			runOnlyForDeploymentPostprocessing = 0;
		};
/* End PBXFrameworksBuildPhase section */

/* Begin PBXGroup section */
		115056342636DE59000E39FE = {
			isa = PBXGroup;
			children = (
				1150563F2636DE59000E39FE /* idbg_demo */,
				1150565B2636DE5C000E39FE /* idbg_demoTests */,
				115056662636DE5C000E39FE /* idbg_demoUITests */,
				1150563E2636DE59000E39FE /* Products */,
				1150567E2636DF32000E39FE /* Frameworks */,
			);
			sourceTree = "<group>";
		};
		1150563E2636DE59000E39FE /* Products */ = {
			isa = PBXGroup;
			children = (
				1150563D2636DE59000E39FE /* idbg_demo.app */,
				115056582636DE5C000E39FE /* idbg_demoTests.xctest */,
				115056632636DE5C000E39FE /* idbg_demoUITests.xctest */,
			);
			name = Products;
			sourceTree = "<group>";
		};
		1150563F2636DE59000E39FE /* idbg_demo */ = {
			isa = PBXGroup;
			children = (
				115056792636DEE1000E39FE /* Heartbeat.h */,
				115056782636DEE1000E39FE /* Heartbeat.mm */,
				115056402636DE59000E39FE /* AppDelegate.h */,
				115056412636DE59000E39FE /* AppDelegate.m */,
				115056432636DE59000E39FE /* SceneDelegate.h */,
				115056442636DE59000E39FE /* SceneDelegate.m */,
				115056462636DE59000E39FE /* ViewController.h */,
				115056472636DE59000E39FE /* ViewController.m */,
				115056492636DE59000E39FE /* Main.storyboard */,
				1150564C2636DE5B000E39FE /* Assets.xcassets */,
				1150564E2636DE5B000E39FE /* LaunchScreen.storyboard */,
				115056512636DE5B000E39FE /* Info.plist */,
				115056522636DE5B000E39FE /* main.m */,
			);
			path = idbg_demo;
			sourceTree = "<group>";
		};
		1150565B2636DE5C000E39FE /* idbg_demoTests */ = {
			isa = PBXGroup;
			children = (
				1150565C2636DE5C000E39FE /* idbg_demoTests.m */,
				1150565E2636DE5C000E39FE /* Info.plist */,
			);
			path = idbg_demoTests;
			sourceTree = "<group>";
		};
		115056662636DE5C000E39FE /* idbg_demoUITests */ = {
			isa = PBXGroup;
			children = (
				115056672636DE5C000E39FE /* idbg_demoUITests.m */,
				115056692636DE5C000E39FE /* Info.plist */,
			);
			path = idbg_demoUITests;
			sourceTree = "<group>";
		};
		1150567E2636DF32000E39FE /* Frameworks */ = {
			isa = PBXGroup;
			children = (
				1150567F2636DF32000E39FE /* IDbg.framework */,
			);
			name = Frameworks;
			sourceTree = "<group>";
		};
/* End PBXGroup section */

/* Begin PBXNativeTarget section */
		1150563C2636DE59000E39FE /* idbg_demo */ = {
			isa = PBXNativeTarget;
			buildConfigurationList = 1150566C2636DE5C000E39FE /* Build configuration list for PBXNativeTarget "idbg_demo" */;
			buildPhases = (
				115056392636DE59000E39FE /* Sources */,
				1150563A2636DE59000E39FE /* Frameworks */,
				1150563B2636DE59000E39FE /* Resources */,
			);
			buildRules = (
			);
			dependencies = (
			);
			name = idbg_demo;
			productName = idbg_demo;
			productReference = 1150563D2636DE59000E39FE /* idbg_demo.app */;
			productType = "com.apple.product-type.application";
		};
		115056572636DE5C000E39FE /* idbg_demoTests */ = {
			isa = PBXNativeTarget;
			buildConfigurationList = 1150566F2636DE5C000E39FE /* Build configuration list for PBXNativeTarget "idbg_demoTests" */;
			buildPhases = (
				115056542636DE5C000E39FE /* Sources */,
				115056552636DE5C000E39FE /* Frameworks */,
				115056562636DE5C000E39FE /* Resources */,
			);
			buildRules = (
			);
			dependencies = (
				1150565A2636DE5C000E39FE /* PBXTargetDependency */,
			);
			name = idbg_demoTests;
			productName = idbg_demoTests;
			productReference = 115056582636DE5C000E39FE /* idbg_demoTests.xctest */;
			productType = "com.apple.product-type.bundle.unit-test";
		};
		115056622636DE5C000E39FE /* idbg_demoUITests */ = {
			isa = PBXNativeTarget;
			buildConfigurationList = 115056722636DE5C000E39FE /* Build configuration list for PBXNativeTarget "idbg_demoUITests" */;
			buildPhases = (
				1150565F2636DE5C000E39FE /* Sources */,
				115056602636DE5C000E39FE /* Frameworks */,
				115056612636DE5C000E39FE /* Resources */,
			);
			buildRules = (
			);
			dependencies = (
				115056652636DE5C000E39FE /* PBXTargetDependency */,
			);
			name = idbg_demoUITests;
			productName = idbg_demoUITests;
			productReference = 115056632636DE5C000E39FE /* idbg_demoUITests.xctest */;
			productType = "com.apple.product-type.bundle.ui-testing";
		};
/* End PBXNativeTarget section */

/* Begin PBXProject section */
		115056352636DE59000E39FE /* Project object */ = {
			isa = PBXProject;
			attributes = {
				LastUpgradeCheck = 1240;
				TargetAttributes = {
					1150563C2636DE59000E39FE = {
						CreatedOnToolsVersion = 12.4;
					};
					115056572636DE5C000E39FE = {
						CreatedOnToolsVersion = 12.4;
						TestTargetID = 1150563C2636DE59000E39FE;
					};
					115056622636DE5C000E39FE = {
						CreatedOnToolsVersion = 12.4;
						TestTargetID = 1150563C2636DE59000E39FE;
					};
				};
			};
			buildConfigurationList = 115056382636DE59000E39FE /* Build configuration list for PBXProject "idbg_demo" */;
			compatibilityVersion = "Xcode 9.3";
			developmentRegion = en;
			hasScannedForEncodings = 0;
			knownRegions = (
				en,
				Base,
			);
			mainGroup = 115056342636DE59000E39FE;
			productRefGroup = 1150563E2636DE59000E39FE /* Products */;
			projectDirPath = "";
			projectRoot = "";
			targets = (
				1150563C2636DE59000E39FE /* idbg_demo */,
				115056572636DE5C000E39FE /* idbg_demoTests */,
				115056622636DE5C000E39FE /* idbg_demoUITests */,
			);
		};
/* End PBXProject section */

/* Begin PBXResourcesBuildPhase section */
		1150563B2636DE59000E39FE /* Resources */ = {
			isa = PBXResourcesBuildPhase;
			buildActionMask = 2147483647;
			files = (
				115056502636DE5B000E39FE /* LaunchScreen.storyboard in Resources */,
				1150564D2636DE5B000E39FE /* Assets.xcassets in Resources */,
				1150564B2636DE59000E39FE /* Main.storyboard in Resources */,
			);
			runOnlyForDeploymentPostprocessing = 0;
		};
		115056562636DE5C000E39FE /* Resources */ = {
			isa = PBXResourcesBuildPhase;
			buildActionMask = 2147483647;
			files = (
			);
			runOnlyForDeploymentPostprocessing = 0;
		};
		115056612636DE5C000E39FE /* Resources */ = {
			isa = PBXResourcesBuildPhase;
			buildActionMask = 2147483647;
			files = (
			);
			runOnlyForDeploymentPostprocessing = 0;
		};
/* End PBXResourcesBuildPhase section */

/* Begin PBXSourcesBuildPhase section */
		115056392636DE59000E39FE /* Sources */ = {
			isa = PBXSourcesBuildPhase;
			buildActionMask = 2147483647;
			files = (
				115056482636DE59000E39FE /* ViewController.m in Sources */,
				1150567A2636DEE1000E39FE /* Heartbeat.mm in Sources */,
				115056422636DE59000E39FE /* AppDelegate.m in Sources */,
				115056532636DE5B000E39FE /* main.m in Sources */,
				115056452636DE59000E39FE /* SceneDelegate.m in Sources */,
			);
			runOnlyForDeploymentPostprocessing = 0;
		};
		115056542636DE5C000E39FE /* Sources */ = {
			isa = PBXSourcesBuildPhase;
			buildActionMask = 2147483647;
			files = (
				1150565D2636DE5C000E39FE /* idbg_demoTests.m in Sources */,
			);
			runOnlyForDeploymentPostprocessing = 0;
		};
		1150565F2636DE5C000E39FE /* Sources */ = {
			isa = PBXSourcesBuildPhase;
			buildActionMask = 2147483647;
			files = (
				115056682636DE5C000E39FE /* idbg_demoUITests.m in Sources */,
			);
			runOnlyForDeploymentPostprocessing = 0;
		};
/* End PBXSourcesBuildPhase section */

/* Begin PBXTargetDependency section */
		1150565A2636DE5C000E39FE /* PBXTargetDependency */ = {
			isa = PBXTargetDependency;
			target = 1150563C2636DE59000E39FE /* idbg_demo */;
			targetProxy = 115056592636DE5C000E39FE /* PBXContainerItemProxy */;
		};
		115056652636DE5C000E39FE /* PBXTargetDependency */ = {
			isa = PBXTargetDependency;
			target = 1150563C2636DE59000E39FE /* idbg_demo */;
			targetProxy = 115056642636DE5C000E39FE /* PBXContainerItemProxy */;
		};
/* End PBXTargetDependency section */

/* Begin PBXVariantGroup section */
		115056492636DE59000E39FE /* Main.storyboard */ = {
			isa = PBXVariantGroup;
			children = (
				1150564A2636DE59000E39FE /* Base */,
			);
			name = Main.storyboard;
			sourceTree = "<group>";
		};
		1150564E2636DE5B000E39FE /* LaunchScreen.storyboard */ = {
			isa = PBXVariantGroup;
			children = (
				1150564F2636DE5B000E39FE /* Base */,
			);
			name = LaunchScreen.storyboard;
			sourceTree = "<group>";
		};
/* End PBXVariantGroup section */

/* Begin XCBuildConfiguration section */
		1150566A2636DE5C000E39FE /* Debug */ = {
			isa = XCBuildConfiguration;
			buildSettings = {
				ALWAYS_SEARCH_USER_PATHS = NO;
				CLANG_ANALYZER_NONNULL = YES;
				CLANG_ANALYZER_NUMBER_OBJECT_CONVERSION = YES_AGGRESSIVE;
				CLANG_CXX_LANGUAGE_STANDARD = "gnu++14";
				CLANG_CXX_LIBRARY = "libc++";
				CLANG_ENABLE_MODULES = YES;
				CLANG_ENABLE_OBJC_ARC = YES;
				CLANG_ENABLE_OBJC_WEAK = YES;
				CLANG_WARN_BLOCK_CAPTURE_AUTORELEASING = YES;
				CLANG_WARN_BOOL_CONVERSION = YES;
				CLANG_WARN_COMMA = YES;
				CLANG_WARN_CONSTANT_CONVERSION = YES;
				CLANG_WARN_DEPRECATED_OBJC_IMPLEMENTATIONS = YES;
				CLANG_WARN_DIRECT_OBJC_ISA_USAGE = YES_ERROR;
				CLANG_WARN_DOCUMENTATION_COMMENTS = YES;
				CLANG_WARN_EMPTY_BODY = YES;
				CLANG_WARN_ENUM_CONVERSION = YES;
				CLANG_WARN_INFINITE_RECURSION = YES;
				CLANG_WARN_INT_CONVERSION = YES;
				CLANG_WARN_NON_LITERAL_NULL_CONVERSION = YES;
				CLANG_WARN_OBJC_IMPLICIT_RETAIN_SELF = YES;
				CLANG_WARN_OBJC_LITERAL_CONVERSION = YES;
				CLANG_WARN_OBJC_ROOT_CLASS = YES_ERROR;
				CLANG_WARN_QUOTED_INCLUDE_IN_FRAMEWORK_HEADER = YES;
				CLANG_WARN_RANGE_LOOP_ANALYSIS = YES;
				CLANG_WARN_STRICT_PROTOTYPES = YES;
				CLANG_WARN_SUSPICIOUS_MOVE = YES;
				CLANG_WARN_UNGUARDED_AVAILABILITY = YES_AGGRESSIVE;
				CLANG_WARN_UNREACHABLE_CODE = YES;
				CLANG_WARN__DUPLICATE_METHOD_MATCH = YES;
				COPY_PHASE_STRIP = NO;
				DEBUG_INFORMATION_FORMAT = dwarf;
				ENABLE_BITCODE = NO;
				ENABLE_STRICT_OBJC_MSGSEND = YES;
				ENABLE_TESTABILITY = YES;
				GCC_C_LANGUAGE_STANDARD = gnu11;
				GCC_DYNAMIC_NO_PIC = NO;
				GCC_NO_COMMON_BLOCKS = YES;
				GCC_OPTIMIZATION_LEVEL = 0;
				GCC_PREPROCESSOR_DEFINITIONS = (
					"DEBUG=1",
					"$(inherited)",
				);
				GCC_WARN_64_TO_32_BIT_CONVERSION = YES;
				GCC_WARN_ABOUT_RETURN_TYPE = YES_ERROR;
				GCC_WARN_UNDECLARED_SELECTOR = YES;
				GCC_WARN_UNINITIALIZED_AUTOS = YES_AGGRESSIVE;
				GCC_WARN_UNUSED_FUNCTION = YES;
				GCC_WARN_UNUSED_VARIABLE = YES;
				IPHONEOS_DEPLOYMENT_TARGET = 10.0;
				MTL_ENABLE_DEBUG_INFO = INCLUDE_SOURCE;
				MTL_FAST_MATH = YES;
				ONLY_ACTIVE_ARCH = YES;
				SDKROOT = iphoneos;
			};
			name = Debug;
		};
		1150566B2636DE5C000E39FE /* Release */ = {
			isa = XCBuildConfiguration;
			buildSettings = {
				ALWAYS_SEARCH_USER_PATHS = NO;
				CLANG_ANALYZER_NONNULL = YES;
				CLANG_ANALYZER_NUMBER_OBJECT_CONVERSION = YES_AGGRESSIVE;
				CLANG_CXX_LANGUAGE_STANDARD = "gnu++14";
				CLANG_CXX_LIBRARY = "libc++";
				CLANG_ENABLE_MODULES = YES;
				CLANG_ENABLE_OBJC_ARC = YES;
				CLANG_ENABLE_OBJC_WEAK = YES;
				CLANG_WARN_BLOCK_CAPTURE_AUTORELEASING = YES;
				CLANG_WARN_BOOL_CONVERSION = YES;
				CLANG_WARN_COMMA = YES;
				CLANG_WARN_CONSTANT_CONVERSION = YES;
				CLANG_WARN_DEPRECATED_OBJC_IMPLEMENTATIONS = YES;
				CLANG_WARN_DIRECT_OBJC_ISA_USAGE = YES_ERROR;
				CLANG_WARN_DOCUMENTATION_COMMENTS = YES;
				CLANG_WARN_EMPTY_BODY = YES;
				CLANG_WARN_ENUM_CONVERSION = YES;
				CLANG_WARN_INFINITE_RECURSION = YES;
				CLANG_WARN_INT_CONVERSION = YES;
				CLANG_WARN_NON_LITERAL_NULL_CONVERSION = YES;
				CLANG_WARN_OBJC_IMPLICIT_RETAIN_SELF = YES;
				CLANG_WARN_OBJC_LITERAL_CONVERSION = YES;
				CLANG_WARN_OBJC_ROOT_CLASS = YES_ERROR;
				CLANG_WARN_QUOTED_INCLUDE_IN_FRAMEWORK_HEADER = YES;
				CLANG_WARN_RANGE_LOOP_ANALYSIS = YES;
				CLANG_WARN_STRICT_PROTOTYPES = YES;
				CLANG_WARN_SUSPICIOUS_MOVE = YES;
				CLANG_WARN_UNGUARDED_AVAILABILITY = YES_AGGRESSIVE;
				CLANG_WARN_UNREACHABLE_CODE = YES;
				CLANG_WARN__DUPLICATE_METHOD_MATCH = YES;
				COPY_PHASE_STRIP = NO;
				DEBUG_INFORMATION_FORMAT = "dwarf-with-dsym";
				ENABLE_BITCODE = NO;
				ENABLE_NS_ASSERTIONS = NO;
				ENABLE_STRICT_OBJC_MSGSEND = YES;
				GCC_C_LANGUAGE_STANDARD = gnu11;
				GCC_NO_COMMON_BLOCKS = YES;
				GCC_WARN_64_TO_32_BIT_CONVERSION = YES;
				GCC_WARN_ABOUT_RETURN_TYPE = YES_ERROR;
				GCC_WARN_UNDECLARED_SELECTOR = YES;
				GCC_WARN_UNINITIALIZED_AUTOS = YES_AGGRESSIVE;
				GCC_WARN_UNUSED_FUNCTION = YES;
				GCC_WARN_UNUSED_VARIABLE = YES;
				IPHONEOS_DEPLOYMENT_TARGET = 10.0;
				MTL_ENABLE_DEBUG_INFO = NO;
				MTL_FAST_MATH = YES;
				SDKROOT = iphoneos;
				VALIDATE_PRODUCT = YES;
			};
			name = Release;
		};
		1150566D2636DE5C000E39FE /* Debug */ = {
			isa = XCBuildConfiguration;
			buildSettings = {
				ASSETCATALOG_COMPILER_APPICON_NAME = AppIcon;
				ASSETCATALOG_COMPILER_GLOBAL_ACCENT_COLOR_NAME = AccentColor;
				CODE_SIGN_STYLE = Automatic;
				DEVELOPMENT_TEAM = 3C948DA9P6;
				FRAMEWORK_SEARCH_PATHS = (
					"$(inherited)",
					"$(PROJECT_DIR)/third_party/IDbg",
				);
				INFOPLIST_FILE = idbg_demo/Info.plist;
				LD_RUNPATH_SEARCH_PATHS = (
					"$(inherited)",
					"@executable_path/Frameworks",
				);
				PRODUCT_BUNDLE_IDENTIFIER = "com.tencent.meeting.haven.idbg-demo";
				PRODUCT_NAME = "$(TARGET_NAME)";
				TARGETED_DEVICE_FAMILY = "1,2";
			};
			name = Debug;
		};
		1150566E2636DE5C000E39FE /* Release */ = {
			isa = XCBuildConfiguration;
			buildSettings = {
				ASSETCATALOG_COMPILER_APPICON_NAME = AppIcon;
				ASSETCATALOG_COMPILER_GLOBAL_ACCENT_COLOR_NAME = AccentColor;
				CODE_SIGN_STYLE = Automatic;
				DEVELOPMENT_TEAM = 3C948DA9P6;
				FRAMEWORK_SEARCH_PATHS = (
					"$(inherited)",
					"$(PROJECT_DIR)/third_party/IDbg",
				);
				INFOPLIST_FILE = idbg_demo/Info.plist;
				LD_RUNPATH_SEARCH_PATHS = (
					"$(inherited)",
					"@executable_path/Frameworks",
				);
				PRODUCT_BUNDLE_IDENTIFIER = "com.tencent.meeting.haven.idbg-demo";
				PRODUCT_NAME = "$(TARGET_NAME)";
				TARGETED_DEVICE_FAMILY = "1,2";
			};
			name = Release;
		};
		115056702636DE5C000E39FE /* Debug */ = {
			isa = XCBuildConfiguration;
			buildSettings = {
				BUNDLE_LOADER = "$(TEST_HOST)";
				CODE_SIGN_STYLE = Automatic;
				DEVELOPMENT_TEAM = 3C948DA9P6;
				INFOPLIST_FILE = idbg_demoTests/Info.plist;
				IPHONEOS_DEPLOYMENT_TARGET = 14.4;
				LD_RUNPATH_SEARCH_PATHS = (
					"$(inherited)",
					"@executable_path/Frameworks",
					"@loader_path/Frameworks",
				);
				PRODUCT_BUNDLE_IDENTIFIER = "com.tencent.meeting.haven.idbg-demoTests";
				PRODUCT_NAME = "$(TARGET_NAME)";
				TARGETED_DEVICE_FAMILY = "1,2";
				TEST_HOST = "$(BUILT_PRODUCTS_DIR)/idbg_demo.app/idbg_demo";
			};
			name = Debug;
		};
		115056712636DE5C000E39FE /* Release */ = {
			isa = XCBuildConfiguration;
			buildSettings = {
				BUNDLE_LOADER = "$(TEST_HOST)";
				CODE_SIGN_STYLE = Automatic;
				DEVELOPMENT_TEAM = 3C948DA9P6;
				INFOPLIST_FILE = idbg_demoTests/Info.plist;
				IPHONEOS_DEPLOYMENT_TARGET = 14.4;
				LD_RUNPATH_SEARCH_PATHS = (
					"$(inherited)",
					"@executable_path/Frameworks",
					"@loader_path/Frameworks",
				);
				PRODUCT_BUNDLE_IDENTIFIER = "com.tencent.meeting.haven.idbg-demoTests";
				PRODUCT_NAME = "$(TARGET_NAME)";
				TARGETED_DEVICE_FAMILY = "1,2";
				TEST_HOST = "$(BUILT_PRODUCTS_DIR)/idbg_demo.app/idbg_demo";
			};
			name = Release;
		};
		115056732636DE5C000E39FE /* Debug */ = {
			isa = XCBuildConfiguration;
			buildSettings = {
				CODE_SIGN_STYLE = Automatic;
				DEVELOPMENT_TEAM = 3C948DA9P6;
				INFOPLIST_FILE = idbg_demoUITests/Info.plist;
				LD_RUNPATH_SEARCH_PATHS = (
					"$(inherited)",
					"@executable_path/Frameworks",
					"@loader_path/Frameworks",
				);
				PRODUCT_BUNDLE_IDENTIFIER = "com.tencent.meeting.haven.idbg-demoUITests";
				PRODUCT_NAME = "$(TARGET_NAME)";
				TARGETED_DEVICE_FAMILY = "1,2";
				TEST_TARGET_NAME = idbg_demo;
			};
			name = Debug;
		};
		115056742636DE5C000E39FE /* Release */ = {
			isa = XCBuildConfiguration;
			buildSettings = {
				CODE_SIGN_STYLE = Automatic;
				DEVELOPMENT_TEAM = 3C948DA9P6;
				INFOPLIST_FILE = idbg_demoUITests/Info.plist;
				LD_RUNPATH_SEARCH_PATHS = (
					"$(inherited)",
					"@executable_path/Frameworks",
					"@loader_path/Frameworks",
				);
				PRODUCT_BUNDLE_IDENTIFIER = "com.tencent.meeting.haven.idbg-demoUITests";
				PRODUCT_NAME = "$(TARGET_NAME)";
				TARGETED_DEVICE_FAMILY = "1,2";
				TEST_TARGET_NAME = idbg_demo;
			};
			name = Release;
		};
/* End XCBuildConfiguration section */

/* Begin XCConfigurationList section */
		115056382636DE59000E39FE /* Build configuration list for PBXProject "idbg_demo" */ = {
			isa = XCConfigurationList;
			buildConfigurations = (
				1150566A2636DE5C000E39FE /* Debug */,
				1150566B2636DE5C000E39FE /* Release */,
			);
			defaultConfigurationIsVisible = 0;
			defaultConfigurationName = Release;
		};
		1150566C2636DE5C000E39FE /* Build configuration list for PBXNativeTarget "idbg_demo" */ = {
			isa = XCConfigurationList;
			buildConfigurations = (
				1150566D2636DE5C000E39FE /* Debug */,
				1150566E2636DE5C000E39FE /* Release */,
			);
			defaultConfigurationIsVisible = 0;
			defaultConfigurationName = Release;
		};
		1150566F2636DE5C000E39FE /* Build configuration list for PBXNativeTarget "idbg_demoTests" */ = {
			isa = XCConfigurationList;
			buildConfigurations = (
				115056702636DE5C000E39FE /* Debug */,
				115056712636DE5C000E39FE /* Release */,
			);
			defaultConfigurationIsVisible = 0;
			defaultConfigurationName = Release;
		};
		115056722636DE5C000E39FE /* Build configuration list for PBXNativeTarget "idbg_demoUITests" */ = {
			isa = XCConfigurationList;
			buildConfigurations = (
				115056732636DE5C000E39FE /* Debug */,
				115056742636DE5C000E39FE /* Release */,
			);
			defaultConfigurationIsVisible = 0;
			defaultConfigurationName = Release;
		};
/* End XCConfigurationList section */
	};
	rootObject = 115056352636DE59000E39FE /* Project object */;
}
