// !$*UTF8*$!
{
	archiveVersion = 1;
	classes = {
	};
	objectVersion = 46;
	objects = {

/* Begin PBXAggregateTarget section */
		565C17CBD06E4D7AB8CE1B4E /* ZERO_CHECK */ = {
			isa = PBXAggregateTarget;
			buildConfigurationList = 9401FEB65E754FF284D66BCB /* Build configuration list for PBXAggregateTarget "ZERO_CHECK" */;
			buildPhases = (
				624B58506D394BDD95EC02BD /* CMake Rules */,
			);
			dependencies = (
			);
			name = ZERO_CHECK;
			productName = ZERO_CHECK;
		};
		DEE1E02AB35441FEA62F625E /* IDbgAuto */ = {
			isa = PBXAggregateTarget;
			buildConfigurationList = B3C4D0941EB341CFB254854E /* Build configuration list for PBXAggregateTarget "IDbgAuto" */;
			buildPhases = (
				CD11A5E784DF44D0BA4F9BF9 /* CMake PostBuild Rules */,
			);
			dependencies = (
				D7569C54E77A4FD0AD09D3E4 /* PBXTargetDependency */,
			);
			name = IDbgAuto;
			productName = IDbgAuto;
		};
		E48234111C6C4C65B3359909 /* ALL_BUILD */ = {
			isa = PBXAggregateTarget;
			buildConfigurationList = 3FF07939FC44490A8BFC6037 /* Build configuration list for PBXAggregateTarget "ALL_BUILD" */;
			buildPhases = (
				E296145C0B5041C8B610C96D /* CMake Rules */,
			);
			dependencies = (
				201EFACD90644052ACA75941 /* PBXTargetDependency */,
				742C592E8191473587BAE9AF /* PBXTargetDependency */,
			);
			name = ALL_BUILD;
			productName = ALL_BUILD;
		};
/* End PBXAggregateTarget section */

/* Begin PBXBuildFile section */
		0BCC8519476C49DC9298C2C9 /* /Users/mjzheng/Documents/mj_git/oc-sample/IDbg/IDbg/sys_util.cc */ = {isa = PBXBuildFile; fileRef = 6454EA4D593447EA971E2241 /* /Users/mjzheng/Documents/mj_git/oc-sample/IDbg/IDbg/sys_util.cc */; };
		0EC0A2DB7ADC46A9B432994D /* /Users/mjzheng/Documents/mj_git/oc-sample/IDbg/IDbg/CMakeLists.txt */ = {isa = PBXBuildFile; fileRef = 43DB54E70BCE429A8A9D6FDF /* /Users/mjzheng/Documents/mj_git/oc-sample/IDbg/IDbg/CMakeLists.txt */; };
		179DA010C93E4AB68C623034 /* /Users/mjzheng/Documents/mj_git/oc-sample/IDbg/IDbg/build_config.h */ = {isa = PBXBuildFile; fileRef = 16829302D55F4811826DFB53 /* /Users/mjzheng/Documents/mj_git/oc-sample/IDbg/IDbg/build_config.h */; };
		3336C814E3FE4C26A54C9C25 /* /Users/mjzheng/Documents/mj_git/oc-sample/IDbg/IDbg/sys_util.mm */ = {isa = PBXBuildFile; fileRef = 4079720F2DC44BA9BBCF34BB /* /Users/mjzheng/Documents/mj_git/oc-sample/IDbg/IDbg/sys_util.mm */; };
		5DDBF6E6BFB541B7A88663B7 /* /Users/mjzheng/Documents/mj_git/oc-sample/IDbg/IDbg/thread_model.h */ = {isa = PBXBuildFile; fileRef = 17F3D5F95B1849A29969017D /* /Users/mjzheng/Documents/mj_git/oc-sample/IDbg/IDbg/thread_model.h */; settings = {ATTRIBUTES = (Public); }; };
		96DEF619DEF3413CA33ED3FF /* /Users/mjzheng/Documents/mj_git/oc-sample/IDbg/IDbg/sys_util.h */ = {isa = PBXBuildFile; fileRef = ACA3C162FFD54D1F80E140C9 /* /Users/mjzheng/Documents/mj_git/oc-sample/IDbg/IDbg/sys_util.h */; };
		B62ED98F0C244F788B71999F /* /Users/mjzheng/Documents/mj_git/oc-sample/IDbg/IDbg/mini_dump_file.cc */ = {isa = PBXBuildFile; fileRef = CBD34B0EDA1D493585F87CF7 /* /Users/mjzheng/Documents/mj_git/oc-sample/IDbg/IDbg/mini_dump_file.cc */; };
		B7F34A079E42425B8CF6A167 /* /Users/mjzheng/Documents/mj_git/oc-sample/IDbg/IDbg/ks_dynamic_linker.h */ = {isa = PBXBuildFile; fileRef = 1AACC9B2B4AD489B89F818E4 /* /Users/mjzheng/Documents/mj_git/oc-sample/IDbg/IDbg/ks_dynamic_linker.h */; };
		BA446EAE8BCD4BE29438EA40 /* /Users/mjzheng/Documents/mj_git/oc-sample/IDbg/platforms/ios/IDbg/CMakeFiles/IDbg.dir/Info.plist */ = {isa = PBXBuildFile; fileRef = F832630BACDB4E04800354E6 /* /Users/mjzheng/Documents/mj_git/oc-sample/IDbg/platforms/ios/IDbg/CMakeFiles/IDbg.dir/Info.plist */; };
		BFE947E2469B4FADA25327FD /* /Users/mjzheng/Documents/mj_git/oc-sample/IDbg/IDbg/mini_dump_file.h */ = {isa = PBXBuildFile; fileRef = 872FF68D3C5B418299A14036 /* /Users/mjzheng/Documents/mj_git/oc-sample/IDbg/IDbg/mini_dump_file.h */; settings = {ATTRIBUTES = (Public); }; };
		C381758CE4EB4818B0539267 /* /Users/mjzheng/Documents/mj_git/oc-sample/IDbg/IDbg/thread_cpu_info.cc */ = {isa = PBXBuildFile; fileRef = AB2D9ADB33004B5D8CDC1089 /* /Users/mjzheng/Documents/mj_git/oc-sample/IDbg/IDbg/thread_cpu_info.cc */; };
		D0AAEAFAA2A4427FAA8AF415 /* /Users/mjzheng/Documents/mj_git/oc-sample/IDbg/IDbg/thread_cpu_info.h */ = {isa = PBXBuildFile; fileRef = 912F7E43A9A6403AA669800F /* /Users/mjzheng/Documents/mj_git/oc-sample/IDbg/IDbg/thread_cpu_info.h */; settings = {ATTRIBUTES = (Public); }; };
		E43FC235B9AF48C0A74B2503 /* /Users/mjzheng/Documents/mj_git/oc-sample/IDbg/IDbg/ks_dynamic_linker.c */ = {isa = PBXBuildFile; fileRef = 43AEDBC9324543B898AE27C1 /* /Users/mjzheng/Documents/mj_git/oc-sample/IDbg/IDbg/ks_dynamic_linker.c */; };
		E77B4847EE674467BDB29088 /* /Users/mjzheng/Documents/mj_git/oc-sample/IDbg/IDbg/thread_model.cc */ = {isa = PBXBuildFile; fileRef = 45873B36BCC84E8EB6A844EA /* /Users/mjzheng/Documents/mj_git/oc-sample/IDbg/IDbg/thread_model.cc */; };
/* End PBXBuildFile section */

/* Begin PBXBuildStyle section */
		4B07B36FFAE44892AE35F1E0 /* Debug */ = {
			isa = PBXBuildStyle;
			buildSettings = {
				COPY_PHASE_STRIP = NO;
			};
			name = Debug;
		};
		CBD4225034B54395B38ECCB2 /* RelWithDebInfo */ = {
			isa = PBXBuildStyle;
			buildSettings = {
				COPY_PHASE_STRIP = NO;
			};
			name = RelWithDebInfo;
		};
		D435A47404794567AF0F8CF3 /* MinSizeRel */ = {
			isa = PBXBuildStyle;
			buildSettings = {
				COPY_PHASE_STRIP = NO;
			};
			name = MinSizeRel;
		};
		F39F87559E1045AD9B4B381C /* Release */ = {
			isa = PBXBuildStyle;
			buildSettings = {
				COPY_PHASE_STRIP = NO;
			};
			name = Release;
		};
/* End PBXBuildStyle section */

/* Begin PBXContainerItemProxy section */
		2994AB59ED0741BDBD1B4DE2 /* PBXContainerItemProxy */ = {
			isa = PBXContainerItemProxy;
			containerPortal = CB0388280FD645B3A678CA69 /* Project object */;
			proxyType = 1;
			remoteGlobalIDString = 565C17CBD06E4D7AB8CE1B4E;
			remoteInfo = ZERO_CHECK;
		};
		33CBF981C7514571BE6B6EA7 /* PBXContainerItemProxy */ = {
			isa = PBXContainerItemProxy;
			containerPortal = CB0388280FD645B3A678CA69 /* Project object */;
			proxyType = 1;
			remoteGlobalIDString = DB8DE8A5CF2244D19D86C507;
			remoteInfo = IDbg;
		};
		5336AA27BA264736886866D4 /* PBXContainerItemProxy */ = {
			isa = PBXContainerItemProxy;
			containerPortal = CB0388280FD645B3A678CA69 /* Project object */;
			proxyType = 1;
			remoteGlobalIDString = 565C17CBD06E4D7AB8CE1B4E;
			remoteInfo = ZERO_CHECK;
		};
		F9403E85F7024E61913F1747 /* PBXContainerItemProxy */ = {
			isa = PBXContainerItemProxy;
			containerPortal = CB0388280FD645B3A678CA69 /* Project object */;
			proxyType = 1;
			remoteGlobalIDString = 565C17CBD06E4D7AB8CE1B4E;
			remoteInfo = ZERO_CHECK;
		};
/* End PBXContainerItemProxy section */

/* Begin PBXFileReference section */
		16829302D55F4811826DFB53 /* /Users/mjzheng/Documents/mj_git/oc-sample/IDbg/IDbg/build_config.h */ = {isa = PBXFileReference; explicitFileType = sourcecode.c.h; fileEncoding = 4; name = build_config.h; path = IDbg/build_config.h; sourceTree = SOURCE_ROOT; };
		17F3D5F95B1849A29969017D /* /Users/mjzheng/Documents/mj_git/oc-sample/IDbg/IDbg/thread_model.h */ = {isa = PBXFileReference; explicitFileType = sourcecode.c.h; fileEncoding = 4; name = thread_model.h; path = IDbg/thread_model.h; sourceTree = SOURCE_ROOT; };
		1AACC9B2B4AD489B89F818E4 /* /Users/mjzheng/Documents/mj_git/oc-sample/IDbg/IDbg/ks_dynamic_linker.h */ = {isa = PBXFileReference; explicitFileType = sourcecode.c.h; fileEncoding = 4; name = ks_dynamic_linker.h; path = IDbg/ks_dynamic_linker.h; sourceTree = SOURCE_ROOT; };
		4079720F2DC44BA9BBCF34BB /* /Users/mjzheng/Documents/mj_git/oc-sample/IDbg/IDbg/sys_util.mm */ = {isa = PBXFileReference; explicitFileType = sourcecode.cpp.objcpp; fileEncoding = 4; name = sys_util.mm; path = IDbg/sys_util.mm; sourceTree = SOURCE_ROOT; };
		43AEDBC9324543B898AE27C1 /* /Users/mjzheng/Documents/mj_git/oc-sample/IDbg/IDbg/ks_dynamic_linker.c */ = {isa = PBXFileReference; explicitFileType = sourcecode.c.c; fileEncoding = 4; name = ks_dynamic_linker.c; path = IDbg/ks_dynamic_linker.c; sourceTree = SOURCE_ROOT; };
		43DB54E70BCE429A8A9D6FDF /* /Users/mjzheng/Documents/mj_git/oc-sample/IDbg/IDbg/CMakeLists.txt */ = {isa = PBXFileReference; explicitFileType = sourcecode.text; fileEncoding = 4; name = CMakeLists.txt; path = IDbg/CMakeLists.txt; sourceTree = SOURCE_ROOT; };
		45873B36BCC84E8EB6A844EA /* /Users/mjzheng/Documents/mj_git/oc-sample/IDbg/IDbg/thread_model.cc */ = {isa = PBXFileReference; explicitFileType = sourcecode.cpp.cpp; fileEncoding = 4; name = thread_model.cc; path = IDbg/thread_model.cc; sourceTree = SOURCE_ROOT; };
		4A32FAD074024932B00F88BC /* /Users/mjzheng/Documents/mj_git/oc-sample/IDbg/CMakeLists.txt */ = {isa = PBXFileReference; explicitFileType = sourcecode.text; fileEncoding = 4; name = CMakeLists.txt; path = CMakeLists.txt; sourceTree = SOURCE_ROOT; };
		5824E34F12BB4FB484CA67AA /* /Users/mjzheng/Documents/mj_git/oc-sample/IDbg/IDbg/CMakeLists.txt */ = {isa = PBXFileReference; explicitFileType = sourcecode.text; fileEncoding = 4; name = CMakeLists.txt; path = IDbg/CMakeLists.txt; sourceTree = SOURCE_ROOT; };
		6454EA4D593447EA971E2241 /* /Users/mjzheng/Documents/mj_git/oc-sample/IDbg/IDbg/sys_util.cc */ = {isa = PBXFileReference; explicitFileType = sourcecode.cpp.cpp; fileEncoding = 4; name = sys_util.cc; path = IDbg/sys_util.cc; sourceTree = SOURCE_ROOT; };
		872FF68D3C5B418299A14036 /* /Users/mjzheng/Documents/mj_git/oc-sample/IDbg/IDbg/mini_dump_file.h */ = {isa = PBXFileReference; explicitFileType = sourcecode.c.h; fileEncoding = 4; name = mini_dump_file.h; path = IDbg/mini_dump_file.h; sourceTree = SOURCE_ROOT; };
		912F7E43A9A6403AA669800F /* /Users/mjzheng/Documents/mj_git/oc-sample/IDbg/IDbg/thread_cpu_info.h */ = {isa = PBXFileReference; explicitFileType = sourcecode.c.h; fileEncoding = 4; name = thread_cpu_info.h; path = IDbg/thread_cpu_info.h; sourceTree = SOURCE_ROOT; };
		9323AB5EF6B34109B3B75414 /* IDbg */ = {isa = PBXFileReference; explicitFileType = wrapper.framework; path = IDbg.framework/IDbg; sourceTree = BUILT_PRODUCTS_DIR; };
		AB2D9ADB33004B5D8CDC1089 /* /Users/mjzheng/Documents/mj_git/oc-sample/IDbg/IDbg/thread_cpu_info.cc */ = {isa = PBXFileReference; explicitFileType = sourcecode.cpp.cpp; fileEncoding = 4; name = thread_cpu_info.cc; path = IDbg/thread_cpu_info.cc; sourceTree = SOURCE_ROOT; };
		ACA3C162FFD54D1F80E140C9 /* /Users/mjzheng/Documents/mj_git/oc-sample/IDbg/IDbg/sys_util.h */ = {isa = PBXFileReference; explicitFileType = sourcecode.c.h; fileEncoding = 4; name = sys_util.h; path = IDbg/sys_util.h; sourceTree = SOURCE_ROOT; };
		CBD34B0EDA1D493585F87CF7 /* /Users/mjzheng/Documents/mj_git/oc-sample/IDbg/IDbg/mini_dump_file.cc */ = {isa = PBXFileReference; explicitFileType = sourcecode.cpp.cpp; fileEncoding = 4; name = mini_dump_file.cc; path = IDbg/mini_dump_file.cc; sourceTree = SOURCE_ROOT; };
		F832630BACDB4E04800354E6 /* /Users/mjzheng/Documents/mj_git/oc-sample/IDbg/platforms/ios/IDbg/CMakeFiles/IDbg.dir/Info.plist */ = {isa = PBXFileReference; explicitFileType = sourcecode.text.plist; fileEncoding = 4; name = Info.plist; path = platforms/ios/IDbg/CMakeFiles/IDbg.dir/Info.plist; sourceTree = SOURCE_ROOT; };
/* End PBXFileReference section */

/* Begin PBXGroup section */
		29EE7F324A1C4650A4E82130 /* ALL_BUILD */ = {
			isa = PBXGroup;
			children = (
				E8A9249CA13B47208E1728D6 /* CMake Rules */,
				4A32FAD074024932B00F88BC /* /Users/mjzheng/Documents/mj_git/oc-sample/IDbg/CMakeLists.txt */,
			);
			name = ALL_BUILD;
			sourceTree = "<group>";
		};
		42AA8641F33047F2BC23B443 /* IDbg */ = {
			isa = PBXGroup;
			children = (
				72AA8983165D4FE08794B847 /* Header Files */,
				78DB96EB3DE443BA816B5424 /* Source Files */,
				80BDF9746DF946A49AE4DC16 /* Resources */,
				43DB54E70BCE429A8A9D6FDF /* /Users/mjzheng/Documents/mj_git/oc-sample/IDbg/IDbg/CMakeLists.txt */,
			);
			name = IDbg;
			sourceTree = "<group>";
		};
		72AA8983165D4FE08794B847 /* Header Files */ = {
			isa = PBXGroup;
			children = (
				16829302D55F4811826DFB53 /* /Users/mjzheng/Documents/mj_git/oc-sample/IDbg/IDbg/build_config.h */,
				1AACC9B2B4AD489B89F818E4 /* /Users/mjzheng/Documents/mj_git/oc-sample/IDbg/IDbg/ks_dynamic_linker.h */,
				872FF68D3C5B418299A14036 /* /Users/mjzheng/Documents/mj_git/oc-sample/IDbg/IDbg/mini_dump_file.h */,
				ACA3C162FFD54D1F80E140C9 /* /Users/mjzheng/Documents/mj_git/oc-sample/IDbg/IDbg/sys_util.h */,
				912F7E43A9A6403AA669800F /* /Users/mjzheng/Documents/mj_git/oc-sample/IDbg/IDbg/thread_cpu_info.h */,
				17F3D5F95B1849A29969017D /* /Users/mjzheng/Documents/mj_git/oc-sample/IDbg/IDbg/thread_model.h */,
			);
			name = "Header Files";
			sourceTree = "<group>";
		};
		78DB96EB3DE443BA816B5424 /* Source Files */ = {
			isa = PBXGroup;
			children = (
				43AEDBC9324543B898AE27C1 /* /Users/mjzheng/Documents/mj_git/oc-sample/IDbg/IDbg/ks_dynamic_linker.c */,
				CBD34B0EDA1D493585F87CF7 /* /Users/mjzheng/Documents/mj_git/oc-sample/IDbg/IDbg/mini_dump_file.cc */,
				6454EA4D593447EA971E2241 /* /Users/mjzheng/Documents/mj_git/oc-sample/IDbg/IDbg/sys_util.cc */,
				4079720F2DC44BA9BBCF34BB /* /Users/mjzheng/Documents/mj_git/oc-sample/IDbg/IDbg/sys_util.mm */,
				AB2D9ADB33004B5D8CDC1089 /* /Users/mjzheng/Documents/mj_git/oc-sample/IDbg/IDbg/thread_cpu_info.cc */,
				45873B36BCC84E8EB6A844EA /* /Users/mjzheng/Documents/mj_git/oc-sample/IDbg/IDbg/thread_model.cc */,
			);
			name = "Source Files";
			sourceTree = "<group>";
		};
		80BDF9746DF946A49AE4DC16 /* Resources */ = {
			isa = PBXGroup;
			children = (
				F832630BACDB4E04800354E6 /* /Users/mjzheng/Documents/mj_git/oc-sample/IDbg/platforms/ios/IDbg/CMakeFiles/IDbg.dir/Info.plist */,
			);
			name = Resources;
			sourceTree = "<group>";
		};
		BF9583517EFF430A9A67B6B3 /* Products */ = {
			isa = PBXGroup;
			children = (
				9323AB5EF6B34109B3B75414 /* IDbg */,
			);
			name = Products;
			sourceTree = "<group>";
		};
		E2CFE8A0B0554B458C423E94 = {
			isa = PBXGroup;
			children = (
				29EE7F324A1C4650A4E82130 /* ALL_BUILD */,
				F6F41F66C0F84CEC95F6731B /* IDbgAuto */,
				42AA8641F33047F2BC23B443 /* IDbg */,
				BF9583517EFF430A9A67B6B3 /* Products */,
			);
			sourceTree = "<group>";
		};
		E8A9249CA13B47208E1728D6 /* CMake Rules */ = {
			isa = PBXGroup;
			children = (
			);
			name = "CMake Rules";
			sourceTree = "<group>";
		};
		F6F41F66C0F84CEC95F6731B /* IDbgAuto */ = {
			isa = PBXGroup;
			children = (
				5824E34F12BB4FB484CA67AA /* /Users/mjzheng/Documents/mj_git/oc-sample/IDbg/IDbg/CMakeLists.txt */,
			);
			name = IDbgAuto;
			sourceTree = "<group>";
		};
/* End PBXGroup section */

/* Begin PBXHeadersBuildPhase section */
		C33F102235F041C8B341FFC4 /* Headers */ = {
			isa = PBXHeadersBuildPhase;
			buildActionMask = 2147483647;
			files = (
				179DA010C93E4AB68C623034 /* /Users/mjzheng/Documents/mj_git/oc-sample/IDbg/IDbg/build_config.h */,
				B7F34A079E42425B8CF6A167 /* /Users/mjzheng/Documents/mj_git/oc-sample/IDbg/IDbg/ks_dynamic_linker.h */,
				BFE947E2469B4FADA25327FD /* /Users/mjzheng/Documents/mj_git/oc-sample/IDbg/IDbg/mini_dump_file.h */,
				96DEF619DEF3413CA33ED3FF /* /Users/mjzheng/Documents/mj_git/oc-sample/IDbg/IDbg/sys_util.h */,
				D0AAEAFAA2A4427FAA8AF415 /* /Users/mjzheng/Documents/mj_git/oc-sample/IDbg/IDbg/thread_cpu_info.h */,
				5DDBF6E6BFB541B7A88663B7 /* /Users/mjzheng/Documents/mj_git/oc-sample/IDbg/IDbg/thread_model.h */,
			);
			runOnlyForDeploymentPostprocessing = 0;
		};
/* End PBXHeadersBuildPhase section */

/* Begin PBXNativeTarget section */
		DB8DE8A5CF2244D19D86C507 /* IDbg */ = {
			isa = PBXNativeTarget;
			buildConfigurationList = 14EF7FED3CD34C77BF8C80B5 /* Build configuration list for PBXNativeTarget "IDbg" */;
			buildPhases = (
				C33F102235F041C8B341FFC4 /* Headers */,
				F2A18EE5EC654DAF81EA36CD /* Sources */,
			);
			buildRules = (
			);
			dependencies = (
				D361A9C9844341DEB1061DCB /* PBXTargetDependency */,
			);
			name = IDbg;
			productName = IDbg;
			productReference = 9323AB5EF6B34109B3B75414 /* IDbg */;
			productType = "com.apple.product-type.framework";
		};
/* End PBXNativeTarget section */

/* Begin PBXProject section */
		CB0388280FD645B3A678CA69 /* Project object */ = {
			isa = PBXProject;
			attributes = {
				BuildIndependentTargetsInParallel = YES;
				LastUpgradeCheck = 1240;
			};
			buildConfigurationList = DEA6C7E4EF9F4C3CB408FD7D /* Build configuration list for PBXProject "IDbg" */;
			buildSettings = {
			};
			buildStyles = (
				4B07B36FFAE44892AE35F1E0 /* Debug */,
				F39F87559E1045AD9B4B381C /* Release */,
				D435A47404794567AF0F8CF3 /* MinSizeRel */,
				CBD4225034B54395B38ECCB2 /* RelWithDebInfo */,
			);
			compatibilityVersion = "Xcode 3.2";
			hasScannedForEncodings = 0;
			mainGroup = E2CFE8A0B0554B458C423E94;
			projectDirPath = ../../;
			projectRoot = "";
			targets = (
				E48234111C6C4C65B3359909 /* ALL_BUILD */,
				DB8DE8A5CF2244D19D86C507 /* IDbg */,
				DEE1E02AB35441FEA62F625E /* IDbgAuto */,
				565C17CBD06E4D7AB8CE1B4E /* ZERO_CHECK */,
			);
		};
/* End PBXProject section */

/* Begin PBXShellScriptBuildPhase section */
		6114209574AD440A8B19D42D = {
			isa = PBXShellScriptBuildPhase;
			buildActionMask = 2147483647;
			files = (
			);
			inputPaths = (
			);
			outputPaths = (
			);
			runOnlyForDeploymentPostprocessing = 0;
			shellPath = /bin/sh;
			shellScript = "# shell script goes here
exit 0";
			showEnvVarsInLog = 0;
		};
		624B58506D394BDD95EC02BD /* CMake Rules */ = {
			isa = PBXShellScriptBuildPhase;
			buildActionMask = 2147483647;
			files = (
			);
			name = "CMake Rules";
			runOnlyForDeploymentPostprocessing = 0;
			shellPath = /bin/sh;
			shellScript = "make -C /Users/mjzheng/Documents/mj_git/oc-sample/IDbg/platforms/ios -f /Users/mjzheng/Documents/mj_git/oc-sample/IDbg/platforms/ios/CMakeScripts/ZERO_CHECK_cmakeRulesBuildPhase.make$CONFIGURATION OBJDIR=$(basename \"$OBJECT_FILE_DIR_normal\") all";
			showEnvVarsInLog = 0;
		};
		B9C5169F87864F0B933AF716 = {
			isa = PBXShellScriptBuildPhase;
			buildActionMask = 2147483647;
			files = (
			);
			inputPaths = (
			);
			outputPaths = (
			);
			runOnlyForDeploymentPostprocessing = 0;
			shellPath = /bin/sh;
			shellScript = "# shell script goes here
exit 0";
			showEnvVarsInLog = 0;
		};
		CD11A5E784DF44D0BA4F9BF9 /* CMake PostBuild Rules */ = {
			isa = PBXShellScriptBuildPhase;
			buildActionMask = 2147483647;
			files = (
			);
			name = "CMake PostBuild Rules";
			runOnlyForDeploymentPostprocessing = 0;
			shellPath = /bin/sh;
			shellScript = "make -C /Users/mjzheng/Documents/mj_git/oc-sample/IDbg/platforms/ios/IDbg -f /Users/mjzheng/Documents/mj_git/oc-sample/IDbg/platforms/ios/IDbg/CMakeScripts/IDbgAuto_postBuildPhase.make$CONFIGURATION OBJDIR=$(basename \"$OBJECT_FILE_DIR_normal\") all";
			showEnvVarsInLog = 0;
		};
		E296145C0B5041C8B610C96D /* CMake Rules */ = {
			isa = PBXShellScriptBuildPhase;
			buildActionMask = 2147483647;
			files = (
			);
			name = "CMake Rules";
			runOnlyForDeploymentPostprocessing = 0;
			shellPath = /bin/sh;
			shellScript = "make -C /Users/mjzheng/Documents/mj_git/oc-sample/IDbg/platforms/ios -f /Users/mjzheng/Documents/mj_git/oc-sample/IDbg/platforms/ios/CMakeScripts/ALL_BUILD_cmakeRulesBuildPhase.make$CONFIGURATION OBJDIR=$(basename \"$OBJECT_FILE_DIR_normal\") all";
			showEnvVarsInLog = 0;
		};
		E7F2BD430E854187A8E3550E = {
			isa = PBXShellScriptBuildPhase;
			buildActionMask = 2147483647;
			files = (
			);
			inputPaths = (
			);
			outputPaths = (
			);
			runOnlyForDeploymentPostprocessing = 0;
			shellPath = /bin/sh;
			shellScript = "# shell script goes here
exit 0";
			showEnvVarsInLog = 0;
		};
/* End PBXShellScriptBuildPhase section */

/* Begin PBXSourcesBuildPhase section */
		F2A18EE5EC654DAF81EA36CD /* Sources */ = {
			isa = PBXSourcesBuildPhase;
			buildActionMask = 2147483647;
			files = (
				E43FC235B9AF48C0A74B2503 /* /Users/mjzheng/Documents/mj_git/oc-sample/IDbg/IDbg/ks_dynamic_linker.c */,
				B62ED98F0C244F788B71999F /* /Users/mjzheng/Documents/mj_git/oc-sample/IDbg/IDbg/mini_dump_file.cc */,
				0BCC8519476C49DC9298C2C9 /* /Users/mjzheng/Documents/mj_git/oc-sample/IDbg/IDbg/sys_util.cc */,
				3336C814E3FE4C26A54C9C25 /* /Users/mjzheng/Documents/mj_git/oc-sample/IDbg/IDbg/sys_util.mm */,
				C381758CE4EB4818B0539267 /* /Users/mjzheng/Documents/mj_git/oc-sample/IDbg/IDbg/thread_cpu_info.cc */,
				E77B4847EE674467BDB29088 /* /Users/mjzheng/Documents/mj_git/oc-sample/IDbg/IDbg/thread_model.cc */,
			);
			runOnlyForDeploymentPostprocessing = 0;
		};
/* End PBXSourcesBuildPhase section */

/* Begin PBXTargetDependency section */
		201EFACD90644052ACA75941 /* PBXTargetDependency */ = {
			isa = PBXTargetDependency;
			target = 565C17CBD06E4D7AB8CE1B4E /* ZERO_CHECK */;
			targetProxy = F9403E85F7024E61913F1747 /* PBXContainerItemProxy */;
		};
		742C592E8191473587BAE9AF /* PBXTargetDependency */ = {
			isa = PBXTargetDependency;
			target = DB8DE8A5CF2244D19D86C507 /* IDbg */;
			targetProxy = 33CBF981C7514571BE6B6EA7 /* PBXContainerItemProxy */;
		};
		D361A9C9844341DEB1061DCB /* PBXTargetDependency */ = {
			isa = PBXTargetDependency;
			target = 565C17CBD06E4D7AB8CE1B4E /* ZERO_CHECK */;
			targetProxy = 5336AA27BA264736886866D4 /* PBXContainerItemProxy */;
		};
		D7569C54E77A4FD0AD09D3E4 /* PBXTargetDependency */ = {
			isa = PBXTargetDependency;
			target = 565C17CBD06E4D7AB8CE1B4E /* ZERO_CHECK */;
			targetProxy = 2994AB59ED0741BDBD1B4DE2 /* PBXContainerItemProxy */;
		};
/* End PBXTargetDependency section */

/* Begin XCBuildConfiguration section */
		0162C482B81F422C86F827D7 /* Debug */ = {
			isa = XCBuildConfiguration;
			buildSettings = {
				COMBINE_HIDPI_IMAGES = YES;
				GCC_GENERATE_DEBUGGING_SYMBOLS = YES;
				GCC_INLINES_ARE_PRIVATE_EXTERN = NO;
				GCC_OPTIMIZATION_LEVEL = 0;
				GCC_PREPROCESSOR_DEFINITIONS = ("'CMAKE_INTDIR=\"$(CONFIGURATION)$(EFFECTIVE_PLATFORM_NAME)\"'");
				GCC_SYMBOLS_PRIVATE_EXTERN = NO;
				INSTALL_PATH = "";
				OTHER_LDFLAGS = " ";
				OTHER_REZFLAGS = "";
				PRODUCT_NAME = ALL_BUILD;
				SECTORDER_FLAGS = "";
				SYMROOT = "/Users/mjzheng/Documents/mj_git/oc-sample/IDbg/platforms/ios";
				USE_HEADERMAP = NO;
				WARNING_CFLAGS = ("$(inherited)");
			};
			name = Debug;
		};
		2D61D069399648FCBE1F233E /* Debug */ = {
			isa = XCBuildConfiguration;
			buildSettings = {
				COMBINE_HIDPI_IMAGES = YES;
				GCC_GENERATE_DEBUGGING_SYMBOLS = YES;
				GCC_INLINES_ARE_PRIVATE_EXTERN = NO;
				GCC_OPTIMIZATION_LEVEL = 0;
				GCC_PREPROCESSOR_DEFINITIONS = ("'CMAKE_INTDIR=\"$(CONFIGURATION)$(EFFECTIVE_PLATFORM_NAME)\"'");
				GCC_SYMBOLS_PRIVATE_EXTERN = NO;
				INSTALL_PATH = "";
				OTHER_LDFLAGS = " ";
				OTHER_REZFLAGS = "";
				PRODUCT_NAME = ZERO_CHECK;
				SECTORDER_FLAGS = "";
				SYMROOT = "/Users/mjzheng/Documents/mj_git/oc-sample/IDbg/platforms/ios";
				USE_HEADERMAP = NO;
				WARNING_CFLAGS = ("$(inherited)");
			};
			name = Debug;
		};
		3C2315BFB0C84F5CBEBC2BA9 /* RelWithDebInfo */ = {
			isa = XCBuildConfiguration;
			buildSettings = {
				COMBINE_HIDPI_IMAGES = YES;
				EXECUTABLE_PREFIX = "";
				EXECUTABLE_SUFFIX = "";
				FRAMEWORK_VERSION = A;
				GCC_GENERATE_DEBUGGING_SYMBOLS = YES;
				GCC_INLINES_ARE_PRIVATE_EXTERN = NO;
				GCC_OPTIMIZATION_LEVEL = 2;
				GCC_PREPROCESSOR_DEFINITIONS = ("'CMAKE_INTDIR=\"$(CONFIGURATION)$(EFFECTIVE_PLATFORM_NAME)\"'");
				GCC_SYMBOLS_PRIVATE_EXTERN = NO;
				HEADER_SEARCH_PATHS = ("/Users/mjzheng/Documents/mj_git/oc-sample/IDbg/IDbg/.");
				INFOPLIST_FILE = "/Users/mjzheng/Documents/mj_git/oc-sample/IDbg/platforms/ios/IDbg/CMakeFiles/IDbg.dir/Info.plist";
				INSTALL_PATH = "";
				MACH_O_TYPE = staticlib;
				OTHER_CFLAGS = "       -DNDEBUG ";
				OTHER_CPLUSPLUSFLAGS = "       -DNDEBUG '-std=gnu++14' ";
				OTHER_LIBTOOLFLAGS = " ";
				OTHER_REZFLAGS = "";
				PRODUCT_NAME = IDbg;
				SECTORDER_FLAGS = "";
				SKIP_INSTALL = YES;
				SYMROOT = "/Users/mjzheng/Documents/mj_git/oc-sample/IDbg/platforms/ios/IDbg";
				USE_HEADERMAP = NO;
				WARNING_CFLAGS = ("$(inherited)");
			};
			name = RelWithDebInfo;
		};
		40A805511BD449D8BFEEDA26 /* Release */ = {
			isa = XCBuildConfiguration;
			buildSettings = {
				COMBINE_HIDPI_IMAGES = YES;
				GCC_GENERATE_DEBUGGING_SYMBOLS = YES;
				GCC_INLINES_ARE_PRIVATE_EXTERN = NO;
				GCC_OPTIMIZATION_LEVEL = 0;
				GCC_PREPROCESSOR_DEFINITIONS = ("'CMAKE_INTDIR=\"$(CONFIGURATION)$(EFFECTIVE_PLATFORM_NAME)\"'");
				GCC_SYMBOLS_PRIVATE_EXTERN = NO;
				INSTALL_PATH = "";
				OTHER_LDFLAGS = " ";
				OTHER_REZFLAGS = "";
				PRODUCT_NAME = ZERO_CHECK;
				SECTORDER_FLAGS = "";
				SYMROOT = "/Users/mjzheng/Documents/mj_git/oc-sample/IDbg/platforms/ios";
				USE_HEADERMAP = NO;
				WARNING_CFLAGS = ("$(inherited)");
			};
			name = Release;
		};
		44D6467353CE4D91B847965A /* RelWithDebInfo */ = {
			isa = XCBuildConfiguration;
			buildSettings = {
				CODE_SIGNING_REQUIRED = NO;
				CODE_SIGN_IDENTITY = "";
				ENABLE_BITCODE = NO;
				"EXCLUDED_ARCHS[sdk=iphonesimulator*]" = arm64;
				IPHONEOS_DEPLOYMENT_TARGET = 9.0;
				ONLY_ACTIVE_ARCH = "";
				SDKROOT = /Applications/Xcode.app/Contents/Developer/Platforms/iPhoneOS.platform/Developer/SDKs/iPhoneOS14.4.sdk;
				SYMROOT = "/Users/mjzheng/Documents/mj_git/oc-sample/IDbg/platforms/ios/build";
			};
			name = RelWithDebInfo;
		};
		5E62086D0D204362AB62CAA8 /* RelWithDebInfo */ = {
			isa = XCBuildConfiguration;
			buildSettings = {
				COMBINE_HIDPI_IMAGES = YES;
				GCC_GENERATE_DEBUGGING_SYMBOLS = YES;
				GCC_INLINES_ARE_PRIVATE_EXTERN = NO;
				GCC_OPTIMIZATION_LEVEL = 0;
				GCC_PREPROCESSOR_DEFINITIONS = ("'CMAKE_INTDIR=\"$(CONFIGURATION)$(EFFECTIVE_PLATFORM_NAME)\"'");
				GCC_SYMBOLS_PRIVATE_EXTERN = NO;
				INSTALL_PATH = "";
				OTHER_LDFLAGS = " ";
				OTHER_REZFLAGS = "";
				PRODUCT_NAME = ZERO_CHECK;
				SECTORDER_FLAGS = "";
				SYMROOT = "/Users/mjzheng/Documents/mj_git/oc-sample/IDbg/platforms/ios";
				USE_HEADERMAP = NO;
				WARNING_CFLAGS = ("$(inherited)");
			};
			name = RelWithDebInfo;
		};
		861F3AD28FB544C9BB169A64 /* RelWithDebInfo */ = {
			isa = XCBuildConfiguration;
			buildSettings = {
				COMBINE_HIDPI_IMAGES = YES;
				GCC_GENERATE_DEBUGGING_SYMBOLS = YES;
				GCC_INLINES_ARE_PRIVATE_EXTERN = NO;
				GCC_OPTIMIZATION_LEVEL = 0;
				GCC_PREPROCESSOR_DEFINITIONS = ("'CMAKE_INTDIR=\"$(CONFIGURATION)$(EFFECTIVE_PLATFORM_NAME)\"'");
				GCC_SYMBOLS_PRIVATE_EXTERN = NO;
				INSTALL_PATH = "";
				OTHER_LDFLAGS = " ";
				OTHER_REZFLAGS = "";
				PRODUCT_NAME = ALL_BUILD;
				SECTORDER_FLAGS = "";
				SYMROOT = "/Users/mjzheng/Documents/mj_git/oc-sample/IDbg/platforms/ios";
				USE_HEADERMAP = NO;
				WARNING_CFLAGS = ("$(inherited)");
			};
			name = RelWithDebInfo;
		};
		883091C711FE455CA7D4BF6A /* Release */ = {
			isa = XCBuildConfiguration;
			buildSettings = {
				CODE_SIGNING_REQUIRED = NO;
				CODE_SIGN_IDENTITY = "";
				ENABLE_BITCODE = NO;
				"EXCLUDED_ARCHS[sdk=iphonesimulator*]" = arm64;
				IPHONEOS_DEPLOYMENT_TARGET = 9.0;
				ONLY_ACTIVE_ARCH = "";
				SDKROOT = /Applications/Xcode.app/Contents/Developer/Platforms/iPhoneOS.platform/Developer/SDKs/iPhoneOS14.4.sdk;
				SYMROOT = "/Users/mjzheng/Documents/mj_git/oc-sample/IDbg/platforms/ios/build";
			};
			name = Release;
		};
		8C04A33711C044DEAA8FBD32 /* Debug */ = {
			isa = XCBuildConfiguration;
			buildSettings = {
				COMBINE_HIDPI_IMAGES = YES;
				GCC_GENERATE_DEBUGGING_SYMBOLS = YES;
				GCC_INLINES_ARE_PRIVATE_EXTERN = NO;
				GCC_OPTIMIZATION_LEVEL = 0;
				GCC_PREPROCESSOR_DEFINITIONS = ("'CMAKE_INTDIR=\"$(CONFIGURATION)$(EFFECTIVE_PLATFORM_NAME)\"'");
				GCC_SYMBOLS_PRIVATE_EXTERN = NO;
				INSTALL_PATH = "";
				OTHER_LDFLAGS = " ";
				OTHER_REZFLAGS = "";
				PRODUCT_NAME = IDbgAuto;
				SECTORDER_FLAGS = "";
				SYMROOT = "/Users/mjzheng/Documents/mj_git/oc-sample/IDbg/platforms/ios/IDbg";
				USE_HEADERMAP = NO;
				WARNING_CFLAGS = ("$(inherited)");
			};
			name = Debug;
		};
		8F5AE2EAAF194ADFB4C17948 /* Debug */ = {
			isa = XCBuildConfiguration;
			buildSettings = {
				COMBINE_HIDPI_IMAGES = YES;
				EXECUTABLE_PREFIX = "";
				EXECUTABLE_SUFFIX = "";
				FRAMEWORK_VERSION = A;
				GCC_GENERATE_DEBUGGING_SYMBOLS = YES;
				GCC_INLINES_ARE_PRIVATE_EXTERN = NO;
				GCC_OPTIMIZATION_LEVEL = 0;
				GCC_PREPROCESSOR_DEFINITIONS = ("'CMAKE_INTDIR=\"$(CONFIGURATION)$(EFFECTIVE_PLATFORM_NAME)\"'");
				GCC_SYMBOLS_PRIVATE_EXTERN = NO;
				HEADER_SEARCH_PATHS = ("/Users/mjzheng/Documents/mj_git/oc-sample/IDbg/IDbg/.");
				INFOPLIST_FILE = "/Users/mjzheng/Documents/mj_git/oc-sample/IDbg/platforms/ios/IDbg/CMakeFiles/IDbg.dir/Info.plist";
				INSTALL_PATH = "";
				MACH_O_TYPE = staticlib;
				OTHER_CFLAGS = "   ";
				OTHER_CPLUSPLUSFLAGS = "   '-std=gnu++14' ";
				OTHER_LIBTOOLFLAGS = " ";
				OTHER_REZFLAGS = "";
				PRODUCT_NAME = IDbg;
				SECTORDER_FLAGS = "";
				SKIP_INSTALL = YES;
				SYMROOT = "/Users/mjzheng/Documents/mj_git/oc-sample/IDbg/platforms/ios/IDbg";
				USE_HEADERMAP = NO;
				WARNING_CFLAGS = ("$(inherited)");
			};
			name = Debug;
		};
		92FFFF86D2F440EBBF41877D /* RelWithDebInfo */ = {
			isa = XCBuildConfiguration;
			buildSettings = {
				COMBINE_HIDPI_IMAGES = YES;
				GCC_GENERATE_DEBUGGING_SYMBOLS = YES;
				GCC_INLINES_ARE_PRIVATE_EXTERN = NO;
				GCC_OPTIMIZATION_LEVEL = 0;
				GCC_PREPROCESSOR_DEFINITIONS = ("'CMAKE_INTDIR=\"$(CONFIGURATION)$(EFFECTIVE_PLATFORM_NAME)\"'");
				GCC_SYMBOLS_PRIVATE_EXTERN = NO;
				INSTALL_PATH = "";
				OTHER_LDFLAGS = " ";
				OTHER_REZFLAGS = "";
				PRODUCT_NAME = IDbgAuto;
				SECTORDER_FLAGS = "";
				SYMROOT = "/Users/mjzheng/Documents/mj_git/oc-sample/IDbg/platforms/ios/IDbg";
				USE_HEADERMAP = NO;
				WARNING_CFLAGS = ("$(inherited)");
			};
			name = RelWithDebInfo;
		};
		A58298D794894FC69E1FF1FA /* MinSizeRel */ = {
			isa = XCBuildConfiguration;
			buildSettings = {
				COMBINE_HIDPI_IMAGES = YES;
				GCC_GENERATE_DEBUGGING_SYMBOLS = YES;
				GCC_INLINES_ARE_PRIVATE_EXTERN = NO;
				GCC_OPTIMIZATION_LEVEL = 0;
				GCC_PREPROCESSOR_DEFINITIONS = ("'CMAKE_INTDIR=\"$(CONFIGURATION)$(EFFECTIVE_PLATFORM_NAME)\"'");
				GCC_SYMBOLS_PRIVATE_EXTERN = NO;
				INSTALL_PATH = "";
				OTHER_LDFLAGS = " ";
				OTHER_REZFLAGS = "";
				PRODUCT_NAME = IDbgAuto;
				SECTORDER_FLAGS = "";
				SYMROOT = "/Users/mjzheng/Documents/mj_git/oc-sample/IDbg/platforms/ios/IDbg";
				USE_HEADERMAP = NO;
				WARNING_CFLAGS = ("$(inherited)");
			};
			name = MinSizeRel;
		};
		BF8EC3A66BE94A0589070484 /* MinSizeRel */ = {
			isa = XCBuildConfiguration;
			buildSettings = {
				COMBINE_HIDPI_IMAGES = YES;
				GCC_GENERATE_DEBUGGING_SYMBOLS = YES;
				GCC_INLINES_ARE_PRIVATE_EXTERN = NO;
				GCC_OPTIMIZATION_LEVEL = 0;
				GCC_PREPROCESSOR_DEFINITIONS = ("'CMAKE_INTDIR=\"$(CONFIGURATION)$(EFFECTIVE_PLATFORM_NAME)\"'");
				GCC_SYMBOLS_PRIVATE_EXTERN = NO;
				INSTALL_PATH = "";
				OTHER_LDFLAGS = " ";
				OTHER_REZFLAGS = "";
				PRODUCT_NAME = ALL_BUILD;
				SECTORDER_FLAGS = "";
				SYMROOT = "/Users/mjzheng/Documents/mj_git/oc-sample/IDbg/platforms/ios";
				USE_HEADERMAP = NO;
				WARNING_CFLAGS = ("$(inherited)");
			};
			name = MinSizeRel;
		};
		C3009A7E3ABC4FB3AD0EDBE9 /* MinSizeRel */ = {
			isa = XCBuildConfiguration;
			buildSettings = {
				COMBINE_HIDPI_IMAGES = YES;
				GCC_GENERATE_DEBUGGING_SYMBOLS = YES;
				GCC_INLINES_ARE_PRIVATE_EXTERN = NO;
				GCC_OPTIMIZATION_LEVEL = 0;
				GCC_PREPROCESSOR_DEFINITIONS = ("'CMAKE_INTDIR=\"$(CONFIGURATION)$(EFFECTIVE_PLATFORM_NAME)\"'");
				GCC_SYMBOLS_PRIVATE_EXTERN = NO;
				INSTALL_PATH = "";
				OTHER_LDFLAGS = " ";
				OTHER_REZFLAGS = "";
				PRODUCT_NAME = ZERO_CHECK;
				SECTORDER_FLAGS = "";
				SYMROOT = "/Users/mjzheng/Documents/mj_git/oc-sample/IDbg/platforms/ios";
				USE_HEADERMAP = NO;
				WARNING_CFLAGS = ("$(inherited)");
			};
			name = MinSizeRel;
		};
		C65EA4E3170C482AA6CFA82F /* Release */ = {
			isa = XCBuildConfiguration;
			buildSettings = {
				COMBINE_HIDPI_IMAGES = YES;
				GCC_GENERATE_DEBUGGING_SYMBOLS = YES;
				GCC_INLINES_ARE_PRIVATE_EXTERN = NO;
				GCC_OPTIMIZATION_LEVEL = 0;
				GCC_PREPROCESSOR_DEFINITIONS = ("'CMAKE_INTDIR=\"$(CONFIGURATION)$(EFFECTIVE_PLATFORM_NAME)\"'");
				GCC_SYMBOLS_PRIVATE_EXTERN = NO;
				INSTALL_PATH = "";
				OTHER_LDFLAGS = " ";
				OTHER_REZFLAGS = "";
				PRODUCT_NAME = IDbgAuto;
				SECTORDER_FLAGS = "";
				SYMROOT = "/Users/mjzheng/Documents/mj_git/oc-sample/IDbg/platforms/ios/IDbg";
				USE_HEADERMAP = NO;
				WARNING_CFLAGS = ("$(inherited)");
			};
			name = Release;
		};
		CAB4A7DDF686494995845473 /* MinSizeRel */ = {
			isa = XCBuildConfiguration;
			buildSettings = {
				COMBINE_HIDPI_IMAGES = YES;
				EXECUTABLE_PREFIX = "";
				EXECUTABLE_SUFFIX = "";
				FRAMEWORK_VERSION = A;
				GCC_GENERATE_DEBUGGING_SYMBOLS = NO;
				GCC_INLINES_ARE_PRIVATE_EXTERN = NO;
				GCC_OPTIMIZATION_LEVEL = s;
				GCC_PREPROCESSOR_DEFINITIONS = ("'CMAKE_INTDIR=\"$(CONFIGURATION)$(EFFECTIVE_PLATFORM_NAME)\"'");
				GCC_SYMBOLS_PRIVATE_EXTERN = NO;
				HEADER_SEARCH_PATHS = ("/Users/mjzheng/Documents/mj_git/oc-sample/IDbg/IDbg/.");
				INFOPLIST_FILE = "/Users/mjzheng/Documents/mj_git/oc-sample/IDbg/platforms/ios/IDbg/CMakeFiles/IDbg.dir/Info.plist";
				INSTALL_PATH = "";
				MACH_O_TYPE = staticlib;
				OTHER_CFLAGS = "    -DNDEBUG ";
				OTHER_CPLUSPLUSFLAGS = "    -DNDEBUG '-std=gnu++14' ";
				OTHER_LIBTOOLFLAGS = " ";
				OTHER_REZFLAGS = "";
				PRODUCT_NAME = IDbg;
				SECTORDER_FLAGS = "";
				SKIP_INSTALL = YES;
				SYMROOT = "/Users/mjzheng/Documents/mj_git/oc-sample/IDbg/platforms/ios/IDbg";
				USE_HEADERMAP = NO;
				WARNING_CFLAGS = ("$(inherited)");
			};
			name = MinSizeRel;
		};
		CB591F04BC1B49BD9474301F /* MinSizeRel */ = {
			isa = XCBuildConfiguration;
			buildSettings = {
				CODE_SIGNING_REQUIRED = NO;
				CODE_SIGN_IDENTITY = "";
				ENABLE_BITCODE = NO;
				"EXCLUDED_ARCHS[sdk=iphonesimulator*]" = arm64;
				IPHONEOS_DEPLOYMENT_TARGET = 9.0;
				ONLY_ACTIVE_ARCH = "";
				SDKROOT = /Applications/Xcode.app/Contents/Developer/Platforms/iPhoneOS.platform/Developer/SDKs/iPhoneOS14.4.sdk;
				SYMROOT = "/Users/mjzheng/Documents/mj_git/oc-sample/IDbg/platforms/ios/build";
			};
			name = MinSizeRel;
		};
		D016E22598404D9C874DD24D /* Debug */ = {
			isa = XCBuildConfiguration;
			buildSettings = {
				CODE_SIGNING_REQUIRED = NO;
				CODE_SIGN_IDENTITY = "";
				ENABLE_BITCODE = NO;
				"EXCLUDED_ARCHS[sdk=iphonesimulator*]" = arm64;
				IPHONEOS_DEPLOYMENT_TARGET = 9.0;
				ONLY_ACTIVE_ARCH = "";
				SDKROOT = /Applications/Xcode.app/Contents/Developer/Platforms/iPhoneOS.platform/Developer/SDKs/iPhoneOS14.4.sdk;
				SYMROOT = "/Users/mjzheng/Documents/mj_git/oc-sample/IDbg/platforms/ios/build";
			};
			name = Debug;
		};
		E8FC2C03AA1A49139C0EB02E /* Release */ = {
			isa = XCBuildConfiguration;
			buildSettings = {
				COMBINE_HIDPI_IMAGES = YES;
				GCC_GENERATE_DEBUGGING_SYMBOLS = YES;
				GCC_INLINES_ARE_PRIVATE_EXTERN = NO;
				GCC_OPTIMIZATION_LEVEL = 0;
				GCC_PREPROCESSOR_DEFINITIONS = ("'CMAKE_INTDIR=\"$(CONFIGURATION)$(EFFECTIVE_PLATFORM_NAME)\"'");
				GCC_SYMBOLS_PRIVATE_EXTERN = NO;
				INSTALL_PATH = "";
				OTHER_LDFLAGS = " ";
				OTHER_REZFLAGS = "";
				PRODUCT_NAME = ALL_BUILD;
				SECTORDER_FLAGS = "";
				SYMROOT = "/Users/mjzheng/Documents/mj_git/oc-sample/IDbg/platforms/ios";
				USE_HEADERMAP = NO;
				WARNING_CFLAGS = ("$(inherited)");
			};
			name = Release;
		};
		EABD62E3DECA490D83498276 /* Release */ = {
			isa = XCBuildConfiguration;
			buildSettings = {
				COMBINE_HIDPI_IMAGES = YES;
				EXECUTABLE_PREFIX = "";
				EXECUTABLE_SUFFIX = "";
				FRAMEWORK_VERSION = A;
				GCC_GENERATE_DEBUGGING_SYMBOLS = NO;
				GCC_INLINES_ARE_PRIVATE_EXTERN = NO;
				GCC_OPTIMIZATION_LEVEL = 3;
				GCC_PREPROCESSOR_DEFINITIONS = ("'CMAKE_INTDIR=\"$(CONFIGURATION)$(EFFECTIVE_PLATFORM_NAME)\"'");
				GCC_SYMBOLS_PRIVATE_EXTERN = NO;
				HEADER_SEARCH_PATHS = ("/Users/mjzheng/Documents/mj_git/oc-sample/IDbg/IDbg/.");
				INFOPLIST_FILE = "/Users/mjzheng/Documents/mj_git/oc-sample/IDbg/platforms/ios/IDbg/CMakeFiles/IDbg.dir/Info.plist";
				INSTALL_PATH = "";
				MACH_O_TYPE = staticlib;
				OTHER_CFLAGS = "    -DNDEBUG ";
				OTHER_CPLUSPLUSFLAGS = "-DNDEBUG     -ffast-math '-std=gnu++14' ";
				OTHER_LIBTOOLFLAGS = " ";
				OTHER_REZFLAGS = "";
				PRODUCT_NAME = IDbg;
				SECTORDER_FLAGS = "";
				SKIP_INSTALL = YES;
				SYMROOT = "/Users/mjzheng/Documents/mj_git/oc-sample/IDbg/platforms/ios/IDbg";
				USE_HEADERMAP = NO;
				WARNING_CFLAGS = ("$(inherited)");
			};
			name = Release;
		};
/* End XCBuildConfiguration section */

/* Begin XCConfigurationList section */
		14EF7FED3CD34C77BF8C80B5 /* Build configuration list for PBXNativeTarget "IDbg" */ = {
			isa = XCConfigurationList;
			buildConfigurations = (
				8F5AE2EAAF194ADFB4C17948 /* Debug */,
				EABD62E3DECA490D83498276 /* Release */,
				CAB4A7DDF686494995845473 /* MinSizeRel */,
				3C2315BFB0C84F5CBEBC2BA9 /* RelWithDebInfo */,
			);
			defaultConfigurationIsVisible = 0;
			defaultConfigurationName = Debug;
		};
		3FF07939FC44490A8BFC6037 /* Build configuration list for PBXAggregateTarget "ALL_BUILD" */ = {
			isa = XCConfigurationList;
			buildConfigurations = (
				0162C482B81F422C86F827D7 /* Debug */,
				E8FC2C03AA1A49139C0EB02E /* Release */,
				BF8EC3A66BE94A0589070484 /* MinSizeRel */,
				861F3AD28FB544C9BB169A64 /* RelWithDebInfo */,
			);
			defaultConfigurationIsVisible = 0;
			defaultConfigurationName = Debug;
		};
		9401FEB65E754FF284D66BCB /* Build configuration list for PBXAggregateTarget "ZERO_CHECK" */ = {
			isa = XCConfigurationList;
			buildConfigurations = (
				2D61D069399648FCBE1F233E /* Debug */,
				40A805511BD449D8BFEEDA26 /* Release */,
				C3009A7E3ABC4FB3AD0EDBE9 /* MinSizeRel */,
				5E62086D0D204362AB62CAA8 /* RelWithDebInfo */,
			);
			defaultConfigurationIsVisible = 0;
			defaultConfigurationName = Debug;
		};
		B3C4D0941EB341CFB254854E /* Build configuration list for PBXAggregateTarget "IDbgAuto" */ = {
			isa = XCConfigurationList;
			buildConfigurations = (
				8C04A33711C044DEAA8FBD32 /* Debug */,
				C65EA4E3170C482AA6CFA82F /* Release */,
				A58298D794894FC69E1FF1FA /* MinSizeRel */,
				92FFFF86D2F440EBBF41877D /* RelWithDebInfo */,
			);
			defaultConfigurationIsVisible = 0;
			defaultConfigurationName = Debug;
		};
		DEA6C7E4EF9F4C3CB408FD7D /* Build configuration list for PBXProject "IDbg" */ = {
			isa = XCConfigurationList;
			buildConfigurations = (
				D016E22598404D9C874DD24D /* Debug */,
				883091C711FE455CA7D4BF6A /* Release */,
				CB591F04BC1B49BD9474301F /* MinSizeRel */,
				44D6467353CE4D91B847965A /* RelWithDebInfo */,
			);
			defaultConfigurationIsVisible = 0;
			defaultConfigurationName = Debug;
		};
/* End XCConfigurationList section */
	};
	rootObject = CB0388280FD645B3A678CA69 /* Project object */;
}
