// !$*UTF8*$!
{
	archiveVersion = 1;
	classes = {
	};
	objectVersion = 50;
	objects = {

/* Begin PBXBuildFile section */
		11511A2C25315A3A00B83FAC /* AppDelegate.m in Sources */ = {isa = PBXBuildFile; fileRef = 11511A2B25315A3A00B83FAC /* AppDelegate.m */; };
		11511A2F25315A3A00B83FAC /* ViewController.m in Sources */ = {isa = PBXBuildFile; fileRef = 11511A2E25315A3A00B83FAC /* ViewController.m */; };
		11511A3225315A3A00B83FAC /* Main.storyboard in Resources */ = {isa = PBXBuildFile; fileRef = 11511A3025315A3A00B83FAC /* Main.storyboard */; };
		11511A3425315A3A00B83FAC /* Assets.xcassets in Resources */ = {isa = PBXBuildFile; fileRef = 11511A3325315A3A00B83FAC /* Assets.xcassets */; };
		11511A3725315A3A00B83FAC /* LaunchScreen.storyboard in Resources */ = {isa = PBXBuildFile; fileRef = 11511A3525315A3A00B83FAC /* LaunchScreen.storyboard */; };
		11511A3A25315A3A00B83FAC /* main.m in Sources */ = {isa = PBXBuildFile; fileRef = 11511A3925315A3A00B83FAC /* main.m */; };
		11511A4425315A3A00B83FAC /* IDbgSampleTests.m in Sources */ = {isa = PBXBuildFile; fileRef = 11511A4325315A3A00B83FAC /* IDbgSampleTests.m */; };
		11511A4F25315A3A00B83FAC /* IDbgSampleUITests.m in Sources */ = {isa = PBXBuildFile; fileRef = 11511A4E25315A3A00B83FAC /* IDbgSampleUITests.m */; };
		11511A5E25315BE500B83FAC /* IDbg.framework in Frameworks */ = {isa = PBXBuildFile; fileRef = 11511A5D25315BE500B83FAC /* IDbg.framework */; };
/* End PBXBuildFile section */

/* Begin PBXContainerItemProxy section */
		11511A4025315A3A00B83FAC /* PBXContainerItemProxy */ = {
			isa = PBXContainerItemProxy;
			containerPortal = 11511A1F25315A3A00B83FAC /* Project object */;
			proxyType = 1;
			remoteGlobalIDString = 11511A2625315A3A00B83FAC;
			remoteInfo = IDbgSample;
		};
		11511A4B25315A3A00B83FAC /* PBXContainerItemProxy */ = {
			isa = PBXContainerItemProxy;
			containerPortal = 11511A1F25315A3A00B83FAC /* Project object */;
			proxyType = 1;
			remoteGlobalIDString = 11511A2625315A3A00B83FAC;
			remoteInfo = IDbgSample;
		};
/* End PBXContainerItemProxy section */

/* Begin PBXFileReference section */
		11511A2725315A3A00B83FAC /* IDbgSample.app */ = {isa = PBXFileReference; explicitFileType = wrapper.application; includeInIndex = 0; path = IDbgSample.app; sourceTree = BUILT_PRODUCTS_DIR; };
		11511A2A25315A3A00B83FAC /* AppDelegate.h */ = {isa = PBXFileReference; lastKnownFileType = sourcecode.c.h; path = AppDelegate.h; sourceTree = "<group>"; };
		11511A2B25315A3A00B83FAC /* AppDelegate.m */ = {isa = PBXFileReference; lastKnownFileType = sourcecode.c.objc; path = AppDelegate.m; sourceTree = "<group>"; };
		11511A2D25315A3A00B83FAC /* ViewController.h */ = {isa = PBXFileReference; lastKnownFileType = sourcecode.c.h; path = ViewController.h; sourceTree = "<group>"; };
		11511A2E25315A3A00B83FAC /* ViewController.m */ = {isa = PBXFileReference; lastKnownFileType = sourcecode.c.objc; path = ViewController.m; sourceTree = "<group>"; };
		11511A3125315A3A00B83FAC /* Base */ = {isa = PBXFileReference; lastKnownFileType = file.storyboard; name = Base; path = Base.lproj/Main.storyboard; sourceTree = "<group>"; };
		11511A3325315A3A00B83FAC /* Assets.xcassets */ = {isa = PBXFileReference; lastKnownFileType = folder.assetcatalog; path = Assets.xcassets; sourceTree = "<group>"; };
		11511A3625315A3A00B83FAC /* Base */ = {isa = PBXFileReference; lastKnownFileType = file.storyboard; name = Base; path = Base.lproj/LaunchScreen.storyboard; sourceTree = "<group>"; };
		11511A3825315A3A00B83FAC /* Info.plist */ = {isa = PBXFileReference; lastKnownFileType = text.plist.xml; path = Info.plist; sourceTree = "<group>"; };
		11511A3925315A3A00B83FAC /* main.m */ = {isa = PBXFileReference; lastKnownFileType = sourcecode.c.objc; path = main.m; sourceTree = "<group>"; };
		11511A3F25315A3A00B83FAC /* IDbgSampleTests.xctest */ = {isa = PBXFileReference; explicitFileType = wrapper.cfbundle; includeInIndex = 0; path = IDbgSampleTests.xctest; sourceTree = BUILT_PRODUCTS_DIR; };
		11511A4325315A3A00B83FAC /* IDbgSampleTests.m */ = {isa = PBXFileReference; lastKnownFileType = sourcecode.c.objc; path = IDbgSampleTests.m; sourceTree = "<group>"; };
		11511A4525315A3A00B83FAC /* Info.plist */ = {isa = PBXFileReference; lastKnownFileType = text.plist.xml; path = Info.plist; sourceTree = "<group>"; };
		11511A4A25315A3A00B83FAC /* IDbgSampleUITests.xctest */ = {isa = PBXFileReference; explicitFileType = wrapper.cfbundle; includeInIndex = 0; path = IDbgSampleUITests.xctest; sourceTree = BUILT_PRODUCTS_DIR; };
		11511A4E25315A3A00B83FAC /* IDbgSampleUITests.m */ = {isa = PBXFileReference; lastKnownFileType = sourcecode.c.objc; path = IDbgSampleUITests.m; sourceTree = "<group>"; };
		11511A5025315A3A00B83FAC /* Info.plist */ = {isa = PBXFileReference; lastKnownFileType = text.plist.xml; path = Info.plist; sourceTree = "<group>"; };
		11511A5D25315BE500B83FAC /* IDbg.framework */ = {isa = PBXFileReference; lastKnownFileType = wrapper.framework; name = IDbg.framework; path = ThirdParty/IDbg.framework; sourceTree = "<group>"; };
/* End PBXFileReference section */

/* Begin PBXFrameworksBuildPhase section */
		11511A2425315A3A00B83FAC /* Frameworks */ = {
			isa = PBXFrameworksBuildPhase;
			buildActionMask = 2147483647;
			files = (
				11511A5E25315BE500B83FAC /* IDbg.framework in Frameworks */,
			);
			runOnlyForDeploymentPostprocessing = 0;
		};
		11511A3C25315A3A00B83FAC /* Frameworks */ = {
			isa = PBXFrameworksBuildPhase;
			buildActionMask = 2147483647;
			files = (
			);
			runOnlyForDeploymentPostprocessing = 0;
		};
		11511A4725315A3A00B83FAC /* Frameworks */ = {
			isa = PBXFrameworksBuildPhase;
			buildActionMask = 2147483647;
			files = (
			);
			runOnlyForDeploymentPostprocessing = 0;
		};
/* End PBXFrameworksBuildPhase section */

/* Begin PBXGroup section */
		11511A1E25315A3A00B83FAC = {
			isa = PBXGroup;
			children = (
				11511A2925315A3A00B83FAC /* IDbgSample */,
				11511A4225315A3A00B83FAC /* IDbgSampleTests */,
				11511A4D25315A3A00B83FAC /* IDbgSampleUITests */,
				11511A2825315A3A00B83FAC /* Products */,
				11511A5C25315BE500B83FAC /* Frameworks */,
			);
			sourceTree = "<group>";
		};
		11511A2825315A3A00B83FAC /* Products */ = {
			isa = PBXGroup;
			children = (
				11511A2725315A3A00B83FAC /* IDbgSample.app */,
				11511A3F25315A3A00B83FAC /* IDbgSampleTests.xctest */,
				11511A4A25315A3A00B83FAC /* IDbgSampleUITests.xctest */,
			);
			name = Products;
			sourceTree = "<group>";
		};
		11511A2925315A3A00B83FAC /* IDbgSample */ = {
			isa = PBXGroup;
			children = (
				11511A2A25315A3A00B83FAC /* AppDelegate.h */,
				11511A2B25315A3A00B83FAC /* AppDelegate.m */,
				11511A2D25315A3A00B83FAC /* ViewController.h */,
				11511A2E25315A3A00B83FAC /* ViewController.m */,
				11511A3025315A3A00B83FAC /* Main.storyboard */,
				11511A3325315A3A00B83FAC /* Assets.xcassets */,
				11511A3525315A3A00B83FAC /* LaunchScreen.storyboard */,
				11511A3825315A3A00B83FAC /* Info.plist */,
				11511A3925315A3A00B83FAC /* main.m */,
			);
			path = IDbgSample;
			sourceTree = "<group>";
		};
		11511A4225315A3A00B83FAC /* IDbgSampleTests */ = {
			isa = PBXGroup;
			children = (
				11511A4325315A3A00B83FAC /* IDbgSampleTests.m */,
				11511A4525315A3A00B83FAC /* Info.plist */,
			);
			path = IDbgSampleTests;
			sourceTree = "<group>";
		};
		11511A4D25315A3A00B83FAC /* IDbgSampleUITests */ = {
			isa = PBXGroup;
			children = (
				11511A4E25315A3A00B83FAC /* IDbgSampleUITests.m */,
				11511A5025315A3A00B83FAC /* Info.plist */,
			);
			path = IDbgSampleUITests;
			sourceTree = "<group>";
		};
		11511A5C25315BE500B83FAC /* Frameworks */ = {
			isa = PBXGroup;
			children = (
				11511A5D25315BE500B83FAC /* IDbg.framework */,
			);
			name = Frameworks;
			sourceTree = "<group>";
		};
/* End PBXGroup section */

/* Begin PBXNativeTarget section */
		11511A2625315A3A00B83FAC /* IDbgSample */ = {
			isa = PBXNativeTarget;
			buildConfigurationList = 11511A5325315A3A00B83FAC /* Build configuration list for PBXNativeTarget "IDbgSample" */;
			buildPhases = (
				11511A2325315A3A00B83FAC /* Sources */,
				11511A2425315A3A00B83FAC /* Frameworks */,
				11511A2525315A3A00B83FAC /* Resources */,
			);
			buildRules = (
			);
			dependencies = (
			);
			name = IDbgSample;
			productName = IDbgSample;
			productReference = 11511A2725315A3A00B83FAC /* IDbgSample.app */;
			productType = "com.apple.product-type.application";
		};
		11511A3E25315A3A00B83FAC /* IDbgSampleTests */ = {
			isa = PBXNativeTarget;
			buildConfigurationList = 11511A5625315A3A00B83FAC /* Build configuration list for PBXNativeTarget "IDbgSampleTests" */;
			buildPhases = (
				11511A3B25315A3A00B83FAC /* Sources */,
				11511A3C25315A3A00B83FAC /* Frameworks */,
				11511A3D25315A3A00B83FAC /* Resources */,
			);
			buildRules = (
			);
			dependencies = (
				11511A4125315A3A00B83FAC /* PBXTargetDependency */,
			);
			name = IDbgSampleTests;
			productName = IDbgSampleTests;
			productReference = 11511A3F25315A3A00B83FAC /* IDbgSampleTests.xctest */;
			productType = "com.apple.product-type.bundle.unit-test";
		};
		11511A4925315A3A00B83FAC /* IDbgSampleUITests */ = {
			isa = PBXNativeTarget;
			buildConfigurationList = 11511A5925315A3A00B83FAC /* Build configuration list for PBXNativeTarget "IDbgSampleUITests" */;
			buildPhases = (
				11511A4625315A3A00B83FAC /* Sources */,
				11511A4725315A3A00B83FAC /* Frameworks */,
				11511A4825315A3A00B83FAC /* Resources */,
			);
			buildRules = (
			);
			dependencies = (
				11511A4C25315A3A00B83FAC /* PBXTargetDependency */,
			);
			name = IDbgSampleUITests;
			productName = IDbgSampleUITests;
			productReference = 11511A4A25315A3A00B83FAC /* IDbgSampleUITests.xctest */;
			productType = "com.apple.product-type.bundle.ui-testing";
		};
/* End PBXNativeTarget section */

/* Begin PBXProject section */
		11511A1F25315A3A00B83FAC /* Project object */ = {
			isa = PBXProject;
			attributes = {
				LastUpgradeCheck = 1010;
				ORGANIZATIONNAME = mjzheng;
				TargetAttributes = {
					11511A2625315A3A00B83FAC = {
						CreatedOnToolsVersion = 10.1;
					};
					11511A3E25315A3A00B83FAC = {
						CreatedOnToolsVersion = 10.1;
						TestTargetID = 11511A2625315A3A00B83FAC;
					};
					11511A4925315A3A00B83FAC = {
						CreatedOnToolsVersion = 10.1;
						TestTargetID = 11511A2625315A3A00B83FAC;
					};
				};
			};
			buildConfigurationList = 11511A2225315A3A00B83FAC /* Build configuration list for PBXProject "IDbgSample" */;
			compatibilityVersion = "Xcode 9.3";
			developmentRegion = en;
			hasScannedForEncodings = 0;
			knownRegions = (
				en,
				Base,
			);
			mainGroup = 11511A1E25315A3A00B83FAC;
			productRefGroup = 11511A2825315A3A00B83FAC /* Products */;
			projectDirPath = "";
			projectRoot = "";
			targets = (
				11511A2625315A3A00B83FAC /* IDbgSample */,
				11511A3E25315A3A00B83FAC /* IDbgSampleTests */,
				11511A4925315A3A00B83FAC /* IDbgSampleUITests */,
			);
		};
/* End PBXProject section */

/* Begin PBXResourcesBuildPhase section */
		11511A2525315A3A00B83FAC /* Resources */ = {
			isa = PBXResourcesBuildPhase;
			buildActionMask = 2147483647;
			files = (
				11511A3725315A3A00B83FAC /* LaunchScreen.storyboard in Resources */,
				11511A3425315A3A00B83FAC /* Assets.xcassets in Resources */,
				11511A3225315A3A00B83FAC /* Main.storyboard in Resources */,
			);
			runOnlyForDeploymentPostprocessing = 0;
		};
		11511A3D25315A3A00B83FAC /* Resources */ = {
			isa = PBXResourcesBuildPhase;
			buildActionMask = 2147483647;
			files = (
			);
			runOnlyForDeploymentPostprocessing = 0;
		};
		11511A4825315A3A00B83FAC /* Resources */ = {
			isa = PBXResourcesBuildPhase;
			buildActionMask = 2147483647;
			files = (
			);
			runOnlyForDeploymentPostprocessing = 0;
		};
/* End PBXResourcesBuildPhase section */

/* Begin PBXSourcesBuildPhase section */
		11511A2325315A3A00B83FAC /* Sources */ = {
			isa = PBXSourcesBuildPhase;
			buildActionMask = 2147483647;
			files = (
				11511A2F25315A3A00B83FAC /* ViewController.m in Sources */,
				11511A3A25315A3A00B83FAC /* main.m in Sources */,
				11511A2C25315A3A00B83FAC /* AppDelegate.m in Sources */,
			);
			runOnlyForDeploymentPostprocessing = 0;
		};
		11511A3B25315A3A00B83FAC /* Sources */ = {
			isa = PBXSourcesBuildPhase;
			buildActionMask = 2147483647;
			files = (
				11511A4425315A3A00B83FAC /* IDbgSampleTests.m in Sources */,
			);
			runOnlyForDeploymentPostprocessing = 0;
		};
		11511A4625315A3A00B83FAC /* Sources */ = {
			isa = PBXSourcesBuildPhase;
			buildActionMask = 2147483647;
			files = (
				11511A4F25315A3A00B83FAC /* IDbgSampleUITests.m in Sources */,
			);
			runOnlyForDeploymentPostprocessing = 0;
		};
/* End PBXSourcesBuildPhase section */

/* Begin PBXTargetDependency section */
		11511A4125315A3A00B83FAC /* PBXTargetDependency */ = {
			isa = PBXTargetDependency;
			target = 11511A2625315A3A00B83FAC /* IDbgSample */;
			targetProxy = 11511A4025315A3A00B83FAC /* PBXContainerItemProxy */;
		};
		11511A4C25315A3A00B83FAC /* PBXTargetDependency */ = {
			isa = PBXTargetDependency;
			target = 11511A2625315A3A00B83FAC /* IDbgSample */;
			targetProxy = 11511A4B25315A3A00B83FAC /* PBXContainerItemProxy */;
		};
/* End PBXTargetDependency section */

/* Begin PBXVariantGroup section */
		11511A3025315A3A00B83FAC /* Main.storyboard */ = {
			isa = PBXVariantGroup;
			children = (
				11511A3125315A3A00B83FAC /* Base */,
			);
			name = Main.storyboard;
			sourceTree = "<group>";
		};
		11511A3525315A3A00B83FAC /* LaunchScreen.storyboard */ = {
			isa = PBXVariantGroup;
			children = (
				11511A3625315A3A00B83FAC /* Base */,
			);
			name = LaunchScreen.storyboard;
			sourceTree = "<group>";
		};
/* End PBXVariantGroup section */

/* Begin XCBuildConfiguration section */
		11511A5125315A3A00B83FAC /* Debug */ = {
			isa = XCBuildConfiguration;
			buildSettings = {
				ALWAYS_SEARCH_USER_PATHS = NO;
				CLANG_ANALYZER_NONNULL = YES;
				CLANG_ANALYZER_NUMBER_OBJECT_CONVERSION = YES_AGGRESSIVE;
				CLANG_CXX_LANGUAGE_STANDARD = "gnu++14";
				CLANG_CXX_LIBRARY = "libc++";
				CLANG_ENABLE_MODULES = YES;
				CLANG_ENABLE_OBJC_ARC = YES;
				CLANG_ENABLE_OBJC_WEAK = YES;
				CLANG_WARN_BLOCK_CAPTURE_AUTORELEASING = YES;
				CLANG_WARN_BOOL_CONVERSION = YES;
				CLANG_WARN_COMMA = YES;
				CLANG_WARN_CONSTANT_CONVERSION = YES;
				CLANG_WARN_DEPRECATED_OBJC_IMPLEMENTATIONS = YES;
				CLANG_WARN_DIRECT_OBJC_ISA_USAGE = YES_ERROR;
				CLANG_WARN_DOCUMENTATION_COMMENTS = YES;
				CLANG_WARN_EMPTY_BODY = YES;
				CLANG_WARN_ENUM_CONVERSION = YES;
				CLANG_WARN_INFINITE_RECURSION = YES;
				CLANG_WARN_INT_CONVERSION = YES;
				CLANG_WARN_NON_LITERAL_NULL_CONVERSION = YES;
				CLANG_WARN_OBJC_IMPLICIT_RETAIN_SELF = YES;
				CLANG_WARN_OBJC_LITERAL_CONVERSION = YES;
				CLANG_WARN_OBJC_ROOT_CLASS = YES_ERROR;
				CLANG_WARN_RANGE_LOOP_ANALYSIS = YES;
				CLANG_WARN_STRICT_PROTOTYPES = YES;
				CLANG_WARN_SUSPICIOUS_MOVE = YES;
				CLANG_WARN_UNGUARDED_AVAILABILITY = YES_AGGRESSIVE;
				CLANG_WARN_UNREACHABLE_CODE = YES;
				CLANG_WARN__DUPLICATE_METHOD_MATCH = YES;
				CODE_SIGN_IDENTITY = "iPhone Developer";
				COPY_PHASE_STRIP = NO;
				DEBUG_INFORMATION_FORMAT = dwarf;
				ENABLE_STRICT_OBJC_MSGSEND = YES;
				ENABLE_TESTABILITY = YES;
				GCC_C_LANGUAGE_STANDARD = gnu11;
				GCC_DYNAMIC_NO_PIC = NO;
				GCC_NO_COMMON_BLOCKS = YES;
				GCC_OPTIMIZATION_LEVEL = 0;
				GCC_PREPROCESSOR_DEFINITIONS = (
					"DEBUG=1",
					"$(inherited)",
				);
				GCC_WARN_64_TO_32_BIT_CONVERSION = YES;
				GCC_WARN_ABOUT_RETURN_TYPE = YES_ERROR;
				GCC_WARN_UNDECLARED_SELECTOR = YES;
				GCC_WARN_UNINITIALIZED_AUTOS = YES_AGGRESSIVE;
				GCC_WARN_UNUSED_FUNCTION = YES;
				GCC_WARN_UNUSED_VARIABLE = YES;
				IPHONEOS_DEPLOYMENT_TARGET = 12.1;
				MTL_ENABLE_DEBUG_INFO = INCLUDE_SOURCE;
				MTL_FAST_MATH = YES;
				ONLY_ACTIVE_ARCH = YES;
				SDKROOT = iphoneos;
			};
			name = Debug;
		};
		11511A5225315A3A00B83FAC /* Release */ = {
			isa = XCBuildConfiguration;
			buildSettings = {
				ALWAYS_SEARCH_USER_PATHS = NO;
				CLANG_ANALYZER_NONNULL = YES;
				CLANG_ANALYZER_NUMBER_OBJECT_CONVERSION = YES_AGGRESSIVE;
				CLANG_CXX_LANGUAGE_STANDARD = "gnu++14";
				CLANG_CXX_LIBRARY = "libc++";
				CLANG_ENABLE_MODULES = YES;
				CLANG_ENABLE_OBJC_ARC = YES;
				CLANG_ENABLE_OBJC_WEAK = YES;
				CLANG_WARN_BLOCK_CAPTURE_AUTORELEASING = YES;
				CLANG_WARN_BOOL_CONVERSION = YES;
				CLANG_WARN_COMMA = YES;
				CLANG_WARN_CONSTANT_CONVERSION = YES;
				CLANG_WARN_DEPRECATED_OBJC_IMPLEMENTATIONS = YES;
				CLANG_WARN_DIRECT_OBJC_ISA_USAGE = YES_ERROR;
				CLANG_WARN_DOCUMENTATION_COMMENTS = YES;
				CLANG_WARN_EMPTY_BODY = YES;
				CLANG_WARN_ENUM_CONVERSION = YES;
				CLANG_WARN_INFINITE_RECURSION = YES;
				CLANG_WARN_INT_CONVERSION = YES;
				CLANG_WARN_NON_LITERAL_NULL_CONVERSION = YES;
				CLANG_WARN_OBJC_IMPLICIT_RETAIN_SELF = YES;
				CLANG_WARN_OBJC_LITERAL_CONVERSION = YES;
				CLANG_WARN_OBJC_ROOT_CLASS = YES_ERROR;
				CLANG_WARN_RANGE_LOOP_ANALYSIS = YES;
				CLANG_WARN_STRICT_PROTOTYPES = YES;
				CLANG_WARN_SUSPICIOUS_MOVE = YES;
				CLANG_WARN_UNGUARDED_AVAILABILITY = YES_AGGRESSIVE;
				CLANG_WARN_UNREACHABLE_CODE = YES;
				CLANG_WARN__DUPLICATE_METHOD_MATCH = YES;
				CODE_SIGN_IDENTITY = "iPhone Developer";
				COPY_PHASE_STRIP = NO;
				DEBUG_INFORMATION_FORMAT = "dwarf-with-dsym";
				ENABLE_NS_ASSERTIONS = NO;
				ENABLE_STRICT_OBJC_MSGSEND = YES;
				GCC_C_LANGUAGE_STANDARD = gnu11;
				GCC_NO_COMMON_BLOCKS = YES;
				GCC_WARN_64_TO_32_BIT_CONVERSION = YES;
				GCC_WARN_ABOUT_RETURN_TYPE = YES_ERROR;
				GCC_WARN_UNDECLARED_SELECTOR = YES;
				GCC_WARN_UNINITIALIZED_AUTOS = YES_AGGRESSIVE;
				GCC_WARN_UNUSED_FUNCTION = YES;
				GCC_WARN_UNUSED_VARIABLE = YES;
				IPHONEOS_DEPLOYMENT_TARGET = 12.1;
				MTL_ENABLE_DEBUG_INFO = NO;
				MTL_FAST_MATH = YES;
				SDKROOT = iphoneos;
				VALIDATE_PRODUCT = YES;
			};
			name = Release;
		};
		11511A5425315A3A00B83FAC /* Debug */ = {
			isa = XCBuildConfiguration;
			buildSettings = {
				ASSETCATALOG_COMPILER_APPICON_NAME = AppIcon;
				CODE_SIGN_STYLE = Automatic;
				DEVELOPMENT_TEAM = 3C948DA9P6;
				FRAMEWORK_SEARCH_PATHS = (
					"$(inherited)",
					"$(PROJECT_DIR)/ThirdParty",
				);
				INFOPLIST_FILE = IDbgSample/Info.plist;
				IPHONEOS_DEPLOYMENT_TARGET = 9.3;
				LD_RUNPATH_SEARCH_PATHS = (
					"$(inherited)",
					"@executable_path/Frameworks",
				);
				PRODUCT_BUNDLE_IDENTIFIER = com.mj.IDbgSample;
				PRODUCT_NAME = "$(TARGET_NAME)";
				TARGETED_DEVICE_FAMILY = "1,2";
			};
			name = Debug;
		};
		11511A5525315A3A00B83FAC /* Release */ = {
			isa = XCBuildConfiguration;
			buildSettings = {
				ASSETCATALOG_COMPILER_APPICON_NAME = AppIcon;
				CODE_SIGN_STYLE = Automatic;
				DEVELOPMENT_TEAM = 3C948DA9P6;
				FRAMEWORK_SEARCH_PATHS = (
					"$(inherited)",
					"$(PROJECT_DIR)/ThirdParty",
				);
				INFOPLIST_FILE = IDbgSample/Info.plist;
				IPHONEOS_DEPLOYMENT_TARGET = 9.3;
				LD_RUNPATH_SEARCH_PATHS = (
					"$(inherited)",
					"@executable_path/Frameworks",
				);
				PRODUCT_BUNDLE_IDENTIFIER = com.mj.IDbgSample;
				PRODUCT_NAME = "$(TARGET_NAME)";
				TARGETED_DEVICE_FAMILY = "1,2";
			};
			name = Release;
		};
		11511A5725315A3A00B83FAC /* Debug */ = {
			isa = XCBuildConfiguration;
			buildSettings = {
				BUNDLE_LOADER = "$(TEST_HOST)";
				CODE_SIGN_STYLE = Automatic;
				DEVELOPMENT_TEAM = 3C948DA9P6;
				INFOPLIST_FILE = IDbgSampleTests/Info.plist;
				LD_RUNPATH_SEARCH_PATHS = (
					"$(inherited)",
					"@executable_path/Frameworks",
					"@loader_path/Frameworks",
				);
				PRODUCT_BUNDLE_IDENTIFIER = com.mj.IDbgSampleTests;
				PRODUCT_NAME = "$(TARGET_NAME)";
				TARGETED_DEVICE_FAMILY = "1,2";
				TEST_HOST = "$(BUILT_PRODUCTS_DIR)/IDbgSample.app/IDbgSample";
			};
			name = Debug;
		};
		11511A5825315A3A00B83FAC /* Release */ = {
			isa = XCBuildConfiguration;
			buildSettings = {
				BUNDLE_LOADER = "$(TEST_HOST)";
				CODE_SIGN_STYLE = Automatic;
				DEVELOPMENT_TEAM = 3C948DA9P6;
				INFOPLIST_FILE = IDbgSampleTests/Info.plist;
				LD_RUNPATH_SEARCH_PATHS = (
					"$(inherited)",
					"@executable_path/Frameworks",
					"@loader_path/Frameworks",
				);
				PRODUCT_BUNDLE_IDENTIFIER = com.mj.IDbgSampleTests;
				PRODUCT_NAME = "$(TARGET_NAME)";
				TARGETED_DEVICE_FAMILY = "1,2";
				TEST_HOST = "$(BUILT_PRODUCTS_DIR)/IDbgSample.app/IDbgSample";
			};
			name = Release;
		};
		11511A5A25315A3A00B83FAC /* Debug */ = {
			isa = XCBuildConfiguration;
			buildSettings = {
				CODE_SIGN_STYLE = Automatic;
				DEVELOPMENT_TEAM = 3C948DA9P6;
				INFOPLIST_FILE = IDbgSampleUITests/Info.plist;
				LD_RUNPATH_SEARCH_PATHS = (
					"$(inherited)",
					"@executable_path/Frameworks",
					"@loader_path/Frameworks",
				);
				PRODUCT_BUNDLE_IDENTIFIER = com.mj.IDbgSampleUITests;
				PRODUCT_NAME = "$(TARGET_NAME)";
				TARGETED_DEVICE_FAMILY = "1,2";
				TEST_TARGET_NAME = IDbgSample;
			};
			name = Debug;
		};
		11511A5B25315A3A00B83FAC /* Release */ = {
			isa = XCBuildConfiguration;
			buildSettings = {
				CODE_SIGN_STYLE = Automatic;
				DEVELOPMENT_TEAM = 3C948DA9P6;
				INFOPLIST_FILE = IDbgSampleUITests/Info.plist;
				LD_RUNPATH_SEARCH_PATHS = (
					"$(inherited)",
					"@executable_path/Frameworks",
					"@loader_path/Frameworks",
				);
				PRODUCT_BUNDLE_IDENTIFIER = com.mj.IDbgSampleUITests;
				PRODUCT_NAME = "$(TARGET_NAME)";
				TARGETED_DEVICE_FAMILY = "1,2";
				TEST_TARGET_NAME = IDbgSample;
			};
			name = Release;
		};
/* End XCBuildConfiguration section */

/* Begin XCConfigurationList section */
		11511A2225315A3A00B83FAC /* Build configuration list for PBXProject "IDbgSample" */ = {
			isa = XCConfigurationList;
			buildConfigurations = (
				11511A5125315A3A00B83FAC /* Debug */,
				11511A5225315A3A00B83FAC /* Release */,
			);
			defaultConfigurationIsVisible = 0;
			defaultConfigurationName = Release;
		};
		11511A5325315A3A00B83FAC /* Build configuration list for PBXNativeTarget "IDbgSample" */ = {
			isa = XCConfigurationList;
			buildConfigurations = (
				11511A5425315A3A00B83FAC /* Debug */,
				11511A5525315A3A00B83FAC /* Release */,
			);
			defaultConfigurationIsVisible = 0;
			defaultConfigurationName = Release;
		};
		11511A5625315A3A00B83FAC /* Build configuration list for PBXNativeTarget "IDbgSampleTests" */ = {
			isa = XCConfigurationList;
			buildConfigurations = (
				11511A5725315A3A00B83FAC /* Debug */,
				11511A5825315A3A00B83FAC /* Release */,
			);
			defaultConfigurationIsVisible = 0;
			defaultConfigurationName = Release;
		};
		11511A5925315A3A00B83FAC /* Build configuration list for PBXNativeTarget "IDbgSampleUITests" */ = {
			isa = XCConfigurationList;
			buildConfigurations = (
				11511A5A25315A3A00B83FAC /* Debug */,
				11511A5B25315A3A00B83FAC /* Release */,
			);
			defaultConfigurationIsVisible = 0;
			defaultConfigurationName = Release;
		};
/* End XCConfigurationList section */
	};
	rootObject = 11511A1F25315A3A00B83FAC /* Project object */;
}
