// !$*UTF8*$!
{
	archiveVersion = 1;
	classes = {
	};
	objectVersion = 46;
	objects = {

/* Begin PBXAggregateTarget section */
		195ADFAFD5BE49959FFB438A /* ZERO_CHECK */ = {
			isa = PBXAggregateTarget;
			buildConfigurationList = 97837A3E280344EF97AD4B2A /* Build configuration list for PBXAggregateTarget "ZERO_CHECK" */;
			buildPhases = (
				E54D21FA82C84C638D93DFE9 /* CMake Rules */,
			);
			dependencies = (
			);
			name = ZERO_CHECK;
			productName = ZERO_CHECK;
		};
		2D628EF79E754DBB8E4F1F7D /* ALL_BUILD */ = {
			isa = PBXAggregateTarget;
			buildConfigurationList = B78480EB26974C8BAC07ED3C /* Build configuration list for PBXAggregateTarget "ALL_BUILD" */;
			buildPhases = (
				7E658BA974CD4BEAA50145CC /* CMake Rules */,
			);
			dependencies = (
				AED4D25A03704651AB98410D /* PBXTargetDependency */,
				9FD1B0FFDEB04277BB1DC956 /* PBXTargetDependency */,
			);
			name = ALL_BUILD;
			productName = ALL_BUILD;
		};
		6AF5AAA49D8C4382A5AD9A4F /* IDbg-auto */ = {
			isa = PBXAggregateTarget;
			buildConfigurationList = ACD9AD8497A34748AFB4C317 /* Build configuration list for PBXAggregateTarget "IDbg-auto" */;
			buildPhases = (
				9CD203A425714893AC75924B /* CMake PostBuild Rules */,
			);
			dependencies = (
				76E61C7FA4DC45DE90CD69A0 /* PBXTargetDependency */,
			);
			name = "IDbg-auto";
			productName = "IDbg-auto";
		};
/* End PBXAggregateTarget section */

/* Begin PBXBuildFile section */
		142AC6FE79F34DA1B39A5EEA /* mini_dump_file.h in Headers */ = {isa = PBXBuildFile; fileRef = B7A2AA8D915A4981885FD90F /* mini_dump_file.h */; settings = {ATTRIBUTES = (Public, ); }; };
		41E77EACF5A74BAEB172EFA6 /* mini_dump_file.cc in Sources */ = {isa = PBXBuildFile; fileRef = A7CB6E7B72AA4F708187B1F0 /* mini_dump_file.cc */; };
		5ACF4F3353A14CC7964D70ED /* thread_cpu_info.cc in Sources */ = {isa = PBXBuildFile; fileRef = 428B751D40C149A89385452F /* thread_cpu_info.cc */; };
		5FC47237CB1145AEB14D5D85 /* sys_util.mm in Sources */ = {isa = PBXBuildFile; fileRef = 4621BB32D6764CD38B6CF5EB /* sys_util.mm */; };
		A757C838167345C0B565B9D6 /* ks_dynamic_linker.c in Sources */ = {isa = PBXBuildFile; fileRef = 66BE89AB626D419EBEF954EA /* ks_dynamic_linker.c */; };
		B16A35095D8446D58817FB73 /* thread_model.h in Headers */ = {isa = PBXBuildFile; fileRef = A39E53797FEE4C8A8C164F8C /* thread_model.h */; settings = {ATTRIBUTES = (Public, ); }; };
		B34CF742D69B47FEADCC7CAB /* thread_cpu_info.h in Headers */ = {isa = PBXBuildFile; fileRef = EE3E3909A5EB439193C300AD /* thread_cpu_info.h */; settings = {ATTRIBUTES = (Public, ); }; };
		BB36D6883BA14878A376F5BC /* thread_model.cc in Sources */ = {isa = PBXBuildFile; fileRef = 32FB2232C8A14549B1F53D8E /* thread_model.cc */; };
		FCF22539EDA1463BA8EDBF48 /* sys_util.cc in Sources */ = {isa = PBXBuildFile; fileRef = 9F9EB8B3611149D8A660D541 /* sys_util.cc */; };
/* End PBXBuildFile section */

/* Begin PBXContainerItemProxy section */
		159BB1BAA16646CEA6141A08 /* PBXContainerItemProxy */ = {
			isa = PBXContainerItemProxy;
			containerPortal = 1D30E5D845894330958071FD /* Project object */;
			proxyType = 1;
			remoteGlobalIDString = 195ADFAFD5BE49959FFB438A;
			remoteInfo = ZERO_CHECK;
		};
		89B7C8049F2D4B0196DFDF83 /* PBXContainerItemProxy */ = {
			isa = PBXContainerItemProxy;
			containerPortal = 1D30E5D845894330958071FD /* Project object */;
			proxyType = 1;
			remoteGlobalIDString = 685757A77BA641D7BAB97AA7;
			remoteInfo = IDbg;
		};
		8BDEABCC8C6C4D28A23CA9D3 /* PBXContainerItemProxy */ = {
			isa = PBXContainerItemProxy;
			containerPortal = 1D30E5D845894330958071FD /* Project object */;
			proxyType = 1;
			remoteGlobalIDString = 195ADFAFD5BE49959FFB438A;
			remoteInfo = ZERO_CHECK;
		};
		92E4C9AA1B5D412B9EB070FB /* PBXContainerItemProxy */ = {
			isa = PBXContainerItemProxy;
			containerPortal = 1D30E5D845894330958071FD /* Project object */;
			proxyType = 1;
			remoteGlobalIDString = 195ADFAFD5BE49959FFB438A;
			remoteInfo = ZERO_CHECK;
		};
/* End PBXContainerItemProxy section */

/* Begin PBXFileReference section */
		29A818C063B4419796107BCC /* CMakeLists.txt */ = {isa = PBXFileReference; explicitFileType = sourcecode.text; fileEncoding = 4; lastKnownFileType = text; name = CMakeLists.txt; path = IDbg/CMakeLists.txt; sourceTree = SOURCE_ROOT; };
		32FB2232C8A14549B1F53D8E /* thread_model.cc */ = {isa = PBXFileReference; explicitFileType = sourcecode.cpp.cpp; fileEncoding = 4; name = thread_model.cc; path = IDbg/thread_model.cc; sourceTree = SOURCE_ROOT; };
		428B751D40C149A89385452F /* thread_cpu_info.cc */ = {isa = PBXFileReference; explicitFileType = sourcecode.cpp.cpp; fileEncoding = 4; name = thread_cpu_info.cc; path = IDbg/thread_cpu_info.cc; sourceTree = SOURCE_ROOT; };
		454C7047C7BF40658C1CFA0F /* CMakeLists.txt */ = {isa = PBXFileReference; explicitFileType = sourcecode.text; fileEncoding = 4; lastKnownFileType = text; path = CMakeLists.txt; sourceTree = SOURCE_ROOT; };
		4621BB32D6764CD38B6CF5EB /* sys_util.mm */ = {isa = PBXFileReference; explicitFileType = sourcecode.cpp.objcpp; fileEncoding = 4; name = sys_util.mm; path = IDbg/sys_util.mm; sourceTree = SOURCE_ROOT; };
		5023BB20A92445FAB4CBD57E /* CMakeLists.txt */ = {isa = PBXFileReference; explicitFileType = sourcecode.text; fileEncoding = 4; lastKnownFileType = text; name = CMakeLists.txt; path = IDbg/CMakeLists.txt; sourceTree = SOURCE_ROOT; };
		66BE89AB626D419EBEF954EA /* ks_dynamic_linker.c */ = {isa = PBXFileReference; explicitFileType = sourcecode.c.c; fileEncoding = 4; name = ks_dynamic_linker.c; path = IDbg/ks_dynamic_linker.c; sourceTree = SOURCE_ROOT; };
		9F9308472E7E4290AD3D3DB9 /* IDbg.framework */ = {isa = PBXFileReference; explicitFileType = wrapper.framework; path = IDbg.framework; sourceTree = BUILT_PRODUCTS_DIR; };
		9F9EB8B3611149D8A660D541 /* sys_util.cc */ = {isa = PBXFileReference; explicitFileType = sourcecode.cpp.cpp; fileEncoding = 4; name = sys_util.cc; path = IDbg/sys_util.cc; sourceTree = SOURCE_ROOT; };
		A39E53797FEE4C8A8C164F8C /* thread_model.h */ = {isa = PBXFileReference; explicitFileType = sourcecode.c.h; fileEncoding = 4; name = thread_model.h; path = IDbg/thread_model.h; sourceTree = SOURCE_ROOT; };
		A7CB6E7B72AA4F708187B1F0 /* mini_dump_file.cc */ = {isa = PBXFileReference; explicitFileType = sourcecode.cpp.cpp; fileEncoding = 4; name = mini_dump_file.cc; path = IDbg/mini_dump_file.cc; sourceTree = SOURCE_ROOT; };
		AC29C34CFD7542ED83F96F51 /* Info.plist */ = {isa = PBXFileReference; explicitFileType = sourcecode.text.plist; fileEncoding = 4; lastKnownFileType = text.plist.xml; name = Info.plist; path = project/ios/IDbg/CMakeFiles/IDbg.dir/Info.plist; sourceTree = SOURCE_ROOT; };
		B7A2AA8D915A4981885FD90F /* mini_dump_file.h */ = {isa = PBXFileReference; explicitFileType = sourcecode.c.h; fileEncoding = 4; name = mini_dump_file.h; path = IDbg/mini_dump_file.h; sourceTree = SOURCE_ROOT; };
		EE3E3909A5EB439193C300AD /* thread_cpu_info.h */ = {isa = PBXFileReference; explicitFileType = sourcecode.c.h; fileEncoding = 4; name = thread_cpu_info.h; path = IDbg/thread_cpu_info.h; sourceTree = SOURCE_ROOT; };
/* End PBXFileReference section */

/* Begin PBXGroup section */
		3AEAEC4F5F5A4B9CB4B173D7 /* Source Files */ = {
			isa = PBXGroup;
			children = (
				66BE89AB626D419EBEF954EA /* ks_dynamic_linker.c */,
				A7CB6E7B72AA4F708187B1F0 /* mini_dump_file.cc */,
				9F9EB8B3611149D8A660D541 /* sys_util.cc */,
				4621BB32D6764CD38B6CF5EB /* sys_util.mm */,
				428B751D40C149A89385452F /* thread_cpu_info.cc */,
				32FB2232C8A14549B1F53D8E /* thread_model.cc */,
			);
			name = "Source Files";
			sourceTree = "<group>";
		};
		49312AA6C5DA4BAAB135B187 /* CMake Rules */ = {
			isa = PBXGroup;
			children = (
			);
			name = "CMake Rules";
			sourceTree = "<group>";
		};
		7928CB37A8CF400097E59A9A /* IDbg */ = {
			isa = PBXGroup;
			children = (
				3AEAEC4F5F5A4B9CB4B173D7 /* Source Files */,
				FEB17468AC83487C9BB54D64 /* Header Files */,
				C1D3A5F9168245118031850E /* Resources */,
				5023BB20A92445FAB4CBD57E /* CMakeLists.txt */,
			);
			name = IDbg;
			sourceTree = "<group>";
		};
		AFE2F9907109464E99CCC838 = {
			isa = PBXGroup;
			children = (
				D9FD068315844A4391D29519 /* ALL_BUILD */,
				EE3F235BE74544979826C1BC /* IDbg-auto */,
				7928CB37A8CF400097E59A9A /* IDbg */,
				EEB08C9967A341459B7189FE /* Products */,
			);
			sourceTree = "<group>";
		};
		C1D3A5F9168245118031850E /* Resources */ = {
			isa = PBXGroup;
			children = (
				AC29C34CFD7542ED83F96F51 /* Info.plist */,
			);
			name = Resources;
			sourceTree = "<group>";
		};
		D9FD068315844A4391D29519 /* ALL_BUILD */ = {
			isa = PBXGroup;
			children = (
				49312AA6C5DA4BAAB135B187 /* CMake Rules */,
				454C7047C7BF40658C1CFA0F /* CMakeLists.txt */,
			);
			name = ALL_BUILD;
			sourceTree = "<group>";
		};
		EE3F235BE74544979826C1BC /* IDbg-auto */ = {
			isa = PBXGroup;
			children = (
				29A818C063B4419796107BCC /* CMakeLists.txt */,
			);
			name = "IDbg-auto";
			sourceTree = "<group>";
		};
		EEB08C9967A341459B7189FE /* Products */ = {
			isa = PBXGroup;
			children = (
				9F9308472E7E4290AD3D3DB9 /* IDbg.framework */,
			);
			name = Products;
			sourceTree = "<group>";
		};
		FEB17468AC83487C9BB54D64 /* Header Files */ = {
			isa = PBXGroup;
			children = (
				B7A2AA8D915A4981885FD90F /* mini_dump_file.h */,
				EE3E3909A5EB439193C300AD /* thread_cpu_info.h */,
				A39E53797FEE4C8A8C164F8C /* thread_model.h */,
			);
			name = "Header Files";
			sourceTree = "<group>";
		};
/* End PBXGroup section */

/* Begin PBXHeadersBuildPhase section */
		5F49E84F3149443291D93593 /* Headers */ = {
			isa = PBXHeadersBuildPhase;
			buildActionMask = 2147483647;
			files = (
				142AC6FE79F34DA1B39A5EEA /* mini_dump_file.h in Headers */,
				B34CF742D69B47FEADCC7CAB /* thread_cpu_info.h in Headers */,
				B16A35095D8446D58817FB73 /* thread_model.h in Headers */,
			);
			runOnlyForDeploymentPostprocessing = 0;
		};
/* End PBXHeadersBuildPhase section */

/* Begin PBXNativeTarget section */
		685757A77BA641D7BAB97AA7 /* IDbg */ = {
			isa = PBXNativeTarget;
			buildConfigurationList = 59AF74E66C174EC0B770C6EC /* Build configuration list for PBXNativeTarget "IDbg" */;
			buildPhases = (
				5F49E84F3149443291D93593 /* Headers */,
				EE5DFCC41AD84D5A95D08A16 /* Sources */,
			);
			buildRules = (
			);
			dependencies = (
				5FE9061A7D6044F29214FE8B /* PBXTargetDependency */,
			);
			name = IDbg;
			productName = IDbg;
			productReference = 9F9308472E7E4290AD3D3DB9 /* IDbg.framework */;
			productType = "com.apple.product-type.framework";
		};
/* End PBXNativeTarget section */

/* Begin PBXProject section */
		1D30E5D845894330958071FD /* Project object */ = {
			isa = PBXProject;
			attributes = {
				LastUpgradeCheck = 1240;
				TargetAttributes = {
					685757A77BA641D7BAB97AA7 = {
						DevelopmentTeam = 3C948DA9P6;
					};
				};
			};
			buildConfigurationList = A88063FA53C34143B67DA945 /* Build configuration list for PBXProject "IDbg" */;
			compatibilityVersion = "Xcode 3.2";
			developmentRegion = en;
			hasScannedForEncodings = 0;
			knownRegions = (
				en,
				Base,
			);
			mainGroup = AFE2F9907109464E99CCC838;
			projectDirPath = ../../;
			projectRoot = "";
			targets = (
				2D628EF79E754DBB8E4F1F7D /* ALL_BUILD */,
				685757A77BA641D7BAB97AA7 /* IDbg */,
				6AF5AAA49D8C4382A5AD9A4F /* IDbg-auto */,
				195ADFAFD5BE49959FFB438A /* ZERO_CHECK */,
			);
		};
/* End PBXProject section */

/* Begin PBXShellScriptBuildPhase section */
		7E658BA974CD4BEAA50145CC /* CMake Rules */ = {
			isa = PBXShellScriptBuildPhase;
			buildActionMask = 2147483647;
			files = (
			);
			name = "CMake Rules";
			runOnlyForDeploymentPostprocessing = 0;
			shellPath = /bin/sh;
			shellScript = "make -C /Users/mjzheng/Documents/mj_git/oc-sample/IDbg/project/ios -f /Users/mjzheng/Documents/mj_git/oc-sample/IDbg/project/ios/CMakeScripts/ALL_BUILD_cmakeRulesBuildPhase.make$CONFIGURATION OBJDIR=$(basename \"$OBJECT_FILE_DIR_normal\") all";
			showEnvVarsInLog = 0;
		};
		9CD203A425714893AC75924B /* CMake PostBuild Rules */ = {
			isa = PBXShellScriptBuildPhase;
			buildActionMask = 2147483647;
			files = (
			);
			name = "CMake PostBuild Rules";
			runOnlyForDeploymentPostprocessing = 0;
			shellPath = /bin/sh;
			shellScript = "make -C /Users/mjzheng/Documents/mj_git/oc-sample/IDbg/project/ios/IDbg -f /Users/mjzheng/Documents/mj_git/oc-sample/IDbg/project/ios/IDbg/CMakeScripts/IDbg-auto_postBuildPhase.make$CONFIGURATION OBJDIR=$(basename \"$OBJECT_FILE_DIR_normal\") all";
			showEnvVarsInLog = 0;
		};
		E54D21FA82C84C638D93DFE9 /* CMake Rules */ = {
			isa = PBXShellScriptBuildPhase;
			buildActionMask = 2147483647;
			files = (
			);
			name = "CMake Rules";
			runOnlyForDeploymentPostprocessing = 0;
			shellPath = /bin/sh;
			shellScript = "make -C /Users/mjzheng/Documents/mj_git/oc-sample/IDbg/project/ios -f /Users/mjzheng/Documents/mj_git/oc-sample/IDbg/project/ios/CMakeScripts/ZERO_CHECK_cmakeRulesBuildPhase.make$CONFIGURATION OBJDIR=$(basename \"$OBJECT_FILE_DIR_normal\") all";
			showEnvVarsInLog = 0;
		};
/* End PBXShellScriptBuildPhase section */

/* Begin PBXSourcesBuildPhase section */
		EE5DFCC41AD84D5A95D08A16 /* Sources */ = {
			isa = PBXSourcesBuildPhase;
			buildActionMask = 2147483647;
			files = (
				A757C838167345C0B565B9D6 /* ks_dynamic_linker.c in Sources */,
				41E77EACF5A74BAEB172EFA6 /* mini_dump_file.cc in Sources */,
				FCF22539EDA1463BA8EDBF48 /* sys_util.cc in Sources */,
				5FC47237CB1145AEB14D5D85 /* sys_util.mm in Sources */,
				5ACF4F3353A14CC7964D70ED /* thread_cpu_info.cc in Sources */,
				BB36D6883BA14878A376F5BC /* thread_model.cc in Sources */,
			);
			runOnlyForDeploymentPostprocessing = 0;
		};
/* End PBXSourcesBuildPhase section */

/* Begin PBXTargetDependency section */
		5FE9061A7D6044F29214FE8B /* PBXTargetDependency */ = {
			isa = PBXTargetDependency;
			target = 195ADFAFD5BE49959FFB438A /* ZERO_CHECK */;
			targetProxy = 8BDEABCC8C6C4D28A23CA9D3 /* PBXContainerItemProxy */;
		};
		76E61C7FA4DC45DE90CD69A0 /* PBXTargetDependency */ = {
			isa = PBXTargetDependency;
			target = 195ADFAFD5BE49959FFB438A /* ZERO_CHECK */;
			targetProxy = 92E4C9AA1B5D412B9EB070FB /* PBXContainerItemProxy */;
		};
		9FD1B0FFDEB04277BB1DC956 /* PBXTargetDependency */ = {
			isa = PBXTargetDependency;
			target = 685757A77BA641D7BAB97AA7 /* IDbg */;
			targetProxy = 89B7C8049F2D4B0196DFDF83 /* PBXContainerItemProxy */;
		};
		AED4D25A03704651AB98410D /* PBXTargetDependency */ = {
			isa = PBXTargetDependency;
			target = 195ADFAFD5BE49959FFB438A /* ZERO_CHECK */;
			targetProxy = 159BB1BAA16646CEA6141A08 /* PBXContainerItemProxy */;
		};
/* End PBXTargetDependency section */

/* Begin XCBuildConfiguration section */
		0A24DDD1D47646569588060E /* Debug */ = {
			isa = XCBuildConfiguration;
			buildSettings = {
				COMBINE_HIDPI_IMAGES = YES;
				GCC_GENERATE_DEBUGGING_SYMBOLS = YES;
				GCC_INLINES_ARE_PRIVATE_EXTERN = NO;
				GCC_OPTIMIZATION_LEVEL = 0;
				GCC_PREPROCESSOR_DEFINITIONS = "'CMAKE_INTDIR=\"$(CONFIGURATION)$(EFFECTIVE_PLATFORM_NAME)\"'";
				GCC_SYMBOLS_PRIVATE_EXTERN = NO;
				INSTALL_PATH = "";
				OTHER_LDFLAGS = " ";
				OTHER_REZFLAGS = "";
				PRODUCT_NAME = ALL_BUILD;
				SECTORDER_FLAGS = "";
				SYMROOT = "/Users/mjzheng/Documents/mj_git/oc-sample/IDbg/project/ios";
				USE_HEADERMAP = NO;
				WARNING_CFLAGS = "$(inherited)";
			};
			name = Debug;
		};
		0AD392CCA90D4243AF1165B8 /* RelWithDebInfo */ = {
			isa = XCBuildConfiguration;
			buildSettings = {
				COMBINE_HIDPI_IMAGES = YES;
				GCC_GENERATE_DEBUGGING_SYMBOLS = YES;
				GCC_INLINES_ARE_PRIVATE_EXTERN = NO;
				GCC_OPTIMIZATION_LEVEL = 0;
				GCC_PREPROCESSOR_DEFINITIONS = "'CMAKE_INTDIR=\"$(CONFIGURATION)$(EFFECTIVE_PLATFORM_NAME)\"'";
				GCC_SYMBOLS_PRIVATE_EXTERN = NO;
				INSTALL_PATH = "";
				OTHER_LDFLAGS = " ";
				OTHER_REZFLAGS = "";
				PRODUCT_NAME = ZERO_CHECK;
				SECTORDER_FLAGS = "";
				SYMROOT = "/Users/mjzheng/Documents/mj_git/oc-sample/IDbg/project/ios";
				USE_HEADERMAP = NO;
				WARNING_CFLAGS = "$(inherited)";
			};
			name = RelWithDebInfo;
		};
		11CD761DD46F41D496A36AA7 /* RelWithDebInfo */ = {
			isa = XCBuildConfiguration;
			buildSettings = {
				ARCHS = (
					arm64,
					armv7,
					armv7s,
					i386,
					x86_64,
				);
				CODE_SIGN_IDENTITY = "iPhone Developer";
				COMBINE_HIDPI_IMAGES = YES;
				DEVELOPMENT_TEAM = 3C948DA9P6;
				"EXCLUDED_ARCHS[sdk=iphonesimulator*]" = arm64;
				EXECUTABLE_PREFIX = "";
				EXECUTABLE_SUFFIX = "";
				FRAMEWORK_VERSION = A;
				GCC_GENERATE_DEBUGGING_SYMBOLS = YES;
				GCC_INLINES_ARE_PRIVATE_EXTERN = NO;
				GCC_OPTIMIZATION_LEVEL = 2;
				GCC_PREPROCESSOR_DEFINITIONS = "'CMAKE_INTDIR=\"$(CONFIGURATION)$(EFFECTIVE_PLATFORM_NAME)\"'";
				GCC_SYMBOLS_PRIVATE_EXTERN = NO;
				HEADER_SEARCH_PATHS = "/Users/mjzheng/Documents/mj_git/oc-sample/IDbg/IDbg";
				INFOPLIST_FILE = "/Users/mjzheng/Documents/mj_git/oc-sample/IDbg/project/ios/IDbg/CMakeFiles/IDbg.dir/Info.plist";
				INSTALL_PATH = "";
				MACH_O_TYPE = staticlib;
				ONLY_ACTIVE_ARCH = NO;
				OTHER_CFLAGS = "       -DNDEBUG ";
				OTHER_CPLUSPLUSFLAGS = (
					"-DNDEBUG",
					"'-std=gnu++11'",
				);
				OTHER_LIBTOOLFLAGS = " ";
				OTHER_REZFLAGS = "";
				PRODUCT_NAME = IDbg;
				SECTORDER_FLAGS = "";
				SKIP_INSTALL = YES;
				SYMROOT = "/Users/mjzheng/Documents/mj_git/oc-sample/IDbg/project/ios/IDbg";
				USE_HEADERMAP = NO;
				WARNING_CFLAGS = "$(inherited)";
			};
			name = RelWithDebInfo;
		};
		1E619C158F744FDE8E4E009E /* Release */ = {
			isa = XCBuildConfiguration;
			buildSettings = {
				ARCHS = (
					arm64,
					armv7,
					armv7s,
					i386,
					x86_64,
				);
				BITCODE_GENERATION_MODE = bitcode;
				CLANG_ENABLE_OBJC_ARC = YES;
				CODE_SIGNING_REQUIRED = NO;
				ENABLE_BITCODE = YES;
				GCC_SYMBOLS_PRIVATE_EXTERN = YES;
				IPHONEOS_DEPLOYMENT_TARGET = 9.0;
				ONLY_ACTIVE_ARCH = NO;
				SDKROOT = /Applications/Xcode.app/Contents/Developer/Platforms/iPhoneOS.platform/Developer/SDKs/iPhoneOS14.4.sdk;
				SYMROOT = "/Users/mjzheng/Documents/mj_git/oc-sample/IDbg/project/ios/build";
			};
			name = Release;
		};
		26D951FA35154C5EB9C39BD7 /* Release */ = {
			isa = XCBuildConfiguration;
			buildSettings = {
				COMBINE_HIDPI_IMAGES = YES;
				GCC_GENERATE_DEBUGGING_SYMBOLS = YES;
				GCC_INLINES_ARE_PRIVATE_EXTERN = NO;
				GCC_OPTIMIZATION_LEVEL = 0;
				GCC_PREPROCESSOR_DEFINITIONS = "'CMAKE_INTDIR=\"$(CONFIGURATION)$(EFFECTIVE_PLATFORM_NAME)\"'";
				GCC_SYMBOLS_PRIVATE_EXTERN = NO;
				INSTALL_PATH = "";
				OTHER_LDFLAGS = " ";
				OTHER_REZFLAGS = "";
				PRODUCT_NAME = ZERO_CHECK;
				SECTORDER_FLAGS = "";
				SYMROOT = "/Users/mjzheng/Documents/mj_git/oc-sample/IDbg/project/ios";
				USE_HEADERMAP = NO;
				WARNING_CFLAGS = "$(inherited)";
			};
			name = Release;
		};
		2F91860339CA45EAB2D34259 /* Debug */ = {
			isa = XCBuildConfiguration;
			buildSettings = {
				ARCHS = (
					arm64,
					armv7,
					armv7s,
					i386,
					x86_64,
				);
				CODE_SIGN_IDENTITY = "iPhone Developer";
				COMBINE_HIDPI_IMAGES = YES;
				DEVELOPMENT_TEAM = 3C948DA9P6;
				"EXCLUDED_ARCHS[sdk=iphonesimulator*]" = arm64;
				EXECUTABLE_PREFIX = "";
				EXECUTABLE_SUFFIX = "";
				FRAMEWORK_VERSION = A;
				GCC_GENERATE_DEBUGGING_SYMBOLS = YES;
				GCC_INLINES_ARE_PRIVATE_EXTERN = NO;
				GCC_OPTIMIZATION_LEVEL = 0;
				GCC_PREPROCESSOR_DEFINITIONS = "'CMAKE_INTDIR=\"$(CONFIGURATION)$(EFFECTIVE_PLATFORM_NAME)\"'";
				GCC_SYMBOLS_PRIVATE_EXTERN = NO;
				HEADER_SEARCH_PATHS = "/Users/mjzheng/Documents/mj_git/oc-sample/IDbg/IDbg";
				INFOPLIST_FILE = "/Users/mjzheng/Documents/mj_git/oc-sample/IDbg/project/ios/IDbg/CMakeFiles/IDbg.dir/Info.plist";
				INSTALL_PATH = "";
				MACH_O_TYPE = staticlib;
				ONLY_ACTIVE_ARCH = YES;
				OTHER_CFLAGS = "   ";
				OTHER_CPLUSPLUSFLAGS = "   '-std=gnu++11' ";
				OTHER_LIBTOOLFLAGS = " ";
				OTHER_REZFLAGS = "";
				PRODUCT_NAME = IDbg;
				SECTORDER_FLAGS = "";
				SKIP_INSTALL = YES;
				SYMROOT = "/Users/mjzheng/Documents/mj_git/oc-sample/IDbg/project/ios/IDbg";
				USE_HEADERMAP = NO;
				WARNING_CFLAGS = "$(inherited)";
			};
			name = Debug;
		};
		3CF94C5463EE4495B677DABC /* Debug */ = {
			isa = XCBuildConfiguration;
			buildSettings = {
				ARCHS = (
					arm64,
					armv7,
					armv7s,
					i386,
					x86_64,
				);
				BITCODE_GENERATION_MODE = bitcode;
				CLANG_ENABLE_OBJC_ARC = YES;
				CODE_SIGNING_REQUIRED = NO;
				ENABLE_BITCODE = YES;
				GCC_SYMBOLS_PRIVATE_EXTERN = YES;
				IPHONEOS_DEPLOYMENT_TARGET = 9.0;
				ONLY_ACTIVE_ARCH = NO;
				SDKROOT = /Applications/Xcode.app/Contents/Developer/Platforms/iPhoneOS.platform/Developer/SDKs/iPhoneOS14.4.sdk;
				SYMROOT = "/Users/mjzheng/Documents/mj_git/oc-sample/IDbg/project/ios/build";
			};
			name = Debug;
		};
		4F2FC5D3B1A84CB6A0CE9FCD /* RelWithDebInfo */ = {
			isa = XCBuildConfiguration;
			buildSettings = {
				COMBINE_HIDPI_IMAGES = YES;
				GCC_GENERATE_DEBUGGING_SYMBOLS = YES;
				GCC_INLINES_ARE_PRIVATE_EXTERN = NO;
				GCC_OPTIMIZATION_LEVEL = 0;
				GCC_PREPROCESSOR_DEFINITIONS = "'CMAKE_INTDIR=\"$(CONFIGURATION)$(EFFECTIVE_PLATFORM_NAME)\"'";
				GCC_SYMBOLS_PRIVATE_EXTERN = NO;
				INSTALL_PATH = "";
				OTHER_LDFLAGS = " ";
				OTHER_REZFLAGS = "";
				PRODUCT_NAME = "IDbg-auto";
				SECTORDER_FLAGS = "";
				SYMROOT = "/Users/mjzheng/Documents/mj_git/oc-sample/IDbg/project/ios/IDbg";
				USE_HEADERMAP = NO;
				WARNING_CFLAGS = "$(inherited)";
			};
			name = RelWithDebInfo;
		};
		5835CEB544934BBC983119DD /* MinSizeRel */ = {
			isa = XCBuildConfiguration;
			buildSettings = {
				ARCHS = (
					arm64,
					armv7,
					armv7s,
					i386,
					x86_64,
				);
				BITCODE_GENERATION_MODE = bitcode;
				CLANG_ENABLE_OBJC_ARC = YES;
				CODE_SIGNING_REQUIRED = NO;
				ENABLE_BITCODE = YES;
				GCC_SYMBOLS_PRIVATE_EXTERN = YES;
				IPHONEOS_DEPLOYMENT_TARGET = 9.0;
				ONLY_ACTIVE_ARCH = NO;
				SDKROOT = /Applications/Xcode.app/Contents/Developer/Platforms/iPhoneOS.platform/Developer/SDKs/iPhoneOS14.4.sdk;
				SYMROOT = "/Users/mjzheng/Documents/mj_git/oc-sample/IDbg/project/ios/build";
			};
			name = MinSizeRel;
		};
		6F11A9BE072641BBA5760876 /* Debug */ = {
			isa = XCBuildConfiguration;
			buildSettings = {
				COMBINE_HIDPI_IMAGES = YES;
				GCC_GENERATE_DEBUGGING_SYMBOLS = YES;
				GCC_INLINES_ARE_PRIVATE_EXTERN = NO;
				GCC_OPTIMIZATION_LEVEL = 0;
				GCC_PREPROCESSOR_DEFINITIONS = "'CMAKE_INTDIR=\"$(CONFIGURATION)$(EFFECTIVE_PLATFORM_NAME)\"'";
				GCC_SYMBOLS_PRIVATE_EXTERN = NO;
				INSTALL_PATH = "";
				OTHER_LDFLAGS = " ";
				OTHER_REZFLAGS = "";
				PRODUCT_NAME = ZERO_CHECK;
				SECTORDER_FLAGS = "";
				SYMROOT = "/Users/mjzheng/Documents/mj_git/oc-sample/IDbg/project/ios";
				USE_HEADERMAP = NO;
				WARNING_CFLAGS = "$(inherited)";
			};
			name = Debug;
		};
		7124EEEFEAED4E6D9A0287C0 /* Release */ = {
			isa = XCBuildConfiguration;
			buildSettings = {
				ARCHS = (
					arm64,
					armv7,
					armv7s,
					i386,
					x86_64,
				);
				CODE_SIGN_IDENTITY = "iPhone Developer";
				COMBINE_HIDPI_IMAGES = YES;
				DEVELOPMENT_TEAM = 3C948DA9P6;
				"EXCLUDED_ARCHS[sdk=iphonesimulator*]" = arm64;
				EXECUTABLE_PREFIX = "";
				EXECUTABLE_SUFFIX = "";
				FRAMEWORK_VERSION = A;
				GCC_GENERATE_DEBUGGING_SYMBOLS = YES;
				GCC_INLINES_ARE_PRIVATE_EXTERN = NO;
				GCC_OPTIMIZATION_LEVEL = 3;
				GCC_PREPROCESSOR_DEFINITIONS = "'CMAKE_INTDIR=\"$(CONFIGURATION)$(EFFECTIVE_PLATFORM_NAME)\"'";
				GCC_SYMBOLS_PRIVATE_EXTERN = NO;
				HEADER_SEARCH_PATHS = "/Users/mjzheng/Documents/mj_git/oc-sample/IDbg/IDbg";
				INFOPLIST_FILE = "/Users/mjzheng/Documents/mj_git/oc-sample/IDbg/project/ios/IDbg/CMakeFiles/IDbg.dir/Info.plist";
				INSTALL_PATH = "";
				MACH_O_TYPE = staticlib;
				ONLY_ACTIVE_ARCH = NO;
				OTHER_CFLAGS = "    -DNDEBUG ";
				OTHER_CPLUSPLUSFLAGS = (
					"-DNDEBUG",
					"'-std=gnu++11'",
				);
				OTHER_LIBTOOLFLAGS = " ";
				OTHER_REZFLAGS = "";
				PRODUCT_NAME = IDbg;
				SECTORDER_FLAGS = "";
				SKIP_INSTALL = YES;
				SYMROOT = "/Users/mjzheng/Documents/mj_git/oc-sample/IDbg/project/ios/IDbg";
				USE_HEADERMAP = NO;
				WARNING_CFLAGS = "$(inherited)";
			};
			name = Release;
		};
		7EA8C8B534504CCA9336144B /* RelWithDebInfo */ = {
			isa = XCBuildConfiguration;
			buildSettings = {
				COMBINE_HIDPI_IMAGES = YES;
				GCC_GENERATE_DEBUGGING_SYMBOLS = YES;
				GCC_INLINES_ARE_PRIVATE_EXTERN = NO;
				GCC_OPTIMIZATION_LEVEL = 0;
				GCC_PREPROCESSOR_DEFINITIONS = "'CMAKE_INTDIR=\"$(CONFIGURATION)$(EFFECTIVE_PLATFORM_NAME)\"'";
				GCC_SYMBOLS_PRIVATE_EXTERN = NO;
				INSTALL_PATH = "";
				OTHER_LDFLAGS = " ";
				OTHER_REZFLAGS = "";
				PRODUCT_NAME = ALL_BUILD;
				SECTORDER_FLAGS = "";
				SYMROOT = "/Users/mjzheng/Documents/mj_git/oc-sample/IDbg/project/ios";
				USE_HEADERMAP = NO;
				WARNING_CFLAGS = "$(inherited)";
			};
			name = RelWithDebInfo;
		};
		902E0EEEBFC549CCBA3D0943 /* Debug */ = {
			isa = XCBuildConfiguration;
			buildSettings = {
				COMBINE_HIDPI_IMAGES = YES;
				GCC_GENERATE_DEBUGGING_SYMBOLS = YES;
				GCC_INLINES_ARE_PRIVATE_EXTERN = NO;
				GCC_OPTIMIZATION_LEVEL = 0;
				GCC_PREPROCESSOR_DEFINITIONS = "'CMAKE_INTDIR=\"$(CONFIGURATION)$(EFFECTIVE_PLATFORM_NAME)\"'";
				GCC_SYMBOLS_PRIVATE_EXTERN = NO;
				INSTALL_PATH = "";
				OTHER_LDFLAGS = " ";
				OTHER_REZFLAGS = "";
				PRODUCT_NAME = "IDbg-auto";
				SECTORDER_FLAGS = "";
				SYMROOT = "/Users/mjzheng/Documents/mj_git/oc-sample/IDbg/project/ios/IDbg";
				USE_HEADERMAP = NO;
				WARNING_CFLAGS = "$(inherited)";
			};
			name = Debug;
		};
		CD090605CC3B46B58F952025 /* MinSizeRel */ = {
			isa = XCBuildConfiguration;
			buildSettings = {
				ARCHS = (
					arm64,
					armv7,
					armv7s,
					i386,
					x86_64,
				);
				CODE_SIGN_IDENTITY = "iPhone Developer";
				COMBINE_HIDPI_IMAGES = YES;
				DEVELOPMENT_TEAM = 3C948DA9P6;
				"EXCLUDED_ARCHS[sdk=iphonesimulator*]" = arm64;
				EXECUTABLE_PREFIX = "";
				EXECUTABLE_SUFFIX = "";
				FRAMEWORK_VERSION = A;
				GCC_GENERATE_DEBUGGING_SYMBOLS = YES;
				GCC_INLINES_ARE_PRIVATE_EXTERN = NO;
				GCC_OPTIMIZATION_LEVEL = s;
				GCC_PREPROCESSOR_DEFINITIONS = "'CMAKE_INTDIR=\"$(CONFIGURATION)$(EFFECTIVE_PLATFORM_NAME)\"'";
				GCC_SYMBOLS_PRIVATE_EXTERN = NO;
				HEADER_SEARCH_PATHS = "/Users/mjzheng/Documents/mj_git/oc-sample/IDbg/IDbg";
				INFOPLIST_FILE = "/Users/mjzheng/Documents/mj_git/oc-sample/IDbg/project/ios/IDbg/CMakeFiles/IDbg.dir/Info.plist";
				INSTALL_PATH = "";
				MACH_O_TYPE = staticlib;
				ONLY_ACTIVE_ARCH = NO;
				OTHER_CFLAGS = "    -DNDEBUG ";
				OTHER_CPLUSPLUSFLAGS = (
					"-DNDEBUG",
					"'-std=gnu++11'",
				);
				OTHER_LIBTOOLFLAGS = " ";
				OTHER_REZFLAGS = "";
				PRODUCT_NAME = IDbg;
				SECTORDER_FLAGS = "";
				SKIP_INSTALL = YES;
				SYMROOT = "/Users/mjzheng/Documents/mj_git/oc-sample/IDbg/project/ios/IDbg";
				USE_HEADERMAP = NO;
				WARNING_CFLAGS = "$(inherited)";
			};
			name = MinSizeRel;
		};
		CD3C0720BDF045E38B23CE5B /* Release */ = {
			isa = XCBuildConfiguration;
			buildSettings = {
				COMBINE_HIDPI_IMAGES = YES;
				GCC_GENERATE_DEBUGGING_SYMBOLS = YES;
				GCC_INLINES_ARE_PRIVATE_EXTERN = NO;
				GCC_OPTIMIZATION_LEVEL = 0;
				GCC_PREPROCESSOR_DEFINITIONS = "'CMAKE_INTDIR=\"$(CONFIGURATION)$(EFFECTIVE_PLATFORM_NAME)\"'";
				GCC_SYMBOLS_PRIVATE_EXTERN = NO;
				INSTALL_PATH = "";
				OTHER_LDFLAGS = " ";
				OTHER_REZFLAGS = "";
				PRODUCT_NAME = "IDbg-auto";
				SECTORDER_FLAGS = "";
				SYMROOT = "/Users/mjzheng/Documents/mj_git/oc-sample/IDbg/project/ios/IDbg";
				USE_HEADERMAP = NO;
				WARNING_CFLAGS = "$(inherited)";
			};
			name = Release;
		};
		EB95F8A4E3F34C8D8097DD4B /* MinSizeRel */ = {
			isa = XCBuildConfiguration;
			buildSettings = {
				COMBINE_HIDPI_IMAGES = YES;
				GCC_GENERATE_DEBUGGING_SYMBOLS = YES;
				GCC_INLINES_ARE_PRIVATE_EXTERN = NO;
				GCC_OPTIMIZATION_LEVEL = 0;
				GCC_PREPROCESSOR_DEFINITIONS = "'CMAKE_INTDIR=\"$(CONFIGURATION)$(EFFECTIVE_PLATFORM_NAME)\"'";
				GCC_SYMBOLS_PRIVATE_EXTERN = NO;
				INSTALL_PATH = "";
				OTHER_LDFLAGS = " ";
				OTHER_REZFLAGS = "";
				PRODUCT_NAME = ALL_BUILD;
				SECTORDER_FLAGS = "";
				SYMROOT = "/Users/mjzheng/Documents/mj_git/oc-sample/IDbg/project/ios";
				USE_HEADERMAP = NO;
				WARNING_CFLAGS = "$(inherited)";
			};
			name = MinSizeRel;
		};
		F1931CCA83304713B205DE89 /* RelWithDebInfo */ = {
			isa = XCBuildConfiguration;
			buildSettings = {
				ARCHS = (
					arm64,
					armv7,
					armv7s,
					i386,
					x86_64,
				);
				BITCODE_GENERATION_MODE = bitcode;
				CLANG_ENABLE_OBJC_ARC = YES;
				CODE_SIGNING_REQUIRED = NO;
				ENABLE_BITCODE = YES;
				GCC_SYMBOLS_PRIVATE_EXTERN = YES;
				IPHONEOS_DEPLOYMENT_TARGET = 9.0;
				ONLY_ACTIVE_ARCH = NO;
				SDKROOT = /Applications/Xcode.app/Contents/Developer/Platforms/iPhoneOS.platform/Developer/SDKs/iPhoneOS14.4.sdk;
				SYMROOT = "/Users/mjzheng/Documents/mj_git/oc-sample/IDbg/project/ios/build";
			};
			name = RelWithDebInfo;
		};
		F21D73831235488CB26D3028 /* MinSizeRel */ = {
			isa = XCBuildConfiguration;
			buildSettings = {
				COMBINE_HIDPI_IMAGES = YES;
				GCC_GENERATE_DEBUGGING_SYMBOLS = YES;
				GCC_INLINES_ARE_PRIVATE_EXTERN = NO;
				GCC_OPTIMIZATION_LEVEL = 0;
				GCC_PREPROCESSOR_DEFINITIONS = "'CMAKE_INTDIR=\"$(CONFIGURATION)$(EFFECTIVE_PLATFORM_NAME)\"'";
				GCC_SYMBOLS_PRIVATE_EXTERN = NO;
				INSTALL_PATH = "";
				OTHER_LDFLAGS = " ";
				OTHER_REZFLAGS = "";
				PRODUCT_NAME = "IDbg-auto";
				SECTORDER_FLAGS = "";
				SYMROOT = "/Users/mjzheng/Documents/mj_git/oc-sample/IDbg/project/ios/IDbg";
				USE_HEADERMAP = NO;
				WARNING_CFLAGS = "$(inherited)";
			};
			name = MinSizeRel;
		};
		F8D1D7F66A5D4CE6B411746B /* Release */ = {
			isa = XCBuildConfiguration;
			buildSettings = {
				COMBINE_HIDPI_IMAGES = YES;
				GCC_GENERATE_DEBUGGING_SYMBOLS = YES;
				GCC_INLINES_ARE_PRIVATE_EXTERN = NO;
				GCC_OPTIMIZATION_LEVEL = 0;
				GCC_PREPROCESSOR_DEFINITIONS = "'CMAKE_INTDIR=\"$(CONFIGURATION)$(EFFECTIVE_PLATFORM_NAME)\"'";
				GCC_SYMBOLS_PRIVATE_EXTERN = NO;
				INSTALL_PATH = "";
				OTHER_LDFLAGS = " ";
				OTHER_REZFLAGS = "";
				PRODUCT_NAME = ALL_BUILD;
				SECTORDER_FLAGS = "";
				SYMROOT = "/Users/mjzheng/Documents/mj_git/oc-sample/IDbg/project/ios";
				USE_HEADERMAP = NO;
				WARNING_CFLAGS = "$(inherited)";
			};
			name = Release;
		};
		FD690AF337B04B0DAC05B28E /* MinSizeRel */ = {
			isa = XCBuildConfiguration;
			buildSettings = {
				COMBINE_HIDPI_IMAGES = YES;
				GCC_GENERATE_DEBUGGING_SYMBOLS = YES;
				GCC_INLINES_ARE_PRIVATE_EXTERN = NO;
				GCC_OPTIMIZATION_LEVEL = 0;
				GCC_PREPROCESSOR_DEFINITIONS = "'CMAKE_INTDIR=\"$(CONFIGURATION)$(EFFECTIVE_PLATFORM_NAME)\"'";
				GCC_SYMBOLS_PRIVATE_EXTERN = NO;
				INSTALL_PATH = "";
				OTHER_LDFLAGS = " ";
				OTHER_REZFLAGS = "";
				PRODUCT_NAME = ZERO_CHECK;
				SECTORDER_FLAGS = "";
				SYMROOT = "/Users/mjzheng/Documents/mj_git/oc-sample/IDbg/project/ios";
				USE_HEADERMAP = NO;
				WARNING_CFLAGS = "$(inherited)";
			};
			name = MinSizeRel;
		};
/* End XCBuildConfiguration section */

/* Begin XCConfigurationList section */
		59AF74E66C174EC0B770C6EC /* Build configuration list for PBXNativeTarget "IDbg" */ = {
			isa = XCConfigurationList;
			buildConfigurations = (
				2F91860339CA45EAB2D34259 /* Debug */,
				7124EEEFEAED4E6D9A0287C0 /* Release */,
				CD090605CC3B46B58F952025 /* MinSizeRel */,
				11CD761DD46F41D496A36AA7 /* RelWithDebInfo */,
			);
			defaultConfigurationIsVisible = 0;
			defaultConfigurationName = Debug;
		};
		97837A3E280344EF97AD4B2A /* Build configuration list for PBXAggregateTarget "ZERO_CHECK" */ = {
			isa = XCConfigurationList;
			buildConfigurations = (
				6F11A9BE072641BBA5760876 /* Debug */,
				26D951FA35154C5EB9C39BD7 /* Release */,
				FD690AF337B04B0DAC05B28E /* MinSizeRel */,
				0AD392CCA90D4243AF1165B8 /* RelWithDebInfo */,
			);
			defaultConfigurationIsVisible = 0;
			defaultConfigurationName = Debug;
		};
		A88063FA53C34143B67DA945 /* Build configuration list for PBXProject "IDbg" */ = {
			isa = XCConfigurationList;
			buildConfigurations = (
				3CF94C5463EE4495B677DABC /* Debug */,
				1E619C158F744FDE8E4E009E /* Release */,
				5835CEB544934BBC983119DD /* MinSizeRel */,
				F1931CCA83304713B205DE89 /* RelWithDebInfo */,
			);
			defaultConfigurationIsVisible = 0;
			defaultConfigurationName = Debug;
		};
		ACD9AD8497A34748AFB4C317 /* Build configuration list for PBXAggregateTarget "IDbg-auto" */ = {
			isa = XCConfigurationList;
			buildConfigurations = (
				902E0EEEBFC549CCBA3D0943 /* Debug */,
				CD3C0720BDF045E38B23CE5B /* Release */,
				F21D73831235488CB26D3028 /* MinSizeRel */,
				4F2FC5D3B1A84CB6A0CE9FCD /* RelWithDebInfo */,
			);
			defaultConfigurationIsVisible = 0;
			defaultConfigurationName = Debug;
		};
		B78480EB26974C8BAC07ED3C /* Build configuration list for PBXAggregateTarget "ALL_BUILD" */ = {
			isa = XCConfigurationList;
			buildConfigurations = (
				0A24DDD1D47646569588060E /* Debug */,
				F8D1D7F66A5D4CE6B411746B /* Release */,
				EB95F8A4E3F34C8D8097DD4B /* MinSizeRel */,
				7EA8C8B534504CCA9336144B /* RelWithDebInfo */,
			);
			defaultConfigurationIsVisible = 0;
			defaultConfigurationName = Debug;
		};
/* End XCConfigurationList section */
	};
	rootObject = 1D30E5D845894330958071FD /* Project object */;
}
